
Microsoft Visual Studio Solution File, Format Version 12.00
# Visual Studio 15
Project("{2150E333-8FDC-42A3-9474-1A3956D46DE8}") = "CMakePredefinedTargets", "CMakePredefinedTargets", "{1334051C-0833-302F-8456-9C7358860897}"
EndProject
Project("{2150E333-8FDC-42A3-9474-1A3956D46DE8}") = "PhysX SDK", "PhysX SDK", "{03D1B547-E60B-3E46-BB57-D2D432BFA98D}"
EndProject
Project("{2150E333-8FDC-42A3-9474-1A3956D46DE8}") = "Snippets", "Snippets", "{9412828F-1EF9-3152-A9F8-3AA13836A621}"
EndProject
Project("{8BC9CEB8-8B4A-11D0-8D11-00A0C91BC942}") = "ALL_BUILD", "ALL_BUILD.vcxproj", "{0598921D-17E5-3B5E-A69B-22396B87B8A0}"
	ProjectSection(ProjectDependencies) = postProject
		{C8E111C5-E24C-36CB-8999-5B34F44B4790} = {C8E111C5-E24C-36CB-8999-5B34F44B4790}
		{70D70CC3-CCC9-3C29-A60C-88E53B952EF6} = {70D70CC3-CCC9-3C29-A60C-88E53B952EF6}
		{098772B9-71AD-3C46-8EBF-4E040C29B67E} = {098772B9-71AD-3C46-8EBF-4E040C29B67E}
		{9AD1E7DD-9E08-3942-AD6F-F78490787807} = {9AD1E7DD-9E08-3942-AD6F-F78490787807}
		{09F6B078-A37D-311B-85C0-71FB3142741C} = {09F6B078-A37D-311B-85C0-71FB3142741C}
		{8F4EB8C5-F39E-3376-B0A4-371C8A88C661} = {8F4EB8C5-F39E-3376-B0A4-371C8A88C661}
		{ED34B680-FC95-3397-9FEC-BCD7EFFDD1DB} = {ED34B680-FC95-3397-9FEC-BCD7EFFDD1DB}
		{1E59325A-C90B-323B-AE7F-CE3CC2AD9940} = {1E59325A-C90B-323B-AE7F-CE3CC2AD9940}
		{9C0842A8-488F-33B7-A8E4-C0A4B4185B40} = {9C0842A8-488F-33B7-A8E4-C0A4B4185B40}
		{B73D3117-9A46-3703-B668-B2C8DDA0F058} = {B73D3117-9A46-3703-B668-B2C8DDA0F058}
		{034BBA47-4935-37D9-8726-E74ECFBD8A2D} = {034BBA47-4935-37D9-8726-E74ECFBD8A2D}
		{BED9E304-DB85-3A74-BDCD-0BF8D78CAFAC} = {BED9E304-DB85-3A74-BDCD-0BF8D78CAFAC}
		{D96C11E8-8CD2-3C45-A22E-E8E1DD8442AA} = {D96C11E8-8CD2-3C45-A22E-E8E1DD8442AA}
		{4F777D25-94C6-3EB7-A29F-1B442D70E857} = {4F777D25-94C6-3EB7-A29F-1B442D70E857}
		{0E5088B0-27CD-3953-A61E-1E6F311140CE} = {0E5088B0-27CD-3953-A61E-1E6F311140CE}
		{FFD220E5-9252-370F-8A8E-F08077FE911F} = {FFD220E5-9252-370F-8A8E-F08077FE911F}
		{AD1BAF39-6E48-3EDB-B146-65DEDDEC539D} = {AD1BAF39-6E48-3EDB-B146-65DEDDEC539D}
		{1CE0D247-92BC-3D24-BC39-647D613AFDFF} = {1CE0D247-92BC-3D24-BC39-647D613AFDFF}
		{711A8214-F8FC-30A0-A23B-9CA529408F5D} = {711A8214-F8FC-30A0-A23B-9CA529408F5D}
		{2A82E155-94D2-321F-BC34-E4F0C9AE1BA4} = {2A82E155-94D2-321F-BC34-E4F0C9AE1BA4}
		{69D47186-DFFA-3F52-A080-4D86046873A3} = {69D47186-DFFA-3F52-A080-4D86046873A3}
		{02D9B568-5974-3D27-93DD-5C7262F5A7A3} = {02D9B568-5974-3D27-93DD-5C7262F5A7A3}
		{5D0745F9-9B6C-3EDE-B6BB-780B270AA6E9} = {5D0745F9-9B6C-3EDE-B6BB-780B270AA6E9}
		{F8FD67E5-FF4F-3FC7-9578-A5F9A8E16929} = {F8FD67E5-FF4F-3FC7-9578-A5F9A8E16929}
		{13C25955-C907-3347-968C-E0211333EBA1} = {13C25955-C907-3347-968C-E0211333EBA1}
		{CDFA6351-0C4D-3471-A740-AB7C08F24890} = {CDFA6351-0C4D-3471-A740-AB7C08F24890}
		{85C0621D-0EC1-330A-88C8-720827C3269A} = {85C0621D-0EC1-330A-88C8-720827C3269A}
		{0A3537F2-BE14-3DAD-A5B2-E78E4D906F4C} = {0A3537F2-BE14-3DAD-A5B2-E78E4D906F4C}
		{B2E05224-0A29-380C-946F-07DAEBC1C403} = {B2E05224-0A29-380C-946F-07DAEBC1C403}
		{84755729-7489-31AE-A196-272A40298D47} = {84755729-7489-31AE-A196-272A40298D47}
		{CAB0793E-A5B1-3EFE-A710-E1431EB1ED09} = {CAB0793E-A5B1-3EFE-A710-E1431EB1ED09}
		{D3F127D3-1804-3590-9014-498B990CD701} = {D3F127D3-1804-3590-9014-498B990CD701}
		{85C262D0-5205-3C08-B5DF-8A36EDB33BF4} = {85C262D0-5205-3C08-B5DF-8A36EDB33BF4}
		{E60537F2-1B23-31CC-88E7-A13D8387802D} = {E60537F2-1B23-31CC-88E7-A13D8387802D}
		{B913AD6D-137C-35A2-A0DE-D1550A937C56} = {B913AD6D-137C-35A2-A0DE-D1550A937C56}
		{0D1A43CF-ECBB-35E1-B5EB-EA9FAD9BB774} = {0D1A43CF-ECBB-35E1-B5EB-EA9FAD9BB774}
		{CDBEF4C7-D392-31D5-B418-0DAD3BEEFE9B} = {CDBEF4C7-D392-31D5-B418-0DAD3BEEFE9B}
	EndProjectSection
EndProject
Project("{8BC9CEB8-8B4A-11D0-8D11-00A0C91BC942}") = "FastXml", "..\sdk_source_bin\FastXml.vcxproj", "{77783ADA-8E13-384F-8B54-644B515F20B7}"
	ProjectSection(ProjectDependencies) = postProject
		{CDBEF4C7-D392-31D5-B418-0DAD3BEEFE9B} = {CDBEF4C7-D392-31D5-B418-0DAD3BEEFE9B}
	EndProjectSection
EndProject
Project("{8BC9CEB8-8B4A-11D0-8D11-00A0C91BC942}") = "INSTALL", "INSTALL.vcxproj", "{5161B0B2-C440-3216-88E7-50CA4D8C31E1}"
	ProjectSection(ProjectDependencies) = postProject
		{0598921D-17E5-3B5E-A69B-22396B87B8A0} = {0598921D-17E5-3B5E-A69B-22396B87B8A0}
		{CDBEF4C7-D392-31D5-B418-0DAD3BEEFE9B} = {CDBEF4C7-D392-31D5-B418-0DAD3BEEFE9B}
	EndProjectSection
EndProject
Project("{8BC9CEB8-8B4A-11D0-8D11-00A0C91BC942}") = "LowLevel", "..\sdk_source_bin\LowLevel.vcxproj", "{31955868-97C9-3963-B7BD-E352F4DE2DDE}"
	ProjectSection(ProjectDependencies) = postProject
		{CDBEF4C7-D392-31D5-B418-0DAD3BEEFE9B} = {CDBEF4C7-D392-31D5-B418-0DAD3BEEFE9B}
	EndProjectSection
EndProject
Project("{8BC9CEB8-8B4A-11D0-8D11-00A0C91BC942}") = "LowLevelAABB", "..\sdk_source_bin\LowLevelAABB.vcxproj", "{91FAA62B-B89C-3251-988E-8C53F36C2B58}"
	ProjectSection(ProjectDependencies) = postProject
		{CDBEF4C7-D392-31D5-B418-0DAD3BEEFE9B} = {CDBEF4C7-D392-31D5-B418-0DAD3BEEFE9B}
	EndProjectSection
EndProject
Project("{8BC9CEB8-8B4A-11D0-8D11-00A0C91BC942}") = "LowLevelDynamics", "..\sdk_source_bin\LowLevelDynamics.vcxproj", "{71983EEC-09A4-3F4E-8131-8D66D91D26C7}"
	ProjectSection(ProjectDependencies) = postProject
		{CDBEF4C7-D392-31D5-B418-0DAD3BEEFE9B} = {CDBEF4C7-D392-31D5-B418-0DAD3BEEFE9B}
	EndProjectSection
EndProject
Project("{8BC9CEB8-8B4A-11D0-8D11-00A0C91BC942}") = "PhysX", "..\sdk_source_bin\PhysX.vcxproj", "{19ACF458-20E8-38AC-9710-C1CB765ABC83}"
	ProjectSection(ProjectDependencies) = postProject
		{31955868-97C9-3963-B7BD-E352F4DE2DDE} = {31955868-97C9-3963-B7BD-E352F4DE2DDE}
		{91FAA62B-B89C-3251-988E-8C53F36C2B58} = {91FAA62B-B89C-3251-988E-8C53F36C2B58}
		{71983EEC-09A4-3F4E-8131-8D66D91D26C7} = {71983EEC-09A4-3F4E-8131-8D66D91D26C7}
		{475754B0-995A-3714-A2C2-34D7D8FB4FEF} = {475754B0-995A-3714-A2C2-34D7D8FB4FEF}
		{B71010BC-C64A-3B8E-BD37-1E540FA2E7AB} = {B71010BC-C64A-3B8E-BD37-1E540FA2E7AB}
		{A299535C-269A-3190-968A-E1961C257385} = {A299535C-269A-3190-968A-E1961C257385}
		{B2E6B832-C877-37D8-AA58-0C5058DD6216} = {B2E6B832-C877-37D8-AA58-0C5058DD6216}
		{65719435-CD89-36DD-890D-296510746B15} = {65719435-CD89-36DD-890D-296510746B15}
		{45312D07-0AC4-36AA-A7E4-77D8150FAEBE} = {45312D07-0AC4-36AA-A7E4-77D8150FAEBE}
		{CDBEF4C7-D392-31D5-B418-0DAD3BEEFE9B} = {CDBEF4C7-D392-31D5-B418-0DAD3BEEFE9B}
	EndProjectSection
EndProject
Project("{8BC9CEB8-8B4A-11D0-8D11-00A0C91BC942}") = "PhysXCharacterKinematic", "..\sdk_source_bin\PhysXCharacterKinematic.vcxproj", "{103D2358-3096-3451-A2FA-C1AA39E12C16}"
	ProjectSection(ProjectDependencies) = postProject
		{B71010BC-C64A-3B8E-BD37-1E540FA2E7AB} = {B71010BC-C64A-3B8E-BD37-1E540FA2E7AB}
		{CDBEF4C7-D392-31D5-B418-0DAD3BEEFE9B} = {CDBEF4C7-D392-31D5-B418-0DAD3BEEFE9B}
	EndProjectSection
EndProject
Project("{8BC9CEB8-8B4A-11D0-8D11-00A0C91BC942}") = "PhysXCommon", "..\sdk_source_bin\PhysXCommon.vcxproj", "{475754B0-995A-3714-A2C2-34D7D8FB4FEF}"
	ProjectSection(ProjectDependencies) = postProject
		{B71010BC-C64A-3B8E-BD37-1E540FA2E7AB} = {B71010BC-C64A-3B8E-BD37-1E540FA2E7AB}
		{CDBEF4C7-D392-31D5-B418-0DAD3BEEFE9B} = {CDBEF4C7-D392-31D5-B418-0DAD3BEEFE9B}
	EndProjectSection
EndProject
Project("{8BC9CEB8-8B4A-11D0-8D11-00A0C91BC942}") = "PhysXCooking", "..\sdk_source_bin\PhysXCooking.vcxproj", "{2B7FAE6D-1A1A-3896-AC92-44167C7385E4}"
	ProjectSection(ProjectDependencies) = postProject
		{475754B0-995A-3714-A2C2-34D7D8FB4FEF} = {475754B0-995A-3714-A2C2-34D7D8FB4FEF}
		{B71010BC-C64A-3B8E-BD37-1E540FA2E7AB} = {B71010BC-C64A-3B8E-BD37-1E540FA2E7AB}
		{CDBEF4C7-D392-31D5-B418-0DAD3BEEFE9B} = {CDBEF4C7-D392-31D5-B418-0DAD3BEEFE9B}
	EndProjectSection
EndProject
Project("{8BC9CEB8-8B4A-11D0-8D11-00A0C91BC942}") = "PhysXExtensions", "..\sdk_source_bin\PhysXExtensions.vcxproj", "{77A51F7E-D1D7-3E1F-AA8F-2A54B2A49EE1}"
	ProjectSection(ProjectDependencies) = postProject
		{77783ADA-8E13-384F-8B54-644B515F20B7} = {77783ADA-8E13-384F-8B54-644B515F20B7}
		{19ACF458-20E8-38AC-9710-C1CB765ABC83} = {19ACF458-20E8-38AC-9710-C1CB765ABC83}
		{B71010BC-C64A-3B8E-BD37-1E540FA2E7AB} = {B71010BC-C64A-3B8E-BD37-1E540FA2E7AB}
		{A299535C-269A-3190-968A-E1961C257385} = {A299535C-269A-3190-968A-E1961C257385}
		{CDBEF4C7-D392-31D5-B418-0DAD3BEEFE9B} = {CDBEF4C7-D392-31D5-B418-0DAD3BEEFE9B}
	EndProjectSection
EndProject
Project("{8BC9CEB8-8B4A-11D0-8D11-00A0C91BC942}") = "PhysXFoundation", "..\sdk_source_bin\PhysXFoundation.vcxproj", "{B71010BC-C64A-3B8E-BD37-1E540FA2E7AB}"
	ProjectSection(ProjectDependencies) = postProject
		{CDBEF4C7-D392-31D5-B418-0DAD3BEEFE9B} = {CDBEF4C7-D392-31D5-B418-0DAD3BEEFE9B}
	EndProjectSection
EndProject
Project("{8BC9CEB8-8B4A-11D0-8D11-00A0C91BC942}") = "PhysXPvdSDK", "..\sdk_source_bin\PhysXPvdSDK.vcxproj", "{A299535C-269A-3190-968A-E1961C257385}"
	ProjectSection(ProjectDependencies) = postProject
		{B71010BC-C64A-3B8E-BD37-1E540FA2E7AB} = {B71010BC-C64A-3B8E-BD37-1E540FA2E7AB}
		{CDBEF4C7-D392-31D5-B418-0DAD3BEEFE9B} = {CDBEF4C7-D392-31D5-B418-0DAD3BEEFE9B}
	EndProjectSection
EndProject
Project("{8BC9CEB8-8B4A-11D0-8D11-00A0C91BC942}") = "PhysXTask", "..\sdk_source_bin\PhysXTask.vcxproj", "{B2E6B832-C877-37D8-AA58-0C5058DD6216}"
	ProjectSection(ProjectDependencies) = postProject
		{CDBEF4C7-D392-31D5-B418-0DAD3BEEFE9B} = {CDBEF4C7-D392-31D5-B418-0DAD3BEEFE9B}
	EndProjectSection
EndProject
Project("{8BC9CEB8-8B4A-11D0-8D11-00A0C91BC942}") = "PhysXVehicle", "..\sdk_source_bin\PhysXVehicle.vcxproj", "{837691E2-5332-35C5-8451-D4CE98F4E7A9}"
	ProjectSection(ProjectDependencies) = postProject
		{B71010BC-C64A-3B8E-BD37-1E540FA2E7AB} = {B71010BC-C64A-3B8E-BD37-1E540FA2E7AB}
		{A299535C-269A-3190-968A-E1961C257385} = {A299535C-269A-3190-968A-E1961C257385}
		{CDBEF4C7-D392-31D5-B418-0DAD3BEEFE9B} = {CDBEF4C7-D392-31D5-B418-0DAD3BEEFE9B}
	EndProjectSection
EndProject
Project("{8BC9CEB8-8B4A-11D0-8D11-00A0C91BC942}") = "SceneQuery", "..\sdk_source_bin\SceneQuery.vcxproj", "{65719435-CD89-36DD-890D-296510746B15}"
	ProjectSection(ProjectDependencies) = postProject
		{CDBEF4C7-D392-31D5-B418-0DAD3BEEFE9B} = {CDBEF4C7-D392-31D5-B418-0DAD3BEEFE9B}
	EndProjectSection
EndProject
Project("{8BC9CEB8-8B4A-11D0-8D11-00A0C91BC942}") = "SimulationController", "..\sdk_source_bin\SimulationController.vcxproj", "{45312D07-0AC4-36AA-A7E4-77D8150FAEBE}"
	ProjectSection(ProjectDependencies) = postProject
		{CDBEF4C7-D392-31D5-B418-0DAD3BEEFE9B} = {CDBEF4C7-D392-31D5-B418-0DAD3BEEFE9B}
	EndProjectSection
EndProject
Project("{8BC9CEB8-8B4A-11D0-8D11-00A0C91BC942}") = "SnippetArticulation", "SnippetArticulation.vcxproj", "{C8E111C5-E24C-36CB-8999-5B34F44B4790}"
	ProjectSection(ProjectDependencies) = postProject
		{19ACF458-20E8-38AC-9710-C1CB765ABC83} = {19ACF458-20E8-38AC-9710-C1CB765ABC83}
		{103D2358-3096-3451-A2FA-C1AA39E12C16} = {103D2358-3096-3451-A2FA-C1AA39E12C16}
		{475754B0-995A-3714-A2C2-34D7D8FB4FEF} = {475754B0-995A-3714-A2C2-34D7D8FB4FEF}
		{2B7FAE6D-1A1A-3896-AC92-44167C7385E4} = {2B7FAE6D-1A1A-3896-AC92-44167C7385E4}
		{77A51F7E-D1D7-3E1F-AA8F-2A54B2A49EE1} = {77A51F7E-D1D7-3E1F-AA8F-2A54B2A49EE1}
		{B71010BC-C64A-3B8E-BD37-1E540FA2E7AB} = {B71010BC-C64A-3B8E-BD37-1E540FA2E7AB}
		{A299535C-269A-3190-968A-E1961C257385} = {A299535C-269A-3190-968A-E1961C257385}
		{837691E2-5332-35C5-8451-D4CE98F4E7A9} = {837691E2-5332-35C5-8451-D4CE98F4E7A9}
		{5D0745F9-9B6C-3EDE-B6BB-780B270AA6E9} = {5D0745F9-9B6C-3EDE-B6BB-780B270AA6E9}
		{84755729-7489-31AE-A196-272A40298D47} = {84755729-7489-31AE-A196-272A40298D47}
		{CDBEF4C7-D392-31D5-B418-0DAD3BEEFE9B} = {CDBEF4C7-D392-31D5-B418-0DAD3BEEFE9B}
	EndProjectSection
EndProject
Project("{8BC9CEB8-8B4A-11D0-8D11-00A0C91BC942}") = "SnippetBVHStructure", "SnippetBVHStructure.vcxproj", "{70D70CC3-CCC9-3C29-A60C-88E53B952EF6}"
	ProjectSection(ProjectDependencies) = postProject
		{19ACF458-20E8-38AC-9710-C1CB765ABC83} = {19ACF458-20E8-38AC-9710-C1CB765ABC83}
		{103D2358-3096-3451-A2FA-C1AA39E12C16} = {103D2358-3096-3451-A2FA-C1AA39E12C16}
		{475754B0-995A-3714-A2C2-34D7D8FB4FEF} = {475754B0-995A-3714-A2C2-34D7D8FB4FEF}
		{2B7FAE6D-1A1A-3896-AC92-44167C7385E4} = {2B7FAE6D-1A1A-3896-AC92-44167C7385E4}
		{77A51F7E-D1D7-3E1F-AA8F-2A54B2A49EE1} = {77A51F7E-D1D7-3E1F-AA8F-2A54B2A49EE1}
		{B71010BC-C64A-3B8E-BD37-1E540FA2E7AB} = {B71010BC-C64A-3B8E-BD37-1E540FA2E7AB}
		{A299535C-269A-3190-968A-E1961C257385} = {A299535C-269A-3190-968A-E1961C257385}
		{837691E2-5332-35C5-8451-D4CE98F4E7A9} = {837691E2-5332-35C5-8451-D4CE98F4E7A9}
		{5D0745F9-9B6C-3EDE-B6BB-780B270AA6E9} = {5D0745F9-9B6C-3EDE-B6BB-780B270AA6E9}
		{84755729-7489-31AE-A196-272A40298D47} = {84755729-7489-31AE-A196-272A40298D47}
		{CDBEF4C7-D392-31D5-B418-0DAD3BEEFE9B} = {CDBEF4C7-D392-31D5-B418-0DAD3BEEFE9B}
	EndProjectSection
EndProject
Project("{8BC9CEB8-8B4A-11D0-8D11-00A0C91BC942}") = "SnippetContactModification", "SnippetContactModification.vcxproj", "{098772B9-71AD-3C46-8EBF-4E040C29B67E}"
	ProjectSection(ProjectDependencies) = postProject
		{19ACF458-20E8-38AC-9710-C1CB765ABC83} = {19ACF458-20E8-38AC-9710-C1CB765ABC83}
		{103D2358-3096-3451-A2FA-C1AA39E12C16} = {103D2358-3096-3451-A2FA-C1AA39E12C16}
		{475754B0-995A-3714-A2C2-34D7D8FB4FEF} = {475754B0-995A-3714-A2C2-34D7D8FB4FEF}
		{2B7FAE6D-1A1A-3896-AC92-44167C7385E4} = {2B7FAE6D-1A1A-3896-AC92-44167C7385E4}
		{77A51F7E-D1D7-3E1F-AA8F-2A54B2A49EE1} = {77A51F7E-D1D7-3E1F-AA8F-2A54B2A49EE1}
		{B71010BC-C64A-3B8E-BD37-1E540FA2E7AB} = {B71010BC-C64A-3B8E-BD37-1E540FA2E7AB}
		{A299535C-269A-3190-968A-E1961C257385} = {A299535C-269A-3190-968A-E1961C257385}
		{837691E2-5332-35C5-8451-D4CE98F4E7A9} = {837691E2-5332-35C5-8451-D4CE98F4E7A9}
		{5D0745F9-9B6C-3EDE-B6BB-780B270AA6E9} = {5D0745F9-9B6C-3EDE-B6BB-780B270AA6E9}
		{84755729-7489-31AE-A196-272A40298D47} = {84755729-7489-31AE-A196-272A40298D47}
		{CDBEF4C7-D392-31D5-B418-0DAD3BEEFE9B} = {CDBEF4C7-D392-31D5-B418-0DAD3BEEFE9B}
	EndProjectSection
EndProject
Project("{8BC9CEB8-8B4A-11D0-8D11-00A0C91BC942}") = "SnippetContactReport", "SnippetContactReport.vcxproj", "{9AD1E7DD-9E08-3942-AD6F-F78490787807}"
	ProjectSection(ProjectDependencies) = postProject
		{19ACF458-20E8-38AC-9710-C1CB765ABC83} = {19ACF458-20E8-38AC-9710-C1CB765ABC83}
		{103D2358-3096-3451-A2FA-C1AA39E12C16} = {103D2358-3096-3451-A2FA-C1AA39E12C16}
		{475754B0-995A-3714-A2C2-34D7D8FB4FEF} = {475754B0-995A-3714-A2C2-34D7D8FB4FEF}
		{2B7FAE6D-1A1A-3896-AC92-44167C7385E4} = {2B7FAE6D-1A1A-3896-AC92-44167C7385E4}
		{77A51F7E-D1D7-3E1F-AA8F-2A54B2A49EE1} = {77A51F7E-D1D7-3E1F-AA8F-2A54B2A49EE1}
		{B71010BC-C64A-3B8E-BD37-1E540FA2E7AB} = {B71010BC-C64A-3B8E-BD37-1E540FA2E7AB}
		{A299535C-269A-3190-968A-E1961C257385} = {A299535C-269A-3190-968A-E1961C257385}
		{837691E2-5332-35C5-8451-D4CE98F4E7A9} = {837691E2-5332-35C5-8451-D4CE98F4E7A9}
		{5D0745F9-9B6C-3EDE-B6BB-780B270AA6E9} = {5D0745F9-9B6C-3EDE-B6BB-780B270AA6E9}
		{84755729-7489-31AE-A196-272A40298D47} = {84755729-7489-31AE-A196-272A40298D47}
		{CDBEF4C7-D392-31D5-B418-0DAD3BEEFE9B} = {CDBEF4C7-D392-31D5-B418-0DAD3BEEFE9B}
	EndProjectSection
EndProject
Project("{8BC9CEB8-8B4A-11D0-8D11-00A0C91BC942}") = "SnippetContactReportCCD", "SnippetContactReportCCD.vcxproj", "{09F6B078-A37D-311B-85C0-71FB3142741C}"
	ProjectSection(ProjectDependencies) = postProject
		{19ACF458-20E8-38AC-9710-C1CB765ABC83} = {19ACF458-20E8-38AC-9710-C1CB765ABC83}
		{103D2358-3096-3451-A2FA-C1AA39E12C16} = {103D2358-3096-3451-A2FA-C1AA39E12C16}
		{475754B0-995A-3714-A2C2-34D7D8FB4FEF} = {475754B0-995A-3714-A2C2-34D7D8FB4FEF}
		{2B7FAE6D-1A1A-3896-AC92-44167C7385E4} = {2B7FAE6D-1A1A-3896-AC92-44167C7385E4}
		{77A51F7E-D1D7-3E1F-AA8F-2A54B2A49EE1} = {77A51F7E-D1D7-3E1F-AA8F-2A54B2A49EE1}
		{B71010BC-C64A-3B8E-BD37-1E540FA2E7AB} = {B71010BC-C64A-3B8E-BD37-1E540FA2E7AB}
		{A299535C-269A-3190-968A-E1961C257385} = {A299535C-269A-3190-968A-E1961C257385}
		{837691E2-5332-35C5-8451-D4CE98F4E7A9} = {837691E2-5332-35C5-8451-D4CE98F4E7A9}
		{5D0745F9-9B6C-3EDE-B6BB-780B270AA6E9} = {5D0745F9-9B6C-3EDE-B6BB-780B270AA6E9}
		{84755729-7489-31AE-A196-272A40298D47} = {84755729-7489-31AE-A196-272A40298D47}
		{CDBEF4C7-D392-31D5-B418-0DAD3BEEFE9B} = {CDBEF4C7-D392-31D5-B418-0DAD3BEEFE9B}
	EndProjectSection
EndProject
Project("{8BC9CEB8-8B4A-11D0-8D11-00A0C91BC942}") = "SnippetConvert", "SnippetConvert.vcxproj", "{8F4EB8C5-F39E-3376-B0A4-371C8A88C661}"
	ProjectSection(ProjectDependencies) = postProject
		{19ACF458-20E8-38AC-9710-C1CB765ABC83} = {19ACF458-20E8-38AC-9710-C1CB765ABC83}
		{103D2358-3096-3451-A2FA-C1AA39E12C16} = {103D2358-3096-3451-A2FA-C1AA39E12C16}
		{475754B0-995A-3714-A2C2-34D7D8FB4FEF} = {475754B0-995A-3714-A2C2-34D7D8FB4FEF}
		{2B7FAE6D-1A1A-3896-AC92-44167C7385E4} = {2B7FAE6D-1A1A-3896-AC92-44167C7385E4}
		{77A51F7E-D1D7-3E1F-AA8F-2A54B2A49EE1} = {77A51F7E-D1D7-3E1F-AA8F-2A54B2A49EE1}
		{B71010BC-C64A-3B8E-BD37-1E540FA2E7AB} = {B71010BC-C64A-3B8E-BD37-1E540FA2E7AB}
		{A299535C-269A-3190-968A-E1961C257385} = {A299535C-269A-3190-968A-E1961C257385}
		{837691E2-5332-35C5-8451-D4CE98F4E7A9} = {837691E2-5332-35C5-8451-D4CE98F4E7A9}
		{5D0745F9-9B6C-3EDE-B6BB-780B270AA6E9} = {5D0745F9-9B6C-3EDE-B6BB-780B270AA6E9}
		{84755729-7489-31AE-A196-272A40298D47} = {84755729-7489-31AE-A196-272A40298D47}
		{CDBEF4C7-D392-31D5-B418-0DAD3BEEFE9B} = {CDBEF4C7-D392-31D5-B418-0DAD3BEEFE9B}
	EndProjectSection
EndProject
Project("{8BC9CEB8-8B4A-11D0-8D11-00A0C91BC942}") = "SnippetConvexMeshCreate", "SnippetConvexMeshCreate.vcxproj", "{ED34B680-FC95-3397-9FEC-BCD7EFFDD1DB}"
	ProjectSection(ProjectDependencies) = postProject
		{19ACF458-20E8-38AC-9710-C1CB765ABC83} = {19ACF458-20E8-38AC-9710-C1CB765ABC83}
		{103D2358-3096-3451-A2FA-C1AA39E12C16} = {103D2358-3096-3451-A2FA-C1AA39E12C16}
		{475754B0-995A-3714-A2C2-34D7D8FB4FEF} = {475754B0-995A-3714-A2C2-34D7D8FB4FEF}
		{2B7FAE6D-1A1A-3896-AC92-44167C7385E4} = {2B7FAE6D-1A1A-3896-AC92-44167C7385E4}
		{77A51F7E-D1D7-3E1F-AA8F-2A54B2A49EE1} = {77A51F7E-D1D7-3E1F-AA8F-2A54B2A49EE1}
		{B71010BC-C64A-3B8E-BD37-1E540FA2E7AB} = {B71010BC-C64A-3B8E-BD37-1E540FA2E7AB}
		{A299535C-269A-3190-968A-E1961C257385} = {A299535C-269A-3190-968A-E1961C257385}
		{837691E2-5332-35C5-8451-D4CE98F4E7A9} = {837691E2-5332-35C5-8451-D4CE98F4E7A9}
		{5D0745F9-9B6C-3EDE-B6BB-780B270AA6E9} = {5D0745F9-9B6C-3EDE-B6BB-780B270AA6E9}
		{84755729-7489-31AE-A196-272A40298D47} = {84755729-7489-31AE-A196-272A40298D47}
		{CDBEF4C7-D392-31D5-B418-0DAD3BEEFE9B} = {CDBEF4C7-D392-31D5-B418-0DAD3BEEFE9B}
	EndProjectSection
EndProject
Project("{8BC9CEB8-8B4A-11D0-8D11-00A0C91BC942}") = "SnippetCustomJoint", "SnippetCustomJoint.vcxproj", "{1E59325A-C90B-323B-AE7F-CE3CC2AD9940}"
	ProjectSection(ProjectDependencies) = postProject
		{19ACF458-20E8-38AC-9710-C1CB765ABC83} = {19ACF458-20E8-38AC-9710-C1CB765ABC83}
		{103D2358-3096-3451-A2FA-C1AA39E12C16} = {103D2358-3096-3451-A2FA-C1AA39E12C16}
		{475754B0-995A-3714-A2C2-34D7D8FB4FEF} = {475754B0-995A-3714-A2C2-34D7D8FB4FEF}
		{2B7FAE6D-1A1A-3896-AC92-44167C7385E4} = {2B7FAE6D-1A1A-3896-AC92-44167C7385E4}
		{77A51F7E-D1D7-3E1F-AA8F-2A54B2A49EE1} = {77A51F7E-D1D7-3E1F-AA8F-2A54B2A49EE1}
		{B71010BC-C64A-3B8E-BD37-1E540FA2E7AB} = {B71010BC-C64A-3B8E-BD37-1E540FA2E7AB}
		{A299535C-269A-3190-968A-E1961C257385} = {A299535C-269A-3190-968A-E1961C257385}
		{837691E2-5332-35C5-8451-D4CE98F4E7A9} = {837691E2-5332-35C5-8451-D4CE98F4E7A9}
		{5D0745F9-9B6C-3EDE-B6BB-780B270AA6E9} = {5D0745F9-9B6C-3EDE-B6BB-780B270AA6E9}
		{84755729-7489-31AE-A196-272A40298D47} = {84755729-7489-31AE-A196-272A40298D47}
		{CDBEF4C7-D392-31D5-B418-0DAD3BEEFE9B} = {CDBEF4C7-D392-31D5-B418-0DAD3BEEFE9B}
	EndProjectSection
EndProject
Project("{8BC9CEB8-8B4A-11D0-8D11-00A0C91BC942}") = "SnippetCustomProfiler", "SnippetCustomProfiler.vcxproj", "{9C0842A8-488F-33B7-A8E4-C0A4B4185B40}"
	ProjectSection(ProjectDependencies) = postProject
		{19ACF458-20E8-38AC-9710-C1CB765ABC83} = {19ACF458-20E8-38AC-9710-C1CB765ABC83}
		{103D2358-3096-3451-A2FA-C1AA39E12C16} = {103D2358-3096-3451-A2FA-C1AA39E12C16}
		{475754B0-995A-3714-A2C2-34D7D8FB4FEF} = {475754B0-995A-3714-A2C2-34D7D8FB4FEF}
		{2B7FAE6D-1A1A-3896-AC92-44167C7385E4} = {2B7FAE6D-1A1A-3896-AC92-44167C7385E4}
		{77A51F7E-D1D7-3E1F-AA8F-2A54B2A49EE1} = {77A51F7E-D1D7-3E1F-AA8F-2A54B2A49EE1}
		{B71010BC-C64A-3B8E-BD37-1E540FA2E7AB} = {B71010BC-C64A-3B8E-BD37-1E540FA2E7AB}
		{A299535C-269A-3190-968A-E1961C257385} = {A299535C-269A-3190-968A-E1961C257385}
		{837691E2-5332-35C5-8451-D4CE98F4E7A9} = {837691E2-5332-35C5-8451-D4CE98F4E7A9}
		{5D0745F9-9B6C-3EDE-B6BB-780B270AA6E9} = {5D0745F9-9B6C-3EDE-B6BB-780B270AA6E9}
		{84755729-7489-31AE-A196-272A40298D47} = {84755729-7489-31AE-A196-272A40298D47}
		{CDBEF4C7-D392-31D5-B418-0DAD3BEEFE9B} = {CDBEF4C7-D392-31D5-B418-0DAD3BEEFE9B}
	EndProjectSection
EndProject
Project("{8BC9CEB8-8B4A-11D0-8D11-00A0C91BC942}") = "SnippetDeformableMesh", "SnippetDeformableMesh.vcxproj", "{B73D3117-9A46-3703-B668-B2C8DDA0F058}"
	ProjectSection(ProjectDependencies) = postProject
		{19ACF458-20E8-38AC-9710-C1CB765ABC83} = {19ACF458-20E8-38AC-9710-C1CB765ABC83}
		{103D2358-3096-3451-A2FA-C1AA39E12C16} = {103D2358-3096-3451-A2FA-C1AA39E12C16}
		{475754B0-995A-3714-A2C2-34D7D8FB4FEF} = {475754B0-995A-3714-A2C2-34D7D8FB4FEF}
		{2B7FAE6D-1A1A-3896-AC92-44167C7385E4} = {2B7FAE6D-1A1A-3896-AC92-44167C7385E4}
		{77A51F7E-D1D7-3E1F-AA8F-2A54B2A49EE1} = {77A51F7E-D1D7-3E1F-AA8F-2A54B2A49EE1}
		{B71010BC-C64A-3B8E-BD37-1E540FA2E7AB} = {B71010BC-C64A-3B8E-BD37-1E540FA2E7AB}
		{A299535C-269A-3190-968A-E1961C257385} = {A299535C-269A-3190-968A-E1961C257385}
		{837691E2-5332-35C5-8451-D4CE98F4E7A9} = {837691E2-5332-35C5-8451-D4CE98F4E7A9}
		{5D0745F9-9B6C-3EDE-B6BB-780B270AA6E9} = {5D0745F9-9B6C-3EDE-B6BB-780B270AA6E9}
		{84755729-7489-31AE-A196-272A40298D47} = {84755729-7489-31AE-A196-272A40298D47}
		{CDBEF4C7-D392-31D5-B418-0DAD3BEEFE9B} = {CDBEF4C7-D392-31D5-B418-0DAD3BEEFE9B}
	EndProjectSection
EndProject
Project("{8BC9CEB8-8B4A-11D0-8D11-00A0C91BC942}") = "SnippetDelayLoadHook", "SnippetDelayLoadHook.vcxproj", "{034BBA47-4935-37D9-8726-E74ECFBD8A2D}"
	ProjectSection(ProjectDependencies) = postProject
		{19ACF458-20E8-38AC-9710-C1CB765ABC83} = {19ACF458-20E8-38AC-9710-C1CB765ABC83}
		{103D2358-3096-3451-A2FA-C1AA39E12C16} = {103D2358-3096-3451-A2FA-C1AA39E12C16}
		{475754B0-995A-3714-A2C2-34D7D8FB4FEF} = {475754B0-995A-3714-A2C2-34D7D8FB4FEF}
		{2B7FAE6D-1A1A-3896-AC92-44167C7385E4} = {2B7FAE6D-1A1A-3896-AC92-44167C7385E4}
		{77A51F7E-D1D7-3E1F-AA8F-2A54B2A49EE1} = {77A51F7E-D1D7-3E1F-AA8F-2A54B2A49EE1}
		{B71010BC-C64A-3B8E-BD37-1E540FA2E7AB} = {B71010BC-C64A-3B8E-BD37-1E540FA2E7AB}
		{A299535C-269A-3190-968A-E1961C257385} = {A299535C-269A-3190-968A-E1961C257385}
		{837691E2-5332-35C5-8451-D4CE98F4E7A9} = {837691E2-5332-35C5-8451-D4CE98F4E7A9}
		{5D0745F9-9B6C-3EDE-B6BB-780B270AA6E9} = {5D0745F9-9B6C-3EDE-B6BB-780B270AA6E9}
		{84755729-7489-31AE-A196-272A40298D47} = {84755729-7489-31AE-A196-272A40298D47}
		{CDBEF4C7-D392-31D5-B418-0DAD3BEEFE9B} = {CDBEF4C7-D392-31D5-B418-0DAD3BEEFE9B}
	EndProjectSection
EndProject
Project("{8BC9CEB8-8B4A-11D0-8D11-00A0C91BC942}") = "SnippetHelloGRB", "SnippetHelloGRB.vcxproj", "{BED9E304-DB85-3A74-BDCD-0BF8D78CAFAC}"
	ProjectSection(ProjectDependencies) = postProject
		{19ACF458-20E8-38AC-9710-C1CB765ABC83} = {19ACF458-20E8-38AC-9710-C1CB765ABC83}
		{103D2358-3096-3451-A2FA-C1AA39E12C16} = {103D2358-3096-3451-A2FA-C1AA39E12C16}
		{475754B0-995A-3714-A2C2-34D7D8FB4FEF} = {475754B0-995A-3714-A2C2-34D7D8FB4FEF}
		{2B7FAE6D-1A1A-3896-AC92-44167C7385E4} = {2B7FAE6D-1A1A-3896-AC92-44167C7385E4}
		{77A51F7E-D1D7-3E1F-AA8F-2A54B2A49EE1} = {77A51F7E-D1D7-3E1F-AA8F-2A54B2A49EE1}
		{B71010BC-C64A-3B8E-BD37-1E540FA2E7AB} = {B71010BC-C64A-3B8E-BD37-1E540FA2E7AB}
		{A299535C-269A-3190-968A-E1961C257385} = {A299535C-269A-3190-968A-E1961C257385}
		{837691E2-5332-35C5-8451-D4CE98F4E7A9} = {837691E2-5332-35C5-8451-D4CE98F4E7A9}
		{5D0745F9-9B6C-3EDE-B6BB-780B270AA6E9} = {5D0745F9-9B6C-3EDE-B6BB-780B270AA6E9}
		{84755729-7489-31AE-A196-272A40298D47} = {84755729-7489-31AE-A196-272A40298D47}
		{CDBEF4C7-D392-31D5-B418-0DAD3BEEFE9B} = {CDBEF4C7-D392-31D5-B418-0DAD3BEEFE9B}
	EndProjectSection
EndProject
Project("{8BC9CEB8-8B4A-11D0-8D11-00A0C91BC942}") = "SnippetHelloWorld", "SnippetHelloWorld.vcxproj", "{D96C11E8-8CD2-3C45-A22E-E8E1DD8442AA}"
	ProjectSection(ProjectDependencies) = postProject
		{19ACF458-20E8-38AC-9710-C1CB765ABC83} = {19ACF458-20E8-38AC-9710-C1CB765ABC83}
		{103D2358-3096-3451-A2FA-C1AA39E12C16} = {103D2358-3096-3451-A2FA-C1AA39E12C16}
		{475754B0-995A-3714-A2C2-34D7D8FB4FEF} = {475754B0-995A-3714-A2C2-34D7D8FB4FEF}
		{2B7FAE6D-1A1A-3896-AC92-44167C7385E4} = {2B7FAE6D-1A1A-3896-AC92-44167C7385E4}
		{77A51F7E-D1D7-3E1F-AA8F-2A54B2A49EE1} = {77A51F7E-D1D7-3E1F-AA8F-2A54B2A49EE1}
		{B71010BC-C64A-3B8E-BD37-1E540FA2E7AB} = {B71010BC-C64A-3B8E-BD37-1E540FA2E7AB}
		{A299535C-269A-3190-968A-E1961C257385} = {A299535C-269A-3190-968A-E1961C257385}
		{837691E2-5332-35C5-8451-D4CE98F4E7A9} = {837691E2-5332-35C5-8451-D4CE98F4E7A9}
		{5D0745F9-9B6C-3EDE-B6BB-780B270AA6E9} = {5D0745F9-9B6C-3EDE-B6BB-780B270AA6E9}
		{84755729-7489-31AE-A196-272A40298D47} = {84755729-7489-31AE-A196-272A40298D47}
		{CDBEF4C7-D392-31D5-B418-0DAD3BEEFE9B} = {CDBEF4C7-D392-31D5-B418-0DAD3BEEFE9B}
	EndProjectSection
EndProject
Project("{8BC9CEB8-8B4A-11D0-8D11-00A0C91BC942}") = "SnippetImmediateArticulation", "SnippetImmediateArticulation.vcxproj", "{4F777D25-94C6-3EB7-A29F-1B442D70E857}"
	ProjectSection(ProjectDependencies) = postProject
		{19ACF458-20E8-38AC-9710-C1CB765ABC83} = {19ACF458-20E8-38AC-9710-C1CB765ABC83}
		{103D2358-3096-3451-A2FA-C1AA39E12C16} = {103D2358-3096-3451-A2FA-C1AA39E12C16}
		{475754B0-995A-3714-A2C2-34D7D8FB4FEF} = {475754B0-995A-3714-A2C2-34D7D8FB4FEF}
		{2B7FAE6D-1A1A-3896-AC92-44167C7385E4} = {2B7FAE6D-1A1A-3896-AC92-44167C7385E4}
		{77A51F7E-D1D7-3E1F-AA8F-2A54B2A49EE1} = {77A51F7E-D1D7-3E1F-AA8F-2A54B2A49EE1}
		{B71010BC-C64A-3B8E-BD37-1E540FA2E7AB} = {B71010BC-C64A-3B8E-BD37-1E540FA2E7AB}
		{A299535C-269A-3190-968A-E1961C257385} = {A299535C-269A-3190-968A-E1961C257385}
		{837691E2-5332-35C5-8451-D4CE98F4E7A9} = {837691E2-5332-35C5-8451-D4CE98F4E7A9}
		{5D0745F9-9B6C-3EDE-B6BB-780B270AA6E9} = {5D0745F9-9B6C-3EDE-B6BB-780B270AA6E9}
		{84755729-7489-31AE-A196-272A40298D47} = {84755729-7489-31AE-A196-272A40298D47}
		{CDBEF4C7-D392-31D5-B418-0DAD3BEEFE9B} = {CDBEF4C7-D392-31D5-B418-0DAD3BEEFE9B}
	EndProjectSection
EndProject
Project("{8BC9CEB8-8B4A-11D0-8D11-00A0C91BC942}") = "SnippetImmediateMode", "SnippetImmediateMode.vcxproj", "{0E5088B0-27CD-3953-A61E-1E6F311140CE}"
	ProjectSection(ProjectDependencies) = postProject
		{19ACF458-20E8-38AC-9710-C1CB765ABC83} = {19ACF458-20E8-38AC-9710-C1CB765ABC83}
		{103D2358-3096-3451-A2FA-C1AA39E12C16} = {103D2358-3096-3451-A2FA-C1AA39E12C16}
		{475754B0-995A-3714-A2C2-34D7D8FB4FEF} = {475754B0-995A-3714-A2C2-34D7D8FB4FEF}
		{2B7FAE6D-1A1A-3896-AC92-44167C7385E4} = {2B7FAE6D-1A1A-3896-AC92-44167C7385E4}
		{77A51F7E-D1D7-3E1F-AA8F-2A54B2A49EE1} = {77A51F7E-D1D7-3E1F-AA8F-2A54B2A49EE1}
		{B71010BC-C64A-3B8E-BD37-1E540FA2E7AB} = {B71010BC-C64A-3B8E-BD37-1E540FA2E7AB}
		{A299535C-269A-3190-968A-E1961C257385} = {A299535C-269A-3190-968A-E1961C257385}
		{837691E2-5332-35C5-8451-D4CE98F4E7A9} = {837691E2-5332-35C5-8451-D4CE98F4E7A9}
		{5D0745F9-9B6C-3EDE-B6BB-780B270AA6E9} = {5D0745F9-9B6C-3EDE-B6BB-780B270AA6E9}
		{84755729-7489-31AE-A196-272A40298D47} = {84755729-7489-31AE-A196-272A40298D47}
		{CDBEF4C7-D392-31D5-B418-0DAD3BEEFE9B} = {CDBEF4C7-D392-31D5-B418-0DAD3BEEFE9B}
	EndProjectSection
EndProject
Project("{8BC9CEB8-8B4A-11D0-8D11-00A0C91BC942}") = "SnippetJoint", "SnippetJoint.vcxproj", "{FFD220E5-9252-370F-8A8E-F08077FE911F}"
	ProjectSection(ProjectDependencies) = postProject
		{19ACF458-20E8-38AC-9710-C1CB765ABC83} = {19ACF458-20E8-38AC-9710-C1CB765ABC83}
		{103D2358-3096-3451-A2FA-C1AA39E12C16} = {103D2358-3096-3451-A2FA-C1AA39E12C16}
		{475754B0-995A-3714-A2C2-34D7D8FB4FEF} = {475754B0-995A-3714-A2C2-34D7D8FB4FEF}
		{2B7FAE6D-1A1A-3896-AC92-44167C7385E4} = {2B7FAE6D-1A1A-3896-AC92-44167C7385E4}
		{77A51F7E-D1D7-3E1F-AA8F-2A54B2A49EE1} = {77A51F7E-D1D7-3E1F-AA8F-2A54B2A49EE1}
		{B71010BC-C64A-3B8E-BD37-1E540FA2E7AB} = {B71010BC-C64A-3B8E-BD37-1E540FA2E7AB}
		{A299535C-269A-3190-968A-E1961C257385} = {A299535C-269A-3190-968A-E1961C257385}
		{837691E2-5332-35C5-8451-D4CE98F4E7A9} = {837691E2-5332-35C5-8451-D4CE98F4E7A9}
		{5D0745F9-9B6C-3EDE-B6BB-780B270AA6E9} = {5D0745F9-9B6C-3EDE-B6BB-780B270AA6E9}
		{84755729-7489-31AE-A196-272A40298D47} = {84755729-7489-31AE-A196-272A40298D47}
		{CDBEF4C7-D392-31D5-B418-0DAD3BEEFE9B} = {CDBEF4C7-D392-31D5-B418-0DAD3BEEFE9B}
	EndProjectSection
EndProject
Project("{8BC9CEB8-8B4A-11D0-8D11-00A0C91BC942}") = "SnippetLoadCollection", "SnippetLoadCollection.vcxproj", "{AD1BAF39-6E48-3EDB-B146-65DEDDEC539D}"
	ProjectSection(ProjectDependencies) = postProject
		{19ACF458-20E8-38AC-9710-C1CB765ABC83} = {19ACF458-20E8-38AC-9710-C1CB765ABC83}
		{103D2358-3096-3451-A2FA-C1AA39E12C16} = {103D2358-3096-3451-A2FA-C1AA39E12C16}
		{475754B0-995A-3714-A2C2-34D7D8FB4FEF} = {475754B0-995A-3714-A2C2-34D7D8FB4FEF}
		{2B7FAE6D-1A1A-3896-AC92-44167C7385E4} = {2B7FAE6D-1A1A-3896-AC92-44167C7385E4}
		{77A51F7E-D1D7-3E1F-AA8F-2A54B2A49EE1} = {77A51F7E-D1D7-3E1F-AA8F-2A54B2A49EE1}
		{B71010BC-C64A-3B8E-BD37-1E540FA2E7AB} = {B71010BC-C64A-3B8E-BD37-1E540FA2E7AB}
		{A299535C-269A-3190-968A-E1961C257385} = {A299535C-269A-3190-968A-E1961C257385}
		{837691E2-5332-35C5-8451-D4CE98F4E7A9} = {837691E2-5332-35C5-8451-D4CE98F4E7A9}
		{5D0745F9-9B6C-3EDE-B6BB-780B270AA6E9} = {5D0745F9-9B6C-3EDE-B6BB-780B270AA6E9}
		{84755729-7489-31AE-A196-272A40298D47} = {84755729-7489-31AE-A196-272A40298D47}
		{CDBEF4C7-D392-31D5-B418-0DAD3BEEFE9B} = {CDBEF4C7-D392-31D5-B418-0DAD3BEEFE9B}
	EndProjectSection
EndProject
Project("{8BC9CEB8-8B4A-11D0-8D11-00A0C91BC942}") = "SnippetMBP", "SnippetMBP.vcxproj", "{1CE0D247-92BC-3D24-BC39-647D613AFDFF}"
	ProjectSection(ProjectDependencies) = postProject
		{19ACF458-20E8-38AC-9710-C1CB765ABC83} = {19ACF458-20E8-38AC-9710-C1CB765ABC83}
		{103D2358-3096-3451-A2FA-C1AA39E12C16} = {103D2358-3096-3451-A2FA-C1AA39E12C16}
		{475754B0-995A-3714-A2C2-34D7D8FB4FEF} = {475754B0-995A-3714-A2C2-34D7D8FB4FEF}
		{2B7FAE6D-1A1A-3896-AC92-44167C7385E4} = {2B7FAE6D-1A1A-3896-AC92-44167C7385E4}
		{77A51F7E-D1D7-3E1F-AA8F-2A54B2A49EE1} = {77A51F7E-D1D7-3E1F-AA8F-2A54B2A49EE1}
		{B71010BC-C64A-3B8E-BD37-1E540FA2E7AB} = {B71010BC-C64A-3B8E-BD37-1E540FA2E7AB}
		{A299535C-269A-3190-968A-E1961C257385} = {A299535C-269A-3190-968A-E1961C257385}
		{837691E2-5332-35C5-8451-D4CE98F4E7A9} = {837691E2-5332-35C5-8451-D4CE98F4E7A9}
		{5D0745F9-9B6C-3EDE-B6BB-780B270AA6E9} = {5D0745F9-9B6C-3EDE-B6BB-780B270AA6E9}
		{84755729-7489-31AE-A196-272A40298D47} = {84755729-7489-31AE-A196-272A40298D47}
		{CDBEF4C7-D392-31D5-B418-0DAD3BEEFE9B} = {CDBEF4C7-D392-31D5-B418-0DAD3BEEFE9B}
	EndProjectSection
EndProject
Project("{8BC9CEB8-8B4A-11D0-8D11-00A0C91BC942}") = "SnippetMultiThreading", "SnippetMultiThreading.vcxproj", "{711A8214-F8FC-30A0-A23B-9CA529408F5D}"
	ProjectSection(ProjectDependencies) = postProject
		{19ACF458-20E8-38AC-9710-C1CB765ABC83} = {19ACF458-20E8-38AC-9710-C1CB765ABC83}
		{103D2358-3096-3451-A2FA-C1AA39E12C16} = {103D2358-3096-3451-A2FA-C1AA39E12C16}
		{475754B0-995A-3714-A2C2-34D7D8FB4FEF} = {475754B0-995A-3714-A2C2-34D7D8FB4FEF}
		{2B7FAE6D-1A1A-3896-AC92-44167C7385E4} = {2B7FAE6D-1A1A-3896-AC92-44167C7385E4}
		{77A51F7E-D1D7-3E1F-AA8F-2A54B2A49EE1} = {77A51F7E-D1D7-3E1F-AA8F-2A54B2A49EE1}
		{B71010BC-C64A-3B8E-BD37-1E540FA2E7AB} = {B71010BC-C64A-3B8E-BD37-1E540FA2E7AB}
		{A299535C-269A-3190-968A-E1961C257385} = {A299535C-269A-3190-968A-E1961C257385}
		{837691E2-5332-35C5-8451-D4CE98F4E7A9} = {837691E2-5332-35C5-8451-D4CE98F4E7A9}
		{5D0745F9-9B6C-3EDE-B6BB-780B270AA6E9} = {5D0745F9-9B6C-3EDE-B6BB-780B270AA6E9}
		{84755729-7489-31AE-A196-272A40298D47} = {84755729-7489-31AE-A196-272A40298D47}
		{CDBEF4C7-D392-31D5-B418-0DAD3BEEFE9B} = {CDBEF4C7-D392-31D5-B418-0DAD3BEEFE9B}
	EndProjectSection
EndProject
Project("{8BC9CEB8-8B4A-11D0-8D11-00A0C91BC942}") = "SnippetNestedScene", "SnippetNestedScene.vcxproj", "{2A82E155-94D2-321F-BC34-E4F0C9AE1BA4}"
	ProjectSection(ProjectDependencies) = postProject
		{19ACF458-20E8-38AC-9710-C1CB765ABC83} = {19ACF458-20E8-38AC-9710-C1CB765ABC83}
		{103D2358-3096-3451-A2FA-C1AA39E12C16} = {103D2358-3096-3451-A2FA-C1AA39E12C16}
		{475754B0-995A-3714-A2C2-34D7D8FB4FEF} = {475754B0-995A-3714-A2C2-34D7D8FB4FEF}
		{2B7FAE6D-1A1A-3896-AC92-44167C7385E4} = {2B7FAE6D-1A1A-3896-AC92-44167C7385E4}
		{77A51F7E-D1D7-3E1F-AA8F-2A54B2A49EE1} = {77A51F7E-D1D7-3E1F-AA8F-2A54B2A49EE1}
		{B71010BC-C64A-3B8E-BD37-1E540FA2E7AB} = {B71010BC-C64A-3B8E-BD37-1E540FA2E7AB}
		{A299535C-269A-3190-968A-E1961C257385} = {A299535C-269A-3190-968A-E1961C257385}
		{B2E6B832-C877-37D8-AA58-0C5058DD6216} = {B2E6B832-C877-37D8-AA58-0C5058DD6216}
		{837691E2-5332-35C5-8451-D4CE98F4E7A9} = {837691E2-5332-35C5-8451-D4CE98F4E7A9}
		{5D0745F9-9B6C-3EDE-B6BB-780B270AA6E9} = {5D0745F9-9B6C-3EDE-B6BB-780B270AA6E9}
		{84755729-7489-31AE-A196-272A40298D47} = {84755729-7489-31AE-A196-272A40298D47}
		{CDBEF4C7-D392-31D5-B418-0DAD3BEEFE9B} = {CDBEF4C7-D392-31D5-B418-0DAD3BEEFE9B}
	EndProjectSection
EndProject
Project("{8BC9CEB8-8B4A-11D0-8D11-00A0C91BC942}") = "SnippetPrunerSerialization", "SnippetPrunerSerialization.vcxproj", "{69D47186-DFFA-3F52-A080-4D86046873A3}"
	ProjectSection(ProjectDependencies) = postProject
		{19ACF458-20E8-38AC-9710-C1CB765ABC83} = {19ACF458-20E8-38AC-9710-C1CB765ABC83}
		{103D2358-3096-3451-A2FA-C1AA39E12C16} = {103D2358-3096-3451-A2FA-C1AA39E12C16}
		{475754B0-995A-3714-A2C2-34D7D8FB4FEF} = {475754B0-995A-3714-A2C2-34D7D8FB4FEF}
		{2B7FAE6D-1A1A-3896-AC92-44167C7385E4} = {2B7FAE6D-1A1A-3896-AC92-44167C7385E4}
		{77A51F7E-D1D7-3E1F-AA8F-2A54B2A49EE1} = {77A51F7E-D1D7-3E1F-AA8F-2A54B2A49EE1}
		{B71010BC-C64A-3B8E-BD37-1E540FA2E7AB} = {B71010BC-C64A-3B8E-BD37-1E540FA2E7AB}
		{A299535C-269A-3190-968A-E1961C257385} = {A299535C-269A-3190-968A-E1961C257385}
		{837691E2-5332-35C5-8451-D4CE98F4E7A9} = {837691E2-5332-35C5-8451-D4CE98F4E7A9}
		{5D0745F9-9B6C-3EDE-B6BB-780B270AA6E9} = {5D0745F9-9B6C-3EDE-B6BB-780B270AA6E9}
		{84755729-7489-31AE-A196-272A40298D47} = {84755729-7489-31AE-A196-272A40298D47}
		{CDBEF4C7-D392-31D5-B418-0DAD3BEEFE9B} = {CDBEF4C7-D392-31D5-B418-0DAD3BEEFE9B}
	EndProjectSection
EndProject
Project("{8BC9CEB8-8B4A-11D0-8D11-00A0C91BC942}") = "SnippetRaycastCCD", "SnippetRaycastCCD.vcxproj", "{02D9B568-5974-3D27-93DD-5C7262F5A7A3}"
	ProjectSection(ProjectDependencies) = postProject
		{19ACF458-20E8-38AC-9710-C1CB765ABC83} = {19ACF458-20E8-38AC-9710-C1CB765ABC83}
		{103D2358-3096-3451-A2FA-C1AA39E12C16} = {103D2358-3096-3451-A2FA-C1AA39E12C16}
		{475754B0-995A-3714-A2C2-34D7D8FB4FEF} = {475754B0-995A-3714-A2C2-34D7D8FB4FEF}
		{2B7FAE6D-1A1A-3896-AC92-44167C7385E4} = {2B7FAE6D-1A1A-3896-AC92-44167C7385E4}
		{77A51F7E-D1D7-3E1F-AA8F-2A54B2A49EE1} = {77A51F7E-D1D7-3E1F-AA8F-2A54B2A49EE1}
		{B71010BC-C64A-3B8E-BD37-1E540FA2E7AB} = {B71010BC-C64A-3B8E-BD37-1E540FA2E7AB}
		{A299535C-269A-3190-968A-E1961C257385} = {A299535C-269A-3190-968A-E1961C257385}
		{837691E2-5332-35C5-8451-D4CE98F4E7A9} = {837691E2-5332-35C5-8451-D4CE98F4E7A9}
		{5D0745F9-9B6C-3EDE-B6BB-780B270AA6E9} = {5D0745F9-9B6C-3EDE-B6BB-780B270AA6E9}
		{84755729-7489-31AE-A196-272A40298D47} = {84755729-7489-31AE-A196-272A40298D47}
		{CDBEF4C7-D392-31D5-B418-0DAD3BEEFE9B} = {CDBEF4C7-D392-31D5-B418-0DAD3BEEFE9B}
	EndProjectSection
EndProject
Project("{8BC9CEB8-8B4A-11D0-8D11-00A0C91BC942}") = "SnippetRender", "SnippetRender.vcxproj", "{5D0745F9-9B6C-3EDE-B6BB-780B270AA6E9}"
	ProjectSection(ProjectDependencies) = postProject
		{B71010BC-C64A-3B8E-BD37-1E540FA2E7AB} = {B71010BC-C64A-3B8E-BD37-1E540FA2E7AB}
		{CDBEF4C7-D392-31D5-B418-0DAD3BEEFE9B} = {CDBEF4C7-D392-31D5-B418-0DAD3BEEFE9B}
	EndProjectSection
EndProject
Project("{8BC9CEB8-8B4A-11D0-8D11-00A0C91BC942}") = "SnippetSerialization", "SnippetSerialization.vcxproj", "{F8FD67E5-FF4F-3FC7-9578-A5F9A8E16929}"
	ProjectSection(ProjectDependencies) = postProject
		{19ACF458-20E8-38AC-9710-C1CB765ABC83} = {19ACF458-20E8-38AC-9710-C1CB765ABC83}
		{103D2358-3096-3451-A2FA-C1AA39E12C16} = {103D2358-3096-3451-A2FA-C1AA39E12C16}
		{475754B0-995A-3714-A2C2-34D7D8FB4FEF} = {475754B0-995A-3714-A2C2-34D7D8FB4FEF}
		{2B7FAE6D-1A1A-3896-AC92-44167C7385E4} = {2B7FAE6D-1A1A-3896-AC92-44167C7385E4}
		{77A51F7E-D1D7-3E1F-AA8F-2A54B2A49EE1} = {77A51F7E-D1D7-3E1F-AA8F-2A54B2A49EE1}
		{B71010BC-C64A-3B8E-BD37-1E540FA2E7AB} = {B71010BC-C64A-3B8E-BD37-1E540FA2E7AB}
		{A299535C-269A-3190-968A-E1961C257385} = {A299535C-269A-3190-968A-E1961C257385}
		{837691E2-5332-35C5-8451-D4CE98F4E7A9} = {837691E2-5332-35C5-8451-D4CE98F4E7A9}
		{5D0745F9-9B6C-3EDE-B6BB-780B270AA6E9} = {5D0745F9-9B6C-3EDE-B6BB-780B270AA6E9}
		{84755729-7489-31AE-A196-272A40298D47} = {84755729-7489-31AE-A196-272A40298D47}
		{CDBEF4C7-D392-31D5-B418-0DAD3BEEFE9B} = {CDBEF4C7-D392-31D5-B418-0DAD3BEEFE9B}
	EndProjectSection
EndProject
Project("{8BC9CEB8-8B4A-11D0-8D11-00A0C91BC942}") = "SnippetSplitFetchResults", "SnippetSplitFetchResults.vcxproj", "{13C25955-C907-3347-968C-E0211333EBA1}"
	ProjectSection(ProjectDependencies) = postProject
		{19ACF458-20E8-38AC-9710-C1CB765ABC83} = {19ACF458-20E8-38AC-9710-C1CB765ABC83}
		{103D2358-3096-3451-A2FA-C1AA39E12C16} = {103D2358-3096-3451-A2FA-C1AA39E12C16}
		{475754B0-995A-3714-A2C2-34D7D8FB4FEF} = {475754B0-995A-3714-A2C2-34D7D8FB4FEF}
		{2B7FAE6D-1A1A-3896-AC92-44167C7385E4} = {2B7FAE6D-1A1A-3896-AC92-44167C7385E4}
		{77A51F7E-D1D7-3E1F-AA8F-2A54B2A49EE1} = {77A51F7E-D1D7-3E1F-AA8F-2A54B2A49EE1}
		{B71010BC-C64A-3B8E-BD37-1E540FA2E7AB} = {B71010BC-C64A-3B8E-BD37-1E540FA2E7AB}
		{A299535C-269A-3190-968A-E1961C257385} = {A299535C-269A-3190-968A-E1961C257385}
		{837691E2-5332-35C5-8451-D4CE98F4E7A9} = {837691E2-5332-35C5-8451-D4CE98F4E7A9}
		{5D0745F9-9B6C-3EDE-B6BB-780B270AA6E9} = {5D0745F9-9B6C-3EDE-B6BB-780B270AA6E9}
		{84755729-7489-31AE-A196-272A40298D47} = {84755729-7489-31AE-A196-272A40298D47}
		{CDBEF4C7-D392-31D5-B418-0DAD3BEEFE9B} = {CDBEF4C7-D392-31D5-B418-0DAD3BEEFE9B}
	EndProjectSection
EndProject
Project("{8BC9CEB8-8B4A-11D0-8D11-00A0C91BC942}") = "SnippetSplitSim", "SnippetSplitSim.vcxproj", "{CDFA6351-0C4D-3471-A740-AB7C08F24890}"
	ProjectSection(ProjectDependencies) = postProject
		{19ACF458-20E8-38AC-9710-C1CB765ABC83} = {19ACF458-20E8-38AC-9710-C1CB765ABC83}
		{103D2358-3096-3451-A2FA-C1AA39E12C16} = {103D2358-3096-3451-A2FA-C1AA39E12C16}
		{475754B0-995A-3714-A2C2-34D7D8FB4FEF} = {475754B0-995A-3714-A2C2-34D7D8FB4FEF}
		{2B7FAE6D-1A1A-3896-AC92-44167C7385E4} = {2B7FAE6D-1A1A-3896-AC92-44167C7385E4}
		{77A51F7E-D1D7-3E1F-AA8F-2A54B2A49EE1} = {77A51F7E-D1D7-3E1F-AA8F-2A54B2A49EE1}
		{B71010BC-C64A-3B8E-BD37-1E540FA2E7AB} = {B71010BC-C64A-3B8E-BD37-1E540FA2E7AB}
		{A299535C-269A-3190-968A-E1961C257385} = {A299535C-269A-3190-968A-E1961C257385}
		{837691E2-5332-35C5-8451-D4CE98F4E7A9} = {837691E2-5332-35C5-8451-D4CE98F4E7A9}
		{5D0745F9-9B6C-3EDE-B6BB-780B270AA6E9} = {5D0745F9-9B6C-3EDE-B6BB-780B270AA6E9}
		{84755729-7489-31AE-A196-272A40298D47} = {84755729-7489-31AE-A196-272A40298D47}
		{CDBEF4C7-D392-31D5-B418-0DAD3BEEFE9B} = {CDBEF4C7-D392-31D5-B418-0DAD3BEEFE9B}
	EndProjectSection
EndProject
Project("{8BC9CEB8-8B4A-11D0-8D11-00A0C91BC942}") = "SnippetStepper", "SnippetStepper.vcxproj", "{85C0621D-0EC1-330A-88C8-720827C3269A}"
	ProjectSection(ProjectDependencies) = postProject
		{19ACF458-20E8-38AC-9710-C1CB765ABC83} = {19ACF458-20E8-38AC-9710-C1CB765ABC83}
		{103D2358-3096-3451-A2FA-C1AA39E12C16} = {103D2358-3096-3451-A2FA-C1AA39E12C16}
		{475754B0-995A-3714-A2C2-34D7D8FB4FEF} = {475754B0-995A-3714-A2C2-34D7D8FB4FEF}
		{2B7FAE6D-1A1A-3896-AC92-44167C7385E4} = {2B7FAE6D-1A1A-3896-AC92-44167C7385E4}
		{77A51F7E-D1D7-3E1F-AA8F-2A54B2A49EE1} = {77A51F7E-D1D7-3E1F-AA8F-2A54B2A49EE1}
		{B71010BC-C64A-3B8E-BD37-1E540FA2E7AB} = {B71010BC-C64A-3B8E-BD37-1E540FA2E7AB}
		{A299535C-269A-3190-968A-E1961C257385} = {A299535C-269A-3190-968A-E1961C257385}
		{837691E2-5332-35C5-8451-D4CE98F4E7A9} = {837691E2-5332-35C5-8451-D4CE98F4E7A9}
		{5D0745F9-9B6C-3EDE-B6BB-780B270AA6E9} = {5D0745F9-9B6C-3EDE-B6BB-780B270AA6E9}
		{84755729-7489-31AE-A196-272A40298D47} = {84755729-7489-31AE-A196-272A40298D47}
		{CDBEF4C7-D392-31D5-B418-0DAD3BEEFE9B} = {CDBEF4C7-D392-31D5-B418-0DAD3BEEFE9B}
	EndProjectSection
EndProject
Project("{8BC9CEB8-8B4A-11D0-8D11-00A0C91BC942}") = "SnippetToleranceScale", "SnippetToleranceScale.vcxproj", "{0A3537F2-BE14-3DAD-A5B2-E78E4D906F4C}"
	ProjectSection(ProjectDependencies) = postProject
		{19ACF458-20E8-38AC-9710-C1CB765ABC83} = {19ACF458-20E8-38AC-9710-C1CB765ABC83}
		{103D2358-3096-3451-A2FA-C1AA39E12C16} = {103D2358-3096-3451-A2FA-C1AA39E12C16}
		{475754B0-995A-3714-A2C2-34D7D8FB4FEF} = {475754B0-995A-3714-A2C2-34D7D8FB4FEF}
		{2B7FAE6D-1A1A-3896-AC92-44167C7385E4} = {2B7FAE6D-1A1A-3896-AC92-44167C7385E4}
		{77A51F7E-D1D7-3E1F-AA8F-2A54B2A49EE1} = {77A51F7E-D1D7-3E1F-AA8F-2A54B2A49EE1}
		{B71010BC-C64A-3B8E-BD37-1E540FA2E7AB} = {B71010BC-C64A-3B8E-BD37-1E540FA2E7AB}
		{A299535C-269A-3190-968A-E1961C257385} = {A299535C-269A-3190-968A-E1961C257385}
		{837691E2-5332-35C5-8451-D4CE98F4E7A9} = {837691E2-5332-35C5-8451-D4CE98F4E7A9}
		{5D0745F9-9B6C-3EDE-B6BB-780B270AA6E9} = {5D0745F9-9B6C-3EDE-B6BB-780B270AA6E9}
		{84755729-7489-31AE-A196-272A40298D47} = {84755729-7489-31AE-A196-272A40298D47}
		{CDBEF4C7-D392-31D5-B418-0DAD3BEEFE9B} = {CDBEF4C7-D392-31D5-B418-0DAD3BEEFE9B}
	EndProjectSection
EndProject
Project("{8BC9CEB8-8B4A-11D0-8D11-00A0C91BC942}") = "SnippetTriangleMeshCreate", "SnippetTriangleMeshCreate.vcxproj", "{B2E05224-0A29-380C-946F-07DAEBC1C403}"
	ProjectSection(ProjectDependencies) = postProject
		{19ACF458-20E8-38AC-9710-C1CB765ABC83} = {19ACF458-20E8-38AC-9710-C1CB765ABC83}
		{103D2358-3096-3451-A2FA-C1AA39E12C16} = {103D2358-3096-3451-A2FA-C1AA39E12C16}
		{475754B0-995A-3714-A2C2-34D7D8FB4FEF} = {475754B0-995A-3714-A2C2-34D7D8FB4FEF}
		{2B7FAE6D-1A1A-3896-AC92-44167C7385E4} = {2B7FAE6D-1A1A-3896-AC92-44167C7385E4}
		{77A51F7E-D1D7-3E1F-AA8F-2A54B2A49EE1} = {77A51F7E-D1D7-3E1F-AA8F-2A54B2A49EE1}
		{B71010BC-C64A-3B8E-BD37-1E540FA2E7AB} = {B71010BC-C64A-3B8E-BD37-1E540FA2E7AB}
		{A299535C-269A-3190-968A-E1961C257385} = {A299535C-269A-3190-968A-E1961C257385}
		{837691E2-5332-35C5-8451-D4CE98F4E7A9} = {837691E2-5332-35C5-8451-D4CE98F4E7A9}
		{5D0745F9-9B6C-3EDE-B6BB-780B270AA6E9} = {5D0745F9-9B6C-3EDE-B6BB-780B270AA6E9}
		{84755729-7489-31AE-A196-272A40298D47} = {84755729-7489-31AE-A196-272A40298D47}
		{CDBEF4C7-D392-31D5-B418-0DAD3BEEFE9B} = {CDBEF4C7-D392-31D5-B418-0DAD3BEEFE9B}
	EndProjectSection
EndProject
Project("{8BC9CEB8-8B4A-11D0-8D11-00A0C91BC942}") = "SnippetUtils", "SnippetUtils.vcxproj", "{84755729-7489-31AE-A196-272A40298D47}"
	ProjectSection(ProjectDependencies) = postProject
		{B71010BC-C64A-3B8E-BD37-1E540FA2E7AB} = {B71010BC-C64A-3B8E-BD37-1E540FA2E7AB}
		{CDBEF4C7-D392-31D5-B418-0DAD3BEEFE9B} = {CDBEF4C7-D392-31D5-B418-0DAD3BEEFE9B}
	EndProjectSection
EndProject
Project("{8BC9CEB8-8B4A-11D0-8D11-00A0C91BC942}") = "SnippetVehicle4W", "SnippetVehicle4W.vcxproj", "{CAB0793E-A5B1-3EFE-A710-E1431EB1ED09}"
	ProjectSection(ProjectDependencies) = postProject
		{19ACF458-20E8-38AC-9710-C1CB765ABC83} = {19ACF458-20E8-38AC-9710-C1CB765ABC83}
		{103D2358-3096-3451-A2FA-C1AA39E12C16} = {103D2358-3096-3451-A2FA-C1AA39E12C16}
		{475754B0-995A-3714-A2C2-34D7D8FB4FEF} = {475754B0-995A-3714-A2C2-34D7D8FB4FEF}
		{2B7FAE6D-1A1A-3896-AC92-44167C7385E4} = {2B7FAE6D-1A1A-3896-AC92-44167C7385E4}
		{77A51F7E-D1D7-3E1F-AA8F-2A54B2A49EE1} = {77A51F7E-D1D7-3E1F-AA8F-2A54B2A49EE1}
		{B71010BC-C64A-3B8E-BD37-1E540FA2E7AB} = {B71010BC-C64A-3B8E-BD37-1E540FA2E7AB}
		{A299535C-269A-3190-968A-E1961C257385} = {A299535C-269A-3190-968A-E1961C257385}
		{B2E6B832-C877-37D8-AA58-0C5058DD6216} = {B2E6B832-C877-37D8-AA58-0C5058DD6216}
		{837691E2-5332-35C5-8451-D4CE98F4E7A9} = {837691E2-5332-35C5-8451-D4CE98F4E7A9}
		{5D0745F9-9B6C-3EDE-B6BB-780B270AA6E9} = {5D0745F9-9B6C-3EDE-B6BB-780B270AA6E9}
		{84755729-7489-31AE-A196-272A40298D47} = {84755729-7489-31AE-A196-272A40298D47}
		{CDBEF4C7-D392-31D5-B418-0DAD3BEEFE9B} = {CDBEF4C7-D392-31D5-B418-0DAD3BEEFE9B}
	EndProjectSection
EndProject
Project("{8BC9CEB8-8B4A-11D0-8D11-00A0C91BC942}") = "SnippetVehicleContactMod", "SnippetVehicleContactMod.vcxproj", "{D3F127D3-1804-3590-9014-498B990CD701}"
	ProjectSection(ProjectDependencies) = postProject
		{19ACF458-20E8-38AC-9710-C1CB765ABC83} = {19ACF458-20E8-38AC-9710-C1CB765ABC83}
		{103D2358-3096-3451-A2FA-C1AA39E12C16} = {103D2358-3096-3451-A2FA-C1AA39E12C16}
		{475754B0-995A-3714-A2C2-34D7D8FB4FEF} = {475754B0-995A-3714-A2C2-34D7D8FB4FEF}
		{2B7FAE6D-1A1A-3896-AC92-44167C7385E4} = {2B7FAE6D-1A1A-3896-AC92-44167C7385E4}
		{77A51F7E-D1D7-3E1F-AA8F-2A54B2A49EE1} = {77A51F7E-D1D7-3E1F-AA8F-2A54B2A49EE1}
		{B71010BC-C64A-3B8E-BD37-1E540FA2E7AB} = {B71010BC-C64A-3B8E-BD37-1E540FA2E7AB}
		{A299535C-269A-3190-968A-E1961C257385} = {A299535C-269A-3190-968A-E1961C257385}
		{B2E6B832-C877-37D8-AA58-0C5058DD6216} = {B2E6B832-C877-37D8-AA58-0C5058DD6216}
		{837691E2-5332-35C5-8451-D4CE98F4E7A9} = {837691E2-5332-35C5-8451-D4CE98F4E7A9}
		{5D0745F9-9B6C-3EDE-B6BB-780B270AA6E9} = {5D0745F9-9B6C-3EDE-B6BB-780B270AA6E9}
		{84755729-7489-31AE-A196-272A40298D47} = {84755729-7489-31AE-A196-272A40298D47}
		{CDBEF4C7-D392-31D5-B418-0DAD3BEEFE9B} = {CDBEF4C7-D392-31D5-B418-0DAD3BEEFE9B}
	EndProjectSection
EndProject
Project("{8BC9CEB8-8B4A-11D0-8D11-00A0C91BC942}") = "SnippetVehicleMultiThreading", "SnippetVehicleMultiThreading.vcxproj", "{85C262D0-5205-3C08-B5DF-8A36EDB33BF4}"
	ProjectSection(ProjectDependencies) = postProject
		{19ACF458-20E8-38AC-9710-C1CB765ABC83} = {19ACF458-20E8-38AC-9710-C1CB765ABC83}
		{103D2358-3096-3451-A2FA-C1AA39E12C16} = {103D2358-3096-3451-A2FA-C1AA39E12C16}
		{475754B0-995A-3714-A2C2-34D7D8FB4FEF} = {475754B0-995A-3714-A2C2-34D7D8FB4FEF}
		{2B7FAE6D-1A1A-3896-AC92-44167C7385E4} = {2B7FAE6D-1A1A-3896-AC92-44167C7385E4}
		{77A51F7E-D1D7-3E1F-AA8F-2A54B2A49EE1} = {77A51F7E-D1D7-3E1F-AA8F-2A54B2A49EE1}
		{B71010BC-C64A-3B8E-BD37-1E540FA2E7AB} = {B71010BC-C64A-3B8E-BD37-1E540FA2E7AB}
		{A299535C-269A-3190-968A-E1961C257385} = {A299535C-269A-3190-968A-E1961C257385}
		{B2E6B832-C877-37D8-AA58-0C5058DD6216} = {B2E6B832-C877-37D8-AA58-0C5058DD6216}
		{837691E2-5332-35C5-8451-D4CE98F4E7A9} = {837691E2-5332-35C5-8451-D4CE98F4E7A9}
		{5D0745F9-9B6C-3EDE-B6BB-780B270AA6E9} = {5D0745F9-9B6C-3EDE-B6BB-780B270AA6E9}
		{84755729-7489-31AE-A196-272A40298D47} = {84755729-7489-31AE-A196-272A40298D47}
		{CDBEF4C7-D392-31D5-B418-0DAD3BEEFE9B} = {CDBEF4C7-D392-31D5-B418-0DAD3BEEFE9B}
	EndProjectSection
EndProject
Project("{8BC9CEB8-8B4A-11D0-8D11-00A0C91BC942}") = "SnippetVehicleNoDrive", "SnippetVehicleNoDrive.vcxproj", "{E60537F2-1B23-31CC-88E7-A13D8387802D}"
	ProjectSection(ProjectDependencies) = postProject
		{19ACF458-20E8-38AC-9710-C1CB765ABC83} = {19ACF458-20E8-38AC-9710-C1CB765ABC83}
		{103D2358-3096-3451-A2FA-C1AA39E12C16} = {103D2358-3096-3451-A2FA-C1AA39E12C16}
		{475754B0-995A-3714-A2C2-34D7D8FB4FEF} = {475754B0-995A-3714-A2C2-34D7D8FB4FEF}
		{2B7FAE6D-1A1A-3896-AC92-44167C7385E4} = {2B7FAE6D-1A1A-3896-AC92-44167C7385E4}
		{77A51F7E-D1D7-3E1F-AA8F-2A54B2A49EE1} = {77A51F7E-D1D7-3E1F-AA8F-2A54B2A49EE1}
		{B71010BC-C64A-3B8E-BD37-1E540FA2E7AB} = {B71010BC-C64A-3B8E-BD37-1E540FA2E7AB}
		{A299535C-269A-3190-968A-E1961C257385} = {A299535C-269A-3190-968A-E1961C257385}
		{B2E6B832-C877-37D8-AA58-0C5058DD6216} = {B2E6B832-C877-37D8-AA58-0C5058DD6216}
		{837691E2-5332-35C5-8451-D4CE98F4E7A9} = {837691E2-5332-35C5-8451-D4CE98F4E7A9}
		{5D0745F9-9B6C-3EDE-B6BB-780B270AA6E9} = {5D0745F9-9B6C-3EDE-B6BB-780B270AA6E9}
		{84755729-7489-31AE-A196-272A40298D47} = {84755729-7489-31AE-A196-272A40298D47}
		{CDBEF4C7-D392-31D5-B418-0DAD3BEEFE9B} = {CDBEF4C7-D392-31D5-B418-0DAD3BEEFE9B}
	EndProjectSection
EndProject
Project("{8BC9CEB8-8B4A-11D0-8D11-00A0C91BC942}") = "SnippetVehicleScale", "SnippetVehicleScale.vcxproj", "{B913AD6D-137C-35A2-A0DE-D1550A937C56}"
	ProjectSection(ProjectDependencies) = postProject
		{19ACF458-20E8-38AC-9710-C1CB765ABC83} = {19ACF458-20E8-38AC-9710-C1CB765ABC83}
		{103D2358-3096-3451-A2FA-C1AA39E12C16} = {103D2358-3096-3451-A2FA-C1AA39E12C16}
		{475754B0-995A-3714-A2C2-34D7D8FB4FEF} = {475754B0-995A-3714-A2C2-34D7D8FB4FEF}
		{2B7FAE6D-1A1A-3896-AC92-44167C7385E4} = {2B7FAE6D-1A1A-3896-AC92-44167C7385E4}
		{77A51F7E-D1D7-3E1F-AA8F-2A54B2A49EE1} = {77A51F7E-D1D7-3E1F-AA8F-2A54B2A49EE1}
		{B71010BC-C64A-3B8E-BD37-1E540FA2E7AB} = {B71010BC-C64A-3B8E-BD37-1E540FA2E7AB}
		{A299535C-269A-3190-968A-E1961C257385} = {A299535C-269A-3190-968A-E1961C257385}
		{B2E6B832-C877-37D8-AA58-0C5058DD6216} = {B2E6B832-C877-37D8-AA58-0C5058DD6216}
		{837691E2-5332-35C5-8451-D4CE98F4E7A9} = {837691E2-5332-35C5-8451-D4CE98F4E7A9}
		{5D0745F9-9B6C-3EDE-B6BB-780B270AA6E9} = {5D0745F9-9B6C-3EDE-B6BB-780B270AA6E9}
		{84755729-7489-31AE-A196-272A40298D47} = {84755729-7489-31AE-A196-272A40298D47}
		{CDBEF4C7-D392-31D5-B418-0DAD3BEEFE9B} = {CDBEF4C7-D392-31D5-B418-0DAD3BEEFE9B}
	EndProjectSection
EndProject
Project("{8BC9CEB8-8B4A-11D0-8D11-00A0C91BC942}") = "SnippetVehicleTank", "SnippetVehicleTank.vcxproj", "{0D1A43CF-ECBB-35E1-B5EB-EA9FAD9BB774}"
	ProjectSection(ProjectDependencies) = postProject
		{19ACF458-20E8-38AC-9710-C1CB765ABC83} = {19ACF458-20E8-38AC-9710-C1CB765ABC83}
		{103D2358-3096-3451-A2FA-C1AA39E12C16} = {103D2358-3096-3451-A2FA-C1AA39E12C16}
		{475754B0-995A-3714-A2C2-34D7D8FB4FEF} = {475754B0-995A-3714-A2C2-34D7D8FB4FEF}
		{2B7FAE6D-1A1A-3896-AC92-44167C7385E4} = {2B7FAE6D-1A1A-3896-AC92-44167C7385E4}
		{77A51F7E-D1D7-3E1F-AA8F-2A54B2A49EE1} = {77A51F7E-D1D7-3E1F-AA8F-2A54B2A49EE1}
		{B71010BC-C64A-3B8E-BD37-1E540FA2E7AB} = {B71010BC-C64A-3B8E-BD37-1E540FA2E7AB}
		{A299535C-269A-3190-968A-E1961C257385} = {A299535C-269A-3190-968A-E1961C257385}
		{B2E6B832-C877-37D8-AA58-0C5058DD6216} = {B2E6B832-C877-37D8-AA58-0C5058DD6216}
		{837691E2-5332-35C5-8451-D4CE98F4E7A9} = {837691E2-5332-35C5-8451-D4CE98F4E7A9}
		{5D0745F9-9B6C-3EDE-B6BB-780B270AA6E9} = {5D0745F9-9B6C-3EDE-B6BB-780B270AA6E9}
		{84755729-7489-31AE-A196-272A40298D47} = {84755729-7489-31AE-A196-272A40298D47}
		{CDBEF4C7-D392-31D5-B418-0DAD3BEEFE9B} = {CDBEF4C7-D392-31D5-B418-0DAD3BEEFE9B}
	EndProjectSection
EndProject
Project("{8BC9CEB8-8B4A-11D0-8D11-00A0C91BC942}") = "ZERO_CHECK", "..\\ZERO_CHECK.vcxproj", "{CDBEF4C7-D392-31D5-B418-0DAD3BEEFE9B}"
	ProjectSection(ProjectDependencies) = postProject
	EndProjectSection
EndProject
Global
	GlobalSection(SolutionConfigurationPlatforms) = preSolution
		debug|x64 = debug|x64
		checked|x64 = checked|x64
		profile|x64 = profile|x64
		release|x64 = release|x64
	EndGlobalSection
	GlobalSection(ProjectConfigurationPlatforms) = postSolution
		{0598921D-17E5-3B5E-A69B-22396B87B8A0}.debug|x64.ActiveCfg = debug|x64
		{0598921D-17E5-3B5E-A69B-22396B87B8A0}.debug|x64.Build.0 = debug|x64
		{0598921D-17E5-3B5E-A69B-22396B87B8A0}.checked|x64.ActiveCfg = checked|x64
		{0598921D-17E5-3B5E-A69B-22396B87B8A0}.checked|x64.Build.0 = checked|x64
		{0598921D-17E5-3B5E-A69B-22396B87B8A0}.profile|x64.ActiveCfg = profile|x64
		{0598921D-17E5-3B5E-A69B-22396B87B8A0}.profile|x64.Build.0 = profile|x64
		{0598921D-17E5-3B5E-A69B-22396B87B8A0}.release|x64.ActiveCfg = release|x64
		{0598921D-17E5-3B5E-A69B-22396B87B8A0}.release|x64.Build.0 = release|x64
		{77783ADA-8E13-384F-8B54-644B515F20B7}.debug|x64.ActiveCfg = debug|x64
		{77783ADA-8E13-384F-8B54-644B515F20B7}.debug|x64.Build.0 = debug|x64
		{77783ADA-8E13-384F-8B54-644B515F20B7}.checked|x64.ActiveCfg = checked|x64
		{77783ADA-8E13-384F-8B54-644B515F20B7}.checked|x64.Build.0 = checked|x64
		{77783ADA-8E13-384F-8B54-644B515F20B7}.profile|x64.ActiveCfg = profile|x64
		{77783ADA-8E13-384F-8B54-644B515F20B7}.profile|x64.Build.0 = profile|x64
		{77783ADA-8E13-384F-8B54-644B515F20B7}.release|x64.ActiveCfg = release|x64
		{77783ADA-8E13-384F-8B54-644B515F20B7}.release|x64.Build.0 = release|x64
		{5161B0B2-C440-3216-88E7-50CA4D8C31E1}.debug|x64.ActiveCfg = debug|x64
		{5161B0B2-C440-3216-88E7-50CA4D8C31E1}.checked|x64.ActiveCfg = checked|x64
		{5161B0B2-C440-3216-88E7-50CA4D8C31E1}.profile|x64.ActiveCfg = profile|x64
		{5161B0B2-C440-3216-88E7-50CA4D8C31E1}.release|x64.ActiveCfg = release|x64
		{31955868-97C9-3963-B7BD-E352F4DE2DDE}.debug|x64.ActiveCfg = debug|x64
		{31955868-97C9-3963-B7BD-E352F4DE2DDE}.debug|x64.Build.0 = debug|x64
		{31955868-97C9-3963-B7BD-E352F4DE2DDE}.checked|x64.ActiveCfg = checked|x64
		{31955868-97C9-3963-B7BD-E352F4DE2DDE}.checked|x64.Build.0 = checked|x64
		{31955868-97C9-3963-B7BD-E352F4DE2DDE}.profile|x64.ActiveCfg = profile|x64
		{31955868-97C9-3963-B7BD-E352F4DE2DDE}.profile|x64.Build.0 = profile|x64
		{31955868-97C9-3963-B7BD-E352F4DE2DDE}.release|x64.ActiveCfg = release|x64
		{31955868-97C9-3963-B7BD-E352F4DE2DDE}.release|x64.Build.0 = release|x64
		{91FAA62B-B89C-3251-988E-8C53F36C2B58}.debug|x64.ActiveCfg = debug|x64
		{91FAA62B-B89C-3251-988E-8C53F36C2B58}.debug|x64.Build.0 = debug|x64
		{91FAA62B-B89C-3251-988E-8C53F36C2B58}.checked|x64.ActiveCfg = checked|x64
		{91FAA62B-B89C-3251-988E-8C53F36C2B58}.checked|x64.Build.0 = checked|x64
		{91FAA62B-B89C-3251-988E-8C53F36C2B58}.profile|x64.ActiveCfg = profile|x64
		{91FAA62B-B89C-3251-988E-8C53F36C2B58}.profile|x64.Build.0 = profile|x64
		{91FAA62B-B89C-3251-988E-8C53F36C2B58}.release|x64.ActiveCfg = release|x64
		{91FAA62B-B89C-3251-988E-8C53F36C2B58}.release|x64.Build.0 = release|x64
		{71983EEC-09A4-3F4E-8131-8D66D91D26C7}.debug|x64.ActiveCfg = debug|x64
		{71983EEC-09A4-3F4E-8131-8D66D91D26C7}.debug|x64.Build.0 = debug|x64
		{71983EEC-09A4-3F4E-8131-8D66D91D26C7}.checked|x64.ActiveCfg = checked|x64
		{71983EEC-09A4-3F4E-8131-8D66D91D26C7}.checked|x64.Build.0 = checked|x64
		{71983EEC-09A4-3F4E-8131-8D66D91D26C7}.profile|x64.ActiveCfg = profile|x64
		{71983EEC-09A4-3F4E-8131-8D66D91D26C7}.profile|x64.Build.0 = profile|x64
		{71983EEC-09A4-3F4E-8131-8D66D91D26C7}.release|x64.ActiveCfg = release|x64
		{71983EEC-09A4-3F4E-8131-8D66D91D26C7}.release|x64.Build.0 = release|x64
		{19ACF458-20E8-38AC-9710-C1CB765ABC83}.debug|x64.ActiveCfg = debug|x64
		{19ACF458-20E8-38AC-9710-C1CB765ABC83}.debug|x64.Build.0 = debug|x64
		{19ACF458-20E8-38AC-9710-C1CB765ABC83}.checked|x64.ActiveCfg = checked|x64
		{19ACF458-20E8-38AC-9710-C1CB765ABC83}.checked|x64.Build.0 = checked|x64
		{19ACF458-20E8-38AC-9710-C1CB765ABC83}.profile|x64.ActiveCfg = profile|x64
		{19ACF458-20E8-38AC-9710-C1CB765ABC83}.profile|x64.Build.0 = profile|x64
		{19ACF458-20E8-38AC-9710-C1CB765ABC83}.release|x64.ActiveCfg = release|x64
		{19ACF458-20E8-38AC-9710-C1CB765ABC83}.release|x64.Build.0 = release|x64
		{103D2358-3096-3451-A2FA-C1AA39E12C16}.debug|x64.ActiveCfg = debug|x64
		{103D2358-3096-3451-A2FA-C1AA39E12C16}.debug|x64.Build.0 = debug|x64
		{103D2358-3096-3451-A2FA-C1AA39E12C16}.checked|x64.ActiveCfg = checked|x64
		{103D2358-3096-3451-A2FA-C1AA39E12C16}.checked|x64.Build.0 = checked|x64
		{103D2358-3096-3451-A2FA-C1AA39E12C16}.profile|x64.ActiveCfg = profile|x64
		{103D2358-3096-3451-A2FA-C1AA39E12C16}.profile|x64.Build.0 = profile|x64
		{103D2358-3096-3451-A2FA-C1AA39E12C16}.release|x64.ActiveCfg = release|x64
		{103D2358-3096-3451-A2FA-C1AA39E12C16}.release|x64.Build.0 = release|x64
		{475754B0-995A-3714-A2C2-34D7D8FB4FEF}.debug|x64.ActiveCfg = debug|x64
		{475754B0-995A-3714-A2C2-34D7D8FB4FEF}.debug|x64.Build.0 = debug|x64
		{475754B0-995A-3714-A2C2-34D7D8FB4FEF}.checked|x64.ActiveCfg = checked|x64
		{475754B0-995A-3714-A2C2-34D7D8FB4FEF}.checked|x64.Build.0 = checked|x64
		{475754B0-995A-3714-A2C2-34D7D8FB4FEF}.profile|x64.ActiveCfg = profile|x64
		{475754B0-995A-3714-A2C2-34D7D8FB4FEF}.profile|x64.Build.0 = profile|x64
		{475754B0-995A-3714-A2C2-34D7D8FB4FEF}.release|x64.ActiveCfg = release|x64
		{475754B0-995A-3714-A2C2-34D7D8FB4FEF}.release|x64.Build.0 = release|x64
		{2B7FAE6D-1A1A-3896-AC92-44167C7385E4}.debug|x64.ActiveCfg = debug|x64
		{2B7FAE6D-1A1A-3896-AC92-44167C7385E4}.debug|x64.Build.0 = debug|x64
		{2B7FAE6D-1A1A-3896-AC92-44167C7385E4}.checked|x64.ActiveCfg = checked|x64
		{2B7FAE6D-1A1A-3896-AC92-44167C7385E4}.checked|x64.Build.0 = checked|x64
		{2B7FAE6D-1A1A-3896-AC92-44167C7385E4}.profile|x64.ActiveCfg = profile|x64
		{2B7FAE6D-1A1A-3896-AC92-44167C7385E4}.profile|x64.Build.0 = profile|x64
		{2B7FAE6D-1A1A-3896-AC92-44167C7385E4}.release|x64.ActiveCfg = release|x64
		{2B7FAE6D-1A1A-3896-AC92-44167C7385E4}.release|x64.Build.0 = release|x64
		{77A51F7E-D1D7-3E1F-AA8F-2A54B2A49EE1}.debug|x64.ActiveCfg = debug|x64
		{77A51F7E-D1D7-3E1F-AA8F-2A54B2A49EE1}.debug|x64.Build.0 = debug|x64
		{77A51F7E-D1D7-3E1F-AA8F-2A54B2A49EE1}.checked|x64.ActiveCfg = checked|x64
		{77A51F7E-D1D7-3E1F-AA8F-2A54B2A49EE1}.checked|x64.Build.0 = checked|x64
		{77A51F7E-D1D7-3E1F-AA8F-2A54B2A49EE1}.profile|x64.ActiveCfg = profile|x64
		{77A51F7E-D1D7-3E1F-AA8F-2A54B2A49EE1}.profile|x64.Build.0 = profile|x64
		{77A51F7E-D1D7-3E1F-AA8F-2A54B2A49EE1}.release|x64.ActiveCfg = release|x64
		{77A51F7E-D1D7-3E1F-AA8F-2A54B2A49EE1}.release|x64.Build.0 = release|x64
		{B71010BC-C64A-3B8E-BD37-1E540FA2E7AB}.debug|x64.ActiveCfg = debug|x64
		{B71010BC-C64A-3B8E-BD37-1E540FA2E7AB}.debug|x64.Build.0 = debug|x64
		{B71010BC-C64A-3B8E-BD37-1E540FA2E7AB}.checked|x64.ActiveCfg = checked|x64
		{B71010BC-C64A-3B8E-BD37-1E540FA2E7AB}.checked|x64.Build.0 = checked|x64
		{B71010BC-C64A-3B8E-BD37-1E540FA2E7AB}.profile|x64.ActiveCfg = profile|x64
		{B71010BC-C64A-3B8E-BD37-1E540FA2E7AB}.profile|x64.Build.0 = profile|x64
		{B71010BC-C64A-3B8E-BD37-1E540FA2E7AB}.release|x64.ActiveCfg = release|x64
		{B71010BC-C64A-3B8E-BD37-1E540FA2E7AB}.release|x64.Build.0 = release|x64
		{A299535C-269A-3190-968A-E1961C257385}.debug|x64.ActiveCfg = debug|x64
		{A299535C-269A-3190-968A-E1961C257385}.debug|x64.Build.0 = debug|x64
		{A299535C-269A-3190-968A-E1961C257385}.checked|x64.ActiveCfg = checked|x64
		{A299535C-269A-3190-968A-E1961C257385}.checked|x64.Build.0 = checked|x64
		{A299535C-269A-3190-968A-E1961C257385}.profile|x64.ActiveCfg = profile|x64
		{A299535C-269A-3190-968A-E1961C257385}.profile|x64.Build.0 = profile|x64
		{A299535C-269A-3190-968A-E1961C257385}.release|x64.ActiveCfg = release|x64
		{A299535C-269A-3190-968A-E1961C257385}.release|x64.Build.0 = release|x64
		{B2E6B832-C877-37D8-AA58-0C5058DD6216}.debug|x64.ActiveCfg = debug|x64
		{B2E6B832-C877-37D8-AA58-0C5058DD6216}.debug|x64.Build.0 = debug|x64
		{B2E6B832-C877-37D8-AA58-0C5058DD6216}.checked|x64.ActiveCfg = checked|x64
		{B2E6B832-C877-37D8-AA58-0C5058DD6216}.checked|x64.Build.0 = checked|x64
		{B2E6B832-C877-37D8-AA58-0C5058DD6216}.profile|x64.ActiveCfg = profile|x64
		{B2E6B832-C877-37D8-AA58-0C5058DD6216}.profile|x64.Build.0 = profile|x64
		{B2E6B832-C877-37D8-AA58-0C5058DD6216}.release|x64.ActiveCfg = release|x64
		{B2E6B832-C877-37D8-AA58-0C5058DD6216}.release|x64.Build.0 = release|x64
		{837691E2-5332-35C5-8451-D4CE98F4E7A9}.debug|x64.ActiveCfg = debug|x64
		{837691E2-5332-35C5-8451-D4CE98F4E7A9}.debug|x64.Build.0 = debug|x64
		{837691E2-5332-35C5-8451-D4CE98F4E7A9}.checked|x64.ActiveCfg = checked|x64
		{837691E2-5332-35C5-8451-D4CE98F4E7A9}.checked|x64.Build.0 = checked|x64
		{837691E2-5332-35C5-8451-D4CE98F4E7A9}.profile|x64.ActiveCfg = profile|x64
		{837691E2-5332-35C5-8451-D4CE98F4E7A9}.profile|x64.Build.0 = profile|x64
		{837691E2-5332-35C5-8451-D4CE98F4E7A9}.release|x64.ActiveCfg = release|x64
		{837691E2-5332-35C5-8451-D4CE98F4E7A9}.release|x64.Build.0 = release|x64
		{65719435-CD89-36DD-890D-296510746B15}.debug|x64.ActiveCfg = debug|x64
		{65719435-CD89-36DD-890D-296510746B15}.debug|x64.Build.0 = debug|x64
		{65719435-CD89-36DD-890D-296510746B15}.checked|x64.ActiveCfg = checked|x64
		{65719435-CD89-36DD-890D-296510746B15}.checked|x64.Build.0 = checked|x64
		{65719435-CD89-36DD-890D-296510746B15}.profile|x64.ActiveCfg = profile|x64
		{65719435-CD89-36DD-890D-296510746B15}.profile|x64.Build.0 = profile|x64
		{65719435-CD89-36DD-890D-296510746B15}.release|x64.ActiveCfg = release|x64
		{65719435-CD89-36DD-890D-296510746B15}.release|x64.Build.0 = release|x64
		{45312D07-0AC4-36AA-A7E4-77D8150FAEBE}.debug|x64.ActiveCfg = debug|x64
		{45312D07-0AC4-36AA-A7E4-77D8150FAEBE}.debug|x64.Build.0 = debug|x64
		{45312D07-0AC4-36AA-A7E4-77D8150FAEBE}.checked|x64.ActiveCfg = checked|x64
		{45312D07-0AC4-36AA-A7E4-77D8150FAEBE}.checked|x64.Build.0 = checked|x64
		{45312D07-0AC4-36AA-A7E4-77D8150FAEBE}.profile|x64.ActiveCfg = profile|x64
		{45312D07-0AC4-36AA-A7E4-77D8150FAEBE}.profile|x64.Build.0 = profile|x64
		{45312D07-0AC4-36AA-A7E4-77D8150FAEBE}.release|x64.ActiveCfg = release|x64
		{45312D07-0AC4-36AA-A7E4-77D8150FAEBE}.release|x64.Build.0 = release|x64
		{C8E111C5-E24C-36CB-8999-5B34F44B4790}.debug|x64.ActiveCfg = debug|x64
		{C8E111C5-E24C-36CB-8999-5B34F44B4790}.debug|x64.Build.0 = debug|x64
		{C8E111C5-E24C-36CB-8999-5B34F44B4790}.checked|x64.ActiveCfg = checked|x64
		{C8E111C5-E24C-36CB-8999-5B34F44B4790}.checked|x64.Build.0 = checked|x64
		{C8E111C5-E24C-36CB-8999-5B34F44B4790}.profile|x64.ActiveCfg = profile|x64
		{C8E111C5-E24C-36CB-8999-5B34F44B4790}.profile|x64.Build.0 = profile|x64
		{C8E111C5-E24C-36CB-8999-5B34F44B4790}.release|x64.ActiveCfg = release|x64
		{C8E111C5-E24C-36CB-8999-5B34F44B4790}.release|x64.Build.0 = release|x64
		{70D70CC3-CCC9-3C29-A60C-88E53B952EF6}.debug|x64.ActiveCfg = debug|x64
		{70D70CC3-CCC9-3C29-A60C-88E53B952EF6}.debug|x64.Build.0 = debug|x64
		{70D70CC3-CCC9-3C29-A60C-88E53B952EF6}.checked|x64.ActiveCfg = checked|x64
		{70D70CC3-CCC9-3C29-A60C-88E53B952EF6}.checked|x64.Build.0 = checked|x64
		{70D70CC3-CCC9-3C29-A60C-88E53B952EF6}.profile|x64.ActiveCfg = profile|x64
		{70D70CC3-CCC9-3C29-A60C-88E53B952EF6}.profile|x64.Build.0 = profile|x64
		{70D70CC3-CCC9-3C29-A60C-88E53B952EF6}.release|x64.ActiveCfg = release|x64
		{70D70CC3-CCC9-3C29-A60C-88E53B952EF6}.release|x64.Build.0 = release|x64
		{098772B9-71AD-3C46-8EBF-4E040C29B67E}.debug|x64.ActiveCfg = debug|x64
		{098772B9-71AD-3C46-8EBF-4E040C29B67E}.debug|x64.Build.0 = debug|x64
		{098772B9-71AD-3C46-8EBF-4E040C29B67E}.checked|x64.ActiveCfg = checked|x64
		{098772B9-71AD-3C46-8EBF-4E040C29B67E}.checked|x64.Build.0 = checked|x64
		{098772B9-71AD-3C46-8EBF-4E040C29B67E}.profile|x64.ActiveCfg = profile|x64
		{098772B9-71AD-3C46-8EBF-4E040C29B67E}.profile|x64.Build.0 = profile|x64
		{098772B9-71AD-3C46-8EBF-4E040C29B67E}.release|x64.ActiveCfg = release|x64
		{098772B9-71AD-3C46-8EBF-4E040C29B67E}.release|x64.Build.0 = release|x64
		{9AD1E7DD-9E08-3942-AD6F-F78490787807}.debug|x64.ActiveCfg = debug|x64
		{9AD1E7DD-9E08-3942-AD6F-F78490787807}.debug|x64.Build.0 = debug|x64
		{9AD1E7DD-9E08-3942-AD6F-F78490787807}.checked|x64.ActiveCfg = checked|x64
		{9AD1E7DD-9E08-3942-AD6F-F78490787807}.checked|x64.Build.0 = checked|x64
		{9AD1E7DD-9E08-3942-AD6F-F78490787807}.profile|x64.ActiveCfg = profile|x64
		{9AD1E7DD-9E08-3942-AD6F-F78490787807}.profile|x64.Build.0 = profile|x64
		{9AD1E7DD-9E08-3942-AD6F-F78490787807}.release|x64.ActiveCfg = release|x64
		{9AD1E7DD-9E08-3942-AD6F-F78490787807}.release|x64.Build.0 = release|x64
		{09F6B078-A37D-311B-85C0-71FB3142741C}.debug|x64.ActiveCfg = debug|x64
		{09F6B078-A37D-311B-85C0-71FB3142741C}.debug|x64.Build.0 = debug|x64
		{09F6B078-A37D-311B-85C0-71FB3142741C}.checked|x64.ActiveCfg = checked|x64
		{09F6B078-A37D-311B-85C0-71FB3142741C}.checked|x64.Build.0 = checked|x64
		{09F6B078-A37D-311B-85C0-71FB3142741C}.profile|x64.ActiveCfg = profile|x64
		{09F6B078-A37D-311B-85C0-71FB3142741C}.profile|x64.Build.0 = profile|x64
		{09F6B078-A37D-311B-85C0-71FB3142741C}.release|x64.ActiveCfg = release|x64
		{09F6B078-A37D-311B-85C0-71FB3142741C}.release|x64.Build.0 = release|x64
		{8F4EB8C5-F39E-3376-B0A4-371C8A88C661}.debug|x64.ActiveCfg = debug|x64
		{8F4EB8C5-F39E-3376-B0A4-371C8A88C661}.debug|x64.Build.0 = debug|x64
		{8F4EB8C5-F39E-3376-B0A4-371C8A88C661}.checked|x64.ActiveCfg = checked|x64
		{8F4EB8C5-F39E-3376-B0A4-371C8A88C661}.checked|x64.Build.0 = checked|x64
		{8F4EB8C5-F39E-3376-B0A4-371C8A88C661}.profile|x64.ActiveCfg = profile|x64
		{8F4EB8C5-F39E-3376-B0A4-371C8A88C661}.profile|x64.Build.0 = profile|x64
		{8F4EB8C5-F39E-3376-B0A4-371C8A88C661}.release|x64.ActiveCfg = release|x64
		{8F4EB8C5-F39E-3376-B0A4-371C8A88C661}.release|x64.Build.0 = release|x64
		{ED34B680-FC95-3397-9FEC-BCD7EFFDD1DB}.debug|x64.ActiveCfg = debug|x64
		{ED34B680-FC95-3397-9FEC-BCD7EFFDD1DB}.debug|x64.Build.0 = debug|x64
		{ED34B680-FC95-3397-9FEC-BCD7EFFDD1DB}.checked|x64.ActiveCfg = checked|x64
		{ED34B680-FC95-3397-9FEC-BCD7EFFDD1DB}.checked|x64.Build.0 = checked|x64
		{ED34B680-FC95-3397-9FEC-BCD7EFFDD1DB}.profile|x64.ActiveCfg = profile|x64
		{ED34B680-FC95-3397-9FEC-BCD7EFFDD1DB}.profile|x64.Build.0 = profile|x64
		{ED34B680-FC95-3397-9FEC-BCD7EFFDD1DB}.release|x64.ActiveCfg = release|x64
		{ED34B680-FC95-3397-9FEC-BCD7EFFDD1DB}.release|x64.Build.0 = release|x64
		{1E59325A-C90B-323B-AE7F-CE3CC2AD9940}.debug|x64.ActiveCfg = debug|x64
		{1E59325A-C90B-323B-AE7F-CE3CC2AD9940}.debug|x64.Build.0 = debug|x64
		{1E59325A-C90B-323B-AE7F-CE3CC2AD9940}.checked|x64.ActiveCfg = checked|x64
		{1E59325A-C90B-323B-AE7F-CE3CC2AD9940}.checked|x64.Build.0 = checked|x64
		{1E59325A-C90B-323B-AE7F-CE3CC2AD9940}.profile|x64.ActiveCfg = profile|x64
		{1E59325A-C90B-323B-AE7F-CE3CC2AD9940}.profile|x64.Build.0 = profile|x64
		{1E59325A-C90B-323B-AE7F-CE3CC2AD9940}.release|x64.ActiveCfg = release|x64
		{1E59325A-C90B-323B-AE7F-CE3CC2AD9940}.release|x64.Build.0 = release|x64
		{9C0842A8-488F-33B7-A8E4-C0A4B4185B40}.debug|x64.ActiveCfg = debug|x64
		{9C0842A8-488F-33B7-A8E4-C0A4B4185B40}.debug|x64.Build.0 = debug|x64
		{9C0842A8-488F-33B7-A8E4-C0A4B4185B40}.checked|x64.ActiveCfg = checked|x64
		{9C0842A8-488F-33B7-A8E4-C0A4B4185B40}.checked|x64.Build.0 = checked|x64
		{9C0842A8-488F-33B7-A8E4-C0A4B4185B40}.profile|x64.ActiveCfg = profile|x64
		{9C0842A8-488F-33B7-A8E4-C0A4B4185B40}.profile|x64.Build.0 = profile|x64
		{9C0842A8-488F-33B7-A8E4-C0A4B4185B40}.release|x64.ActiveCfg = release|x64
		{9C0842A8-488F-33B7-A8E4-C0A4B4185B40}.release|x64.Build.0 = release|x64
		{B73D3117-9A46-3703-B668-B2C8DDA0F058}.debug|x64.ActiveCfg = debug|x64
		{B73D3117-9A46-3703-B668-B2C8DDA0F058}.debug|x64.Build.0 = debug|x64
		{B73D3117-9A46-3703-B668-B2C8DDA0F058}.checked|x64.ActiveCfg = checked|x64
		{B73D3117-9A46-3703-B668-B2C8DDA0F058}.checked|x64.Build.0 = checked|x64
		{B73D3117-9A46-3703-B668-B2C8DDA0F058}.profile|x64.ActiveCfg = profile|x64
		{B73D3117-9A46-3703-B668-B2C8DDA0F058}.profile|x64.Build.0 = profile|x64
		{B73D3117-9A46-3703-B668-B2C8DDA0F058}.release|x64.ActiveCfg = release|x64
		{B73D3117-9A46-3703-B668-B2C8DDA0F058}.release|x64.Build.0 = release|x64
		{034BBA47-4935-37D9-8726-E74ECFBD8A2D}.debug|x64.ActiveCfg = debug|x64
		{034BBA47-4935-37D9-8726-E74ECFBD8A2D}.debug|x64.Build.0 = debug|x64
		{034BBA47-4935-37D9-8726-E74ECFBD8A2D}.checked|x64.ActiveCfg = checked|x64
		{034BBA47-4935-37D9-8726-E74ECFBD8A2D}.checked|x64.Build.0 = checked|x64
		{034BBA47-4935-37D9-8726-E74ECFBD8A2D}.profile|x64.ActiveCfg = profile|x64
		{034BBA47-4935-37D9-8726-E74ECFBD8A2D}.profile|x64.Build.0 = profile|x64
		{034BBA47-4935-37D9-8726-E74ECFBD8A2D}.release|x64.ActiveCfg = release|x64
		{034BBA47-4935-37D9-8726-E74ECFBD8A2D}.release|x64.Build.0 = release|x64
		{BED9E304-DB85-3A74-BDCD-0BF8D78CAFAC}.debug|x64.ActiveCfg = debug|x64
		{BED9E304-DB85-3A74-BDCD-0BF8D78CAFAC}.debug|x64.Build.0 = debug|x64
		{BED9E304-DB85-3A74-BDCD-0BF8D78CAFAC}.checked|x64.ActiveCfg = checked|x64
		{BED9E304-DB85-3A74-BDCD-0BF8D78CAFAC}.checked|x64.Build.0 = checked|x64
		{BED9E304-DB85-3A74-BDCD-0BF8D78CAFAC}.profile|x64.ActiveCfg = profile|x64
		{BED9E304-DB85-3A74-BDCD-0BF8D78CAFAC}.profile|x64.Build.0 = profile|x64
		{BED9E304-DB85-3A74-BDCD-0BF8D78CAFAC}.release|x64.ActiveCfg = release|x64
		{BED9E304-DB85-3A74-BDCD-0BF8D78CAFAC}.release|x64.Build.0 = release|x64
		{D96C11E8-8CD2-3C45-A22E-E8E1DD8442AA}.debug|x64.ActiveCfg = debug|x64
		{D96C11E8-8CD2-3C45-A22E-E8E1DD8442AA}.debug|x64.Build.0 = debug|x64
		{D96C11E8-8CD2-3C45-A22E-E8E1DD8442AA}.checked|x64.ActiveCfg = checked|x64
		{D96C11E8-8CD2-3C45-A22E-E8E1DD8442AA}.checked|x64.Build.0 = checked|x64
		{D96C11E8-8CD2-3C45-A22E-E8E1DD8442AA}.profile|x64.ActiveCfg = profile|x64
		{D96C11E8-8CD2-3C45-A22E-E8E1DD8442AA}.profile|x64.Build.0 = profile|x64
		{D96C11E8-8CD2-3C45-A22E-E8E1DD8442AA}.release|x64.ActiveCfg = release|x64
		{D96C11E8-8CD2-3C45-A22E-E8E1DD8442AA}.release|x64.Build.0 = release|x64
		{4F777D25-94C6-3EB7-A29F-1B442D70E857}.debug|x64.ActiveCfg = debug|x64
		{4F777D25-94C6-3EB7-A29F-1B442D70E857}.debug|x64.Build.0 = debug|x64
		{4F777D25-94C6-3EB7-A29F-1B442D70E857}.checked|x64.ActiveCfg = checked|x64
		{4F777D25-94C6-3EB7-A29F-1B442D70E857}.checked|x64.Build.0 = checked|x64
		{4F777D25-94C6-3EB7-A29F-1B442D70E857}.profile|x64.ActiveCfg = profile|x64
		{4F777D25-94C6-3EB7-A29F-1B442D70E857}.profile|x64.Build.0 = profile|x64
		{4F777D25-94C6-3EB7-A29F-1B442D70E857}.release|x64.ActiveCfg = release|x64
		{4F777D25-94C6-3EB7-A29F-1B442D70E857}.release|x64.Build.0 = release|x64
		{0E5088B0-27CD-3953-A61E-1E6F311140CE}.debug|x64.ActiveCfg = debug|x64
		{0E5088B0-27CD-3953-A61E-1E6F311140CE}.debug|x64.Build.0 = debug|x64
		{0E5088B0-27CD-3953-A61E-1E6F311140CE}.checked|x64.ActiveCfg = checked|x64
		{0E5088B0-27CD-3953-A61E-1E6F311140CE}.checked|x64.Build.0 = checked|x64
		{0E5088B0-27CD-3953-A61E-1E6F311140CE}.profile|x64.ActiveCfg = profile|x64
		{0E5088B0-27CD-3953-A61E-1E6F311140CE}.profile|x64.Build.0 = profile|x64
		{0E5088B0-27CD-3953-A61E-1E6F311140CE}.release|x64.ActiveCfg = release|x64
		{0E5088B0-27CD-3953-A61E-1E6F311140CE}.release|x64.Build.0 = release|x64
		{FFD220E5-9252-370F-8A8E-F08077FE911F}.debug|x64.ActiveCfg = debug|x64
		{FFD220E5-9252-370F-8A8E-F08077FE911F}.debug|x64.Build.0 = debug|x64
		{FFD220E5-9252-370F-8A8E-F08077FE911F}.checked|x64.ActiveCfg = checked|x64
		{FFD220E5-9252-370F-8A8E-F08077FE911F}.checked|x64.Build.0 = checked|x64
		{FFD220E5-9252-370F-8A8E-F08077FE911F}.profile|x64.ActiveCfg = profile|x64
		{FFD220E5-9252-370F-8A8E-F08077FE911F}.profile|x64.Build.0 = profile|x64
		{FFD220E5-9252-370F-8A8E-F08077FE911F}.release|x64.ActiveCfg = release|x64
		{FFD220E5-9252-370F-8A8E-F08077FE911F}.release|x64.Build.0 = release|x64
		{AD1BAF39-6E48-3EDB-B146-65DEDDEC539D}.debug|x64.ActiveCfg = debug|x64
		{AD1BAF39-6E48-3EDB-B146-65DEDDEC539D}.debug|x64.Build.0 = debug|x64
		{AD1BAF39-6E48-3EDB-B146-65DEDDEC539D}.checked|x64.ActiveCfg = checked|x64
		{AD1BAF39-6E48-3EDB-B146-65DEDDEC539D}.checked|x64.Build.0 = checked|x64
		{AD1BAF39-6E48-3EDB-B146-65DEDDEC539D}.profile|x64.ActiveCfg = profile|x64
		{AD1BAF39-6E48-3EDB-B146-65DEDDEC539D}.profile|x64.Build.0 = profile|x64
		{AD1BAF39-6E48-3EDB-B146-65DEDDEC539D}.release|x64.ActiveCfg = release|x64
		{AD1BAF39-6E48-3EDB-B146-65DEDDEC539D}.release|x64.Build.0 = release|x64
		{1CE0D247-92BC-3D24-BC39-647D613AFDFF}.debug|x64.ActiveCfg = debug|x64
		{1CE0D247-92BC-3D24-BC39-647D613AFDFF}.debug|x64.Build.0 = debug|x64
		{1CE0D247-92BC-3D24-BC39-647D613AFDFF}.checked|x64.ActiveCfg = checked|x64
		{1CE0D247-92BC-3D24-BC39-647D613AFDFF}.checked|x64.Build.0 = checked|x64
		{1CE0D247-92BC-3D24-BC39-647D613AFDFF}.profile|x64.ActiveCfg = profile|x64
		{1CE0D247-92BC-3D24-BC39-647D613AFDFF}.profile|x64.Build.0 = profile|x64
		{1CE0D247-92BC-3D24-BC39-647D613AFDFF}.release|x64.ActiveCfg = release|x64
		{1CE0D247-92BC-3D24-BC39-647D613AFDFF}.release|x64.Build.0 = release|x64
		{711A8214-F8FC-30A0-A23B-9CA529408F5D}.debug|x64.ActiveCfg = debug|x64
		{711A8214-F8FC-30A0-A23B-9CA529408F5D}.debug|x64.Build.0 = debug|x64
		{711A8214-F8FC-30A0-A23B-9CA529408F5D}.checked|x64.ActiveCfg = checked|x64
		{711A8214-F8FC-30A0-A23B-9CA529408F5D}.checked|x64.Build.0 = checked|x64
		{711A8214-F8FC-30A0-A23B-9CA529408F5D}.profile|x64.ActiveCfg = profile|x64
		{711A8214-F8FC-30A0-A23B-9CA529408F5D}.profile|x64.Build.0 = profile|x64
		{711A8214-F8FC-30A0-A23B-9CA529408F5D}.release|x64.ActiveCfg = release|x64
		{711A8214-F8FC-30A0-A23B-9CA529408F5D}.release|x64.Build.0 = release|x64
		{2A82E155-94D2-321F-BC34-E4F0C9AE1BA4}.debug|x64.ActiveCfg = debug|x64
		{2A82E155-94D2-321F-BC34-E4F0C9AE1BA4}.debug|x64.Build.0 = debug|x64
		{2A82E155-94D2-321F-BC34-E4F0C9AE1BA4}.checked|x64.ActiveCfg = checked|x64
		{2A82E155-94D2-321F-BC34-E4F0C9AE1BA4}.checked|x64.Build.0 = checked|x64
		{2A82E155-94D2-321F-BC34-E4F0C9AE1BA4}.profile|x64.ActiveCfg = profile|x64
		{2A82E155-94D2-321F-BC34-E4F0C9AE1BA4}.profile|x64.Build.0 = profile|x64
		{2A82E155-94D2-321F-BC34-E4F0C9AE1BA4}.release|x64.ActiveCfg = release|x64
		{2A82E155-94D2-321F-BC34-E4F0C9AE1BA4}.release|x64.Build.0 = release|x64
		{69D47186-DFFA-3F52-A080-4D86046873A3}.debug|x64.ActiveCfg = debug|x64
		{69D47186-DFFA-3F52-A080-4D86046873A3}.debug|x64.Build.0 = debug|x64
		{69D47186-DFFA-3F52-A080-4D86046873A3}.checked|x64.ActiveCfg = checked|x64
		{69D47186-DFFA-3F52-A080-4D86046873A3}.checked|x64.Build.0 = checked|x64
		{69D47186-DFFA-3F52-A080-4D86046873A3}.profile|x64.ActiveCfg = profile|x64
		{69D47186-DFFA-3F52-A080-4D86046873A3}.profile|x64.Build.0 = profile|x64
		{69D47186-DFFA-3F52-A080-4D86046873A3}.release|x64.ActiveCfg = release|x64
		{69D47186-DFFA-3F52-A080-4D86046873A3}.release|x64.Build.0 = release|x64
		{02D9B568-5974-3D27-93DD-5C7262F5A7A3}.debug|x64.ActiveCfg = debug|x64
		{02D9B568-5974-3D27-93DD-5C7262F5A7A3}.debug|x64.Build.0 = debug|x64
		{02D9B568-5974-3D27-93DD-5C7262F5A7A3}.checked|x64.ActiveCfg = checked|x64
		{02D9B568-5974-3D27-93DD-5C7262F5A7A3}.checked|x64.Build.0 = checked|x64
		{02D9B568-5974-3D27-93DD-5C7262F5A7A3}.profile|x64.ActiveCfg = profile|x64
		{02D9B568-5974-3D27-93DD-5C7262F5A7A3}.profile|x64.Build.0 = profile|x64
		{02D9B568-5974-3D27-93DD-5C7262F5A7A3}.release|x64.ActiveCfg = release|x64
		{02D9B568-5974-3D27-93DD-5C7262F5A7A3}.release|x64.Build.0 = release|x64
		{5D0745F9-9B6C-3EDE-B6BB-780B270AA6E9}.debug|x64.ActiveCfg = debug|x64
		{5D0745F9-9B6C-3EDE-B6BB-780B270AA6E9}.debug|x64.Build.0 = debug|x64
		{5D0745F9-9B6C-3EDE-B6BB-780B270AA6E9}.checked|x64.ActiveCfg = checked|x64
		{5D0745F9-9B6C-3EDE-B6BB-780B270AA6E9}.checked|x64.Build.0 = checked|x64
		{5D0745F9-9B6C-3EDE-B6BB-780B270AA6E9}.profile|x64.ActiveCfg = profile|x64
		{5D0745F9-9B6C-3EDE-B6BB-780B270AA6E9}.profile|x64.Build.0 = profile|x64
		{5D0745F9-9B6C-3EDE-B6BB-780B270AA6E9}.release|x64.ActiveCfg = release|x64
		{5D0745F9-9B6C-3EDE-B6BB-780B270AA6E9}.release|x64.Build.0 = release|x64
		{F8FD67E5-FF4F-3FC7-9578-A5F9A8E16929}.debug|x64.ActiveCfg = debug|x64
		{F8FD67E5-FF4F-3FC7-9578-A5F9A8E16929}.debug|x64.Build.0 = debug|x64
		{F8FD67E5-FF4F-3FC7-9578-A5F9A8E16929}.checked|x64.ActiveCfg = checked|x64
		{F8FD67E5-FF4F-3FC7-9578-A5F9A8E16929}.checked|x64.Build.0 = checked|x64
		{F8FD67E5-FF4F-3FC7-9578-A5F9A8E16929}.profile|x64.ActiveCfg = profile|x64
		{F8FD67E5-FF4F-3FC7-9578-A5F9A8E16929}.profile|x64.Build.0 = profile|x64
		{F8FD67E5-FF4F-3FC7-9578-A5F9A8E16929}.release|x64.ActiveCfg = release|x64
		{F8FD67E5-FF4F-3FC7-9578-A5F9A8E16929}.release|x64.Build.0 = release|x64
		{13C25955-C907-3347-968C-E0211333EBA1}.debug|x64.ActiveCfg = debug|x64
		{13C25955-C907-3347-968C-E0211333EBA1}.debug|x64.Build.0 = debug|x64
		{13C25955-C907-3347-968C-E0211333EBA1}.checked|x64.ActiveCfg = checked|x64
		{13C25955-C907-3347-968C-E0211333EBA1}.checked|x64.Build.0 = checked|x64
		{13C25955-C907-3347-968C-E0211333EBA1}.profile|x64.ActiveCfg = profile|x64
		{13C25955-C907-3347-968C-E0211333EBA1}.profile|x64.Build.0 = profile|x64
		{13C25955-C907-3347-968C-E0211333EBA1}.release|x64.ActiveCfg = release|x64
		{13C25955-C907-3347-968C-E0211333EBA1}.release|x64.Build.0 = release|x64
		{CDFA6351-0C4D-3471-A740-AB7C08F24890}.debug|x64.ActiveCfg = debug|x64
		{CDFA6351-0C4D-3471-A740-AB7C08F24890}.debug|x64.Build.0 = debug|x64
		{CDFA6351-0C4D-3471-A740-AB7C08F24890}.checked|x64.ActiveCfg = checked|x64
		{CDFA6351-0C4D-3471-A740-AB7C08F24890}.checked|x64.Build.0 = checked|x64
		{CDFA6351-0C4D-3471-A740-AB7C08F24890}.profile|x64.ActiveCfg = profile|x64
		{CDFA6351-0C4D-3471-A740-AB7C08F24890}.profile|x64.Build.0 = profile|x64
		{CDFA6351-0C4D-3471-A740-AB7C08F24890}.release|x64.ActiveCfg = release|x64
		{CDFA6351-0C4D-3471-A740-AB7C08F24890}.release|x64.Build.0 = release|x64
		{85C0621D-0EC1-330A-88C8-720827C3269A}.debug|x64.ActiveCfg = debug|x64
		{85C0621D-0EC1-330A-88C8-720827C3269A}.debug|x64.Build.0 = debug|x64
		{85C0621D-0EC1-330A-88C8-720827C3269A}.checked|x64.ActiveCfg = checked|x64
		{85C0621D-0EC1-330A-88C8-720827C3269A}.checked|x64.Build.0 = checked|x64
		{85C0621D-0EC1-330A-88C8-720827C3269A}.profile|x64.ActiveCfg = profile|x64
		{85C0621D-0EC1-330A-88C8-720827C3269A}.profile|x64.Build.0 = profile|x64
		{85C0621D-0EC1-330A-88C8-720827C3269A}.release|x64.ActiveCfg = release|x64
		{85C0621D-0EC1-330A-88C8-720827C3269A}.release|x64.Build.0 = release|x64
		{0A3537F2-BE14-3DAD-A5B2-E78E4D906F4C}.debug|x64.ActiveCfg = debug|x64
		{0A3537F2-BE14-3DAD-A5B2-E78E4D906F4C}.debug|x64.Build.0 = debug|x64
		{0A3537F2-BE14-3DAD-A5B2-E78E4D906F4C}.checked|x64.ActiveCfg = checked|x64
		{0A3537F2-BE14-3DAD-A5B2-E78E4D906F4C}.checked|x64.Build.0 = checked|x64
		{0A3537F2-BE14-3DAD-A5B2-E78E4D906F4C}.profile|x64.ActiveCfg = profile|x64
		{0A3537F2-BE14-3DAD-A5B2-E78E4D906F4C}.profile|x64.Build.0 = profile|x64
		{0A3537F2-BE14-3DAD-A5B2-E78E4D906F4C}.release|x64.ActiveCfg = release|x64
		{0A3537F2-BE14-3DAD-A5B2-E78E4D906F4C}.release|x64.Build.0 = release|x64
		{B2E05224-0A29-380C-946F-07DAEBC1C403}.debug|x64.ActiveCfg = debug|x64
		{B2E05224-0A29-380C-946F-07DAEBC1C403}.debug|x64.Build.0 = debug|x64
		{B2E05224-0A29-380C-946F-07DAEBC1C403}.checked|x64.ActiveCfg = checked|x64
		{B2E05224-0A29-380C-946F-07DAEBC1C403}.checked|x64.Build.0 = checked|x64
		{B2E05224-0A29-380C-946F-07DAEBC1C403}.profile|x64.ActiveCfg = profile|x64
		{B2E05224-0A29-380C-946F-07DAEBC1C403}.profile|x64.Build.0 = profile|x64
		{B2E05224-0A29-380C-946F-07DAEBC1C403}.release|x64.ActiveCfg = release|x64
		{B2E05224-0A29-380C-946F-07DAEBC1C403}.release|x64.Build.0 = release|x64
		{84755729-7489-31AE-A196-272A40298D47}.debug|x64.ActiveCfg = debug|x64
		{84755729-7489-31AE-A196-272A40298D47}.debug|x64.Build.0 = debug|x64
		{84755729-7489-31AE-A196-272A40298D47}.checked|x64.ActiveCfg = checked|x64
		{84755729-7489-31AE-A196-272A40298D47}.checked|x64.Build.0 = checked|x64
		{84755729-7489-31AE-A196-272A40298D47}.profile|x64.ActiveCfg = profile|x64
		{84755729-7489-31AE-A196-272A40298D47}.profile|x64.Build.0 = profile|x64
		{84755729-7489-31AE-A196-272A40298D47}.release|x64.ActiveCfg = release|x64
		{84755729-7489-31AE-A196-272A40298D47}.release|x64.Build.0 = release|x64
		{CAB0793E-A5B1-3EFE-A710-E1431EB1ED09}.debug|x64.ActiveCfg = debug|x64
		{CAB0793E-A5B1-3EFE-A710-E1431EB1ED09}.debug|x64.Build.0 = debug|x64
		{CAB0793E-A5B1-3EFE-A710-E1431EB1ED09}.checked|x64.ActiveCfg = checked|x64
		{CAB0793E-A5B1-3EFE-A710-E1431EB1ED09}.checked|x64.Build.0 = checked|x64
		{CAB0793E-A5B1-3EFE-A710-E1431EB1ED09}.profile|x64.ActiveCfg = profile|x64
		{CAB0793E-A5B1-3EFE-A710-E1431EB1ED09}.profile|x64.Build.0 = profile|x64
		{CAB0793E-A5B1-3EFE-A710-E1431EB1ED09}.release|x64.ActiveCfg = release|x64
		{CAB0793E-A5B1-3EFE-A710-E1431EB1ED09}.release|x64.Build.0 = release|x64
		{D3F127D3-1804-3590-9014-498B990CD701}.debug|x64.ActiveCfg = debug|x64
		{D3F127D3-1804-3590-9014-498B990CD701}.debug|x64.Build.0 = debug|x64
		{D3F127D3-1804-3590-9014-498B990CD701}.checked|x64.ActiveCfg = checked|x64
		{D3F127D3-1804-3590-9014-498B990CD701}.checked|x64.Build.0 = checked|x64
		{D3F127D3-1804-3590-9014-498B990CD701}.profile|x64.ActiveCfg = profile|x64
		{D3F127D3-1804-3590-9014-498B990CD701}.profile|x64.Build.0 = profile|x64
		{D3F127D3-1804-3590-9014-498B990CD701}.release|x64.ActiveCfg = release|x64
		{D3F127D3-1804-3590-9014-498B990CD701}.release|x64.Build.0 = release|x64
		{85C262D0-5205-3C08-B5DF-8A36EDB33BF4}.debug|x64.ActiveCfg = debug|x64
		{85C262D0-5205-3C08-B5DF-8A36EDB33BF4}.debug|x64.Build.0 = debug|x64
		{85C262D0-5205-3C08-B5DF-8A36EDB33BF4}.checked|x64.ActiveCfg = checked|x64
		{85C262D0-5205-3C08-B5DF-8A36EDB33BF4}.checked|x64.Build.0 = checked|x64
		{85C262D0-5205-3C08-B5DF-8A36EDB33BF4}.profile|x64.ActiveCfg = profile|x64
		{85C262D0-5205-3C08-B5DF-8A36EDB33BF4}.profile|x64.Build.0 = profile|x64
		{85C262D0-5205-3C08-B5DF-8A36EDB33BF4}.release|x64.ActiveCfg = release|x64
		{85C262D0-5205-3C08-B5DF-8A36EDB33BF4}.release|x64.Build.0 = release|x64
		{E60537F2-1B23-31CC-88E7-A13D8387802D}.debug|x64.ActiveCfg = debug|x64
		{E60537F2-1B23-31CC-88E7-A13D8387802D}.debug|x64.Build.0 = debug|x64
		{E60537F2-1B23-31CC-88E7-A13D8387802D}.checked|x64.ActiveCfg = checked|x64
		{E60537F2-1B23-31CC-88E7-A13D8387802D}.checked|x64.Build.0 = checked|x64
		{E60537F2-1B23-31CC-88E7-A13D8387802D}.profile|x64.ActiveCfg = profile|x64
		{E60537F2-1B23-31CC-88E7-A13D8387802D}.profile|x64.Build.0 = profile|x64
		{E60537F2-1B23-31CC-88E7-A13D8387802D}.release|x64.ActiveCfg = release|x64
		{E60537F2-1B23-31CC-88E7-A13D8387802D}.release|x64.Build.0 = release|x64
		{B913AD6D-137C-35A2-A0DE-D1550A937C56}.debug|x64.ActiveCfg = debug|x64
		{B913AD6D-137C-35A2-A0DE-D1550A937C56}.debug|x64.Build.0 = debug|x64
		{B913AD6D-137C-35A2-A0DE-D1550A937C56}.checked|x64.ActiveCfg = checked|x64
		{B913AD6D-137C-35A2-A0DE-D1550A937C56}.checked|x64.Build.0 = checked|x64
		{B913AD6D-137C-35A2-A0DE-D1550A937C56}.profile|x64.ActiveCfg = profile|x64
		{B913AD6D-137C-35A2-A0DE-D1550A937C56}.profile|x64.Build.0 = profile|x64
		{B913AD6D-137C-35A2-A0DE-D1550A937C56}.release|x64.ActiveCfg = release|x64
		{B913AD6D-137C-35A2-A0DE-D1550A937C56}.release|x64.Build.0 = release|x64
		{0D1A43CF-ECBB-35E1-B5EB-EA9FAD9BB774}.debug|x64.ActiveCfg = debug|x64
		{0D1A43CF-ECBB-35E1-B5EB-EA9FAD9BB774}.debug|x64.Build.0 = debug|x64
		{0D1A43CF-ECBB-35E1-B5EB-EA9FAD9BB774}.checked|x64.ActiveCfg = checked|x64
		{0D1A43CF-ECBB-35E1-B5EB-EA9FAD9BB774}.checked|x64.Build.0 = checked|x64
		{0D1A43CF-ECBB-35E1-B5EB-EA9FAD9BB774}.profile|x64.ActiveCfg = profile|x64
		{0D1A43CF-ECBB-35E1-B5EB-EA9FAD9BB774}.profile|x64.Build.0 = profile|x64
		{0D1A43CF-ECBB-35E1-B5EB-EA9FAD9BB774}.release|x64.ActiveCfg = release|x64
		{0D1A43CF-ECBB-35E1-B5EB-EA9FAD9BB774}.release|x64.Build.0 = release|x64
		{CDBEF4C7-D392-31D5-B418-0DAD3BEEFE9B}.debug|x64.ActiveCfg = debug|x64
		{CDBEF4C7-D392-31D5-B418-0DAD3BEEFE9B}.debug|x64.Build.0 = debug|x64
		{CDBEF4C7-D392-31D5-B418-0DAD3BEEFE9B}.checked|x64.ActiveCfg = checked|x64
		{CDBEF4C7-D392-31D5-B418-0DAD3BEEFE9B}.checked|x64.Build.0 = checked|x64
		{CDBEF4C7-D392-31D5-B418-0DAD3BEEFE9B}.profile|x64.ActiveCfg = profile|x64
		{CDBEF4C7-D392-31D5-B418-0DAD3BEEFE9B}.profile|x64.Build.0 = profile|x64
		{CDBEF4C7-D392-31D5-B418-0DAD3BEEFE9B}.release|x64.ActiveCfg = release|x64
		{CDBEF4C7-D392-31D5-B418-0DAD3BEEFE9B}.release|x64.Build.0 = release|x64
	EndGlobalSection
	GlobalSection(NestedProjects) = preSolution
		{0598921D-17E5-3B5E-A69B-22396B87B8A0} = {1334051C-0833-302F-8456-9C7358860897}
		{5161B0B2-C440-3216-88E7-50CA4D8C31E1} = {1334051C-0833-302F-8456-9C7358860897}
		{CDBEF4C7-D392-31D5-B418-0DAD3BEEFE9B} = {1334051C-0833-302F-8456-9C7358860897}
		{77783ADA-8E13-384F-8B54-644B515F20B7} = {03D1B547-E60B-3E46-BB57-D2D432BFA98D}
		{31955868-97C9-3963-B7BD-E352F4DE2DDE} = {03D1B547-E60B-3E46-BB57-D2D432BFA98D}
		{91FAA62B-B89C-3251-988E-8C53F36C2B58} = {03D1B547-E60B-3E46-BB57-D2D432BFA98D}
		{71983EEC-09A4-3F4E-8131-8D66D91D26C7} = {03D1B547-E60B-3E46-BB57-D2D432BFA98D}
		{19ACF458-20E8-38AC-9710-C1CB765ABC83} = {03D1B547-E60B-3E46-BB57-D2D432BFA98D}
		{103D2358-3096-3451-A2FA-C1AA39E12C16} = {03D1B547-E60B-3E46-BB57-D2D432BFA98D}
		{475754B0-995A-3714-A2C2-34D7D8FB4FEF} = {03D1B547-E60B-3E46-BB57-D2D432BFA98D}
		{2B7FAE6D-1A1A-3896-AC92-44167C7385E4} = {03D1B547-E60B-3E46-BB57-D2D432BFA98D}
		{77A51F7E-D1D7-3E1F-AA8F-2A54B2A49EE1} = {03D1B547-E60B-3E46-BB57-D2D432BFA98D}
		{B71010BC-C64A-3B8E-BD37-1E540FA2E7AB} = {03D1B547-E60B-3E46-BB57-D2D432BFA98D}
		{A299535C-269A-3190-968A-E1961C257385} = {03D1B547-E60B-3E46-BB57-D2D432BFA98D}
		{B2E6B832-C877-37D8-AA58-0C5058DD6216} = {03D1B547-E60B-3E46-BB57-D2D432BFA98D}
		{837691E2-5332-35C5-8451-D4CE98F4E7A9} = {03D1B547-E60B-3E46-BB57-D2D432BFA98D}
		{65719435-CD89-36DD-890D-296510746B15} = {03D1B547-E60B-3E46-BB57-D2D432BFA98D}
		{45312D07-0AC4-36AA-A7E4-77D8150FAEBE} = {03D1B547-E60B-3E46-BB57-D2D432BFA98D}
		{C8E111C5-E24C-36CB-8999-5B34F44B4790} = {9412828F-1EF9-3152-A9F8-3AA13836A621}
		{70D70CC3-CCC9-3C29-A60C-88E53B952EF6} = {9412828F-1EF9-3152-A9F8-3AA13836A621}
		{098772B9-71AD-3C46-8EBF-4E040C29B67E} = {9412828F-1EF9-3152-A9F8-3AA13836A621}
		{9AD1E7DD-9E08-3942-AD6F-F78490787807} = {9412828F-1EF9-3152-A9F8-3AA13836A621}
		{09F6B078-A37D-311B-85C0-71FB3142741C} = {9412828F-1EF9-3152-A9F8-3AA13836A621}
		{8F4EB8C5-F39E-3376-B0A4-371C8A88C661} = {9412828F-1EF9-3152-A9F8-3AA13836A621}
		{ED34B680-FC95-3397-9FEC-BCD7EFFDD1DB} = {9412828F-1EF9-3152-A9F8-3AA13836A621}
		{1E59325A-C90B-323B-AE7F-CE3CC2AD9940} = {9412828F-1EF9-3152-A9F8-3AA13836A621}
		{9C0842A8-488F-33B7-A8E4-C0A4B4185B40} = {9412828F-1EF9-3152-A9F8-3AA13836A621}
		{B73D3117-9A46-3703-B668-B2C8DDA0F058} = {9412828F-1EF9-3152-A9F8-3AA13836A621}
		{034BBA47-4935-37D9-8726-E74ECFBD8A2D} = {9412828F-1EF9-3152-A9F8-3AA13836A621}
		{BED9E304-DB85-3A74-BDCD-0BF8D78CAFAC} = {9412828F-1EF9-3152-A9F8-3AA13836A621}
		{D96C11E8-8CD2-3C45-A22E-E8E1DD8442AA} = {9412828F-1EF9-3152-A9F8-3AA13836A621}
		{4F777D25-94C6-3EB7-A29F-1B442D70E857} = {9412828F-1EF9-3152-A9F8-3AA13836A621}
		{0E5088B0-27CD-3953-A61E-1E6F311140CE} = {9412828F-1EF9-3152-A9F8-3AA13836A621}
		{FFD220E5-9252-370F-8A8E-F08077FE911F} = {9412828F-1EF9-3152-A9F8-3AA13836A621}
		{AD1BAF39-6E48-3EDB-B146-65DEDDEC539D} = {9412828F-1EF9-3152-A9F8-3AA13836A621}
		{1CE0D247-92BC-3D24-BC39-647D613AFDFF} = {9412828F-1EF9-3152-A9F8-3AA13836A621}
		{711A8214-F8FC-30A0-A23B-9CA529408F5D} = {9412828F-1EF9-3152-A9F8-3AA13836A621}
		{2A82E155-94D2-321F-BC34-E4F0C9AE1BA4} = {9412828F-1EF9-3152-A9F8-3AA13836A621}
		{69D47186-DFFA-3F52-A080-4D86046873A3} = {9412828F-1EF9-3152-A9F8-3AA13836A621}
		{02D9B568-5974-3D27-93DD-5C7262F5A7A3} = {9412828F-1EF9-3152-A9F8-3AA13836A621}
		{5D0745F9-9B6C-3EDE-B6BB-780B270AA6E9} = {9412828F-1EF9-3152-A9F8-3AA13836A621}
		{F8FD67E5-FF4F-3FC7-9578-A5F9A8E16929} = {9412828F-1EF9-3152-A9F8-3AA13836A621}
		{13C25955-C907-3347-968C-E0211333EBA1} = {9412828F-1EF9-3152-A9F8-3AA13836A621}
		{CDFA6351-0C4D-3471-A740-AB7C08F24890} = {9412828F-1EF9-3152-A9F8-3AA13836A621}
		{85C0621D-0EC1-330A-88C8-720827C3269A} = {9412828F-1EF9-3152-A9F8-3AA13836A621}
		{0A3537F2-BE14-3DAD-A5B2-E78E4D906F4C} = {9412828F-1EF9-3152-A9F8-3AA13836A621}
		{B2E05224-0A29-380C-946F-07DAEBC1C403} = {9412828F-1EF9-3152-A9F8-3AA13836A621}
		{84755729-7489-31AE-A196-272A40298D47} = {9412828F-1EF9-3152-A9F8-3AA13836A621}
		{CAB0793E-A5B1-3EFE-A710-E1431EB1ED09} = {9412828F-1EF9-3152-A9F8-3AA13836A621}
		{D3F127D3-1804-3590-9014-498B990CD701} = {9412828F-1EF9-3152-A9F8-3AA13836A621}
		{85C262D0-5205-3C08-B5DF-8A36EDB33BF4} = {9412828F-1EF9-3152-A9F8-3AA13836A621}
		{E60537F2-1B23-31CC-88E7-A13D8387802D} = {9412828F-1EF9-3152-A9F8-3AA13836A621}
		{B913AD6D-137C-35A2-A0DE-D1550A937C56} = {9412828F-1EF9-3152-A9F8-3AA13836A621}
		{0D1A43CF-ECBB-35E1-B5EB-EA9FAD9BB774} = {9412828F-1EF9-3152-A9F8-3AA13836A621}
	EndGlobalSection
	GlobalSection(ExtensibilityGlobals) = postSolution
		SolutionGuid = {6592BCA4-5545-3974-866B-E236AC2D1B83}
	EndGlobalSection
	GlobalSection(ExtensibilityAddIns) = postSolution
	EndGlobalSection
EndGlobal
