<?xml version="1.0" encoding="utf-8"?>
<Project ToolsVersion="15.0" xmlns="http://schemas.microsoft.com/developer/msbuild/2003">
  <ItemGroup>
    <ClCompile Include="D:\01-Learning\07-PhysX\physx\snippets\snippetcommon\ClassicMain.cpp">
      <Filter>Source Files</Filter>
    </ClCompile>
    <ClCompile Include="D:\01-Learning\07-PhysX\physx\snippets\snippetdelayloadhook\SnippetDelayLoadHook.cpp">
      <Filter>Source Files</Filter>
    </ClCompile>
    <ClCompile Include="D:\01-Learning\07-PhysX\physx\snippets\snippetdelayloadhook\SnippetDelayLoadHookRender.cpp">
      <Filter>Source Files</Filter>
    </ClCompile>
  </ItemGroup>
  <ItemGroup>
    <ClInclude Include="D:\01-Learning\07-PhysX\physx\snippets\snippetcommon\SnippetPrint.h">
      <Filter>Header Files</Filter>
    </ClInclude>
    <ClInclude Include="D:\01-Learning\07-PhysX\physx\snippets\snippetcommon\SnippetPVD.h">
      <Filter>Header Files</Filter>
    </ClInclude>
  </ItemGroup>
  <ItemGroup>
    <CustomBuild Include="D:\01-Learning\07-PhysX\physx\snippets\compiler\cmake\CMakeLists.txt" />
  </ItemGroup>
  <ItemGroup>
    <Filter Include="Header Files">
      <UniqueIdentifier>{716E49B3-C307-3AF1-9834-B545C43518FE}</UniqueIdentifier>
    </Filter>
    <Filter Include="Source Files">
      <UniqueIdentifier>{59BDA6E9-54F6-3952-A96E-6BCF954C1E05}</UniqueIdentifier>
    </Filter>
  </ItemGroup>
</Project>
