
Microsoft Visual Studio Solution File, Format Version 12.00
# Visual Studio 15
Project("{2150E333-8FDC-42A3-9474-1A3956D46DE8}") = "CMakePredefinedTargets", "CMakePredefinedTargets", "{271266C4-88CA-361D-82FA-6EFC6B4971C8}"
EndProject
Project("{2150E333-8FDC-42A3-9474-1A3956D46DE8}") = "PhysX SDK", "PhysX SDK", "{FFCCA6EE-C588-3744-9EA6-D7D4CF5DA97A}"
EndProject
Project("{2150E333-8FDC-42A3-9474-1A3956D46DE8}") = "PhysX Samples", "PhysX Samples", "{AEFB3695-8431-3FDF-B48C-C3853EAE47E0}"
EndProject
Project("{2150E333-8FDC-42A3-9474-1A3956D46DE8}") = "Snippets", "Snippets", "{1E1C7F3B-6B4E-3C07-A5C6-5C2391B242B7}"
EndProject
Project("{8BC9CEB8-8B4A-11D0-8D11-00A0C91BC942}") = "ALL_BUILD", "ALL_BUILD.vcxproj", "{6395FA5E-BC24-3558-B08E-8D230B91C24F}"
	ProjectSection(ProjectDependencies) = postProject
		{5EB29DC9-B698-3715-8E28-8895666A586C} = {5EB29DC9-B698-3715-8E28-8895666A586C}
		{856AE173-888D-389E-A0AA-749C41332324} = {856AE173-888D-389E-A0AA-749C41332324}
		{7EE0A3F4-3EBA-3470-B747-FCF41CEA3A64} = {7EE0A3F4-3EBA-3470-B747-FCF41CEA3A64}
		{9F48C299-C31E-3DA6-B5F5-F45F8DB800E7} = {9F48C299-C31E-3DA6-B5F5-F45F8DB800E7}
		{32A9C81D-7CA4-39EA-981C-B72D03C21078} = {32A9C81D-7CA4-39EA-981C-B72D03C21078}
		{27613C86-6E1D-32EA-A261-4456639CB5E2} = {27613C86-6E1D-32EA-A261-4456639CB5E2}
		{D36C5C17-BFA3-31B7-B8A1-D3071EA973DD} = {D36C5C17-BFA3-31B7-B8A1-D3071EA973DD}
		{E9CE27D1-BC67-3326-8AE0-DF9EE8F623DD} = {E9CE27D1-BC67-3326-8AE0-DF9EE8F623DD}
		{1C69FD33-ABB5-3EA6-882D-15D6245C8749} = {1C69FD33-ABB5-3EA6-882D-15D6245C8749}
		{49A8D320-784D-33BD-842D-ADF98C0A4046} = {49A8D320-784D-33BD-842D-ADF98C0A4046}
		{F379097F-1CA8-3486-AB81-0946E4393AA1} = {F379097F-1CA8-3486-AB81-0946E4393AA1}
		{6FEB5587-8199-3F5B-88AE-72D4A3D0CE63} = {6FEB5587-8199-3F5B-88AE-72D4A3D0CE63}
		{02083156-18BE-3C2E-8AE8-EF75E16EB546} = {02083156-18BE-3C2E-8AE8-EF75E16EB546}
		{51070F31-534D-356B-A82C-A9502D2A1548} = {51070F31-534D-356B-A82C-A9502D2A1548}
		{BBF903AE-28AC-3BB9-BCC8-29BDA7781A4D} = {BBF903AE-28AC-3BB9-BCC8-29BDA7781A4D}
		{29B0BE29-7A64-3ADC-A847-BA6C62855D0C} = {29B0BE29-7A64-3ADC-A847-BA6C62855D0C}
		{C320E637-D770-369D-B89B-75085487F897} = {C320E637-D770-369D-B89B-75085487F897}
		{275E2E35-A30A-3A83-ACDF-449B61BDF430} = {275E2E35-A30A-3A83-ACDF-449B61BDF430}
		{1D1D31C5-5595-32DC-8E3D-FB4253EA55FE} = {1D1D31C5-5595-32DC-8E3D-FB4253EA55FE}
		{EB21D047-AEC7-3EAE-9BA7-B86153DBD4D6} = {EB21D047-AEC7-3EAE-9BA7-B86153DBD4D6}
		{32463CBD-4C1B-3154-BA75-A82345C76BC5} = {32463CBD-4C1B-3154-BA75-A82345C76BC5}
		{B5C84BC2-30EB-3D7D-8D2C-18D6CE62A769} = {B5C84BC2-30EB-3D7D-8D2C-18D6CE62A769}
		{ADFC0E8C-700B-39A5-8A19-105F95D9FCEE} = {ADFC0E8C-700B-39A5-8A19-105F95D9FCEE}
		{7F44B4DF-7C35-3573-A789-C1B8EE6DCED9} = {7F44B4DF-7C35-3573-A789-C1B8EE6DCED9}
		{624C4436-EB3C-3A09-BF8B-276BF038559B} = {624C4436-EB3C-3A09-BF8B-276BF038559B}
		{3882BF1C-6783-31ED-9AFB-38FD438626AE} = {3882BF1C-6783-31ED-9AFB-38FD438626AE}
		{5E1218D6-F1C1-33C3-B9A1-087C33FF6E81} = {5E1218D6-F1C1-33C3-B9A1-087C33FF6E81}
		{ADDC563D-76A1-32FB-9A94-0465FE5CBB23} = {ADDC563D-76A1-32FB-9A94-0465FE5CBB23}
		{BC3F31B8-4861-3D2B-BA94-408E975C8116} = {BC3F31B8-4861-3D2B-BA94-408E975C8116}
		{5500062C-BD55-3828-AAE1-716C8D97EC9B} = {5500062C-BD55-3828-AAE1-716C8D97EC9B}
		{9664B54C-B211-3972-81E7-C3BC05218758} = {9664B54C-B211-3972-81E7-C3BC05218758}
		{095B38BC-B295-326F-9AB3-40B4F6F83B3F} = {095B38BC-B295-326F-9AB3-40B4F6F83B3F}
		{B9A001C5-1045-3B80-BA41-9F9B39BD837E} = {B9A001C5-1045-3B80-BA41-9F9B39BD837E}
		{7956A48D-0CED-35C6-8658-6E995E22DFA6} = {7956A48D-0CED-35C6-8658-6E995E22DFA6}
		{2608A5EC-BB87-3C37-A5B0-F8ABE5397C3B} = {2608A5EC-BB87-3C37-A5B0-F8ABE5397C3B}
		{6488AE70-CDE0-3720-AC42-84201A2DBABC} = {6488AE70-CDE0-3720-AC42-84201A2DBABC}
		{C89260CF-9AEE-39C4-87D1-44F2F3D796ED} = {C89260CF-9AEE-39C4-87D1-44F2F3D796ED}
		{007F089E-3E8B-389A-9FF3-164A6496339F} = {007F089E-3E8B-389A-9FF3-164A6496339F}
		{03005B3B-3D2D-31DC-9167-40EAC1C048B1} = {03005B3B-3D2D-31DC-9167-40EAC1C048B1}
		{CCFA4E86-B9DA-3EBE-A39D-EC9FF12819E5} = {CCFA4E86-B9DA-3EBE-A39D-EC9FF12819E5}
		{62B21480-D5F5-323B-A534-A2628A18D2C5} = {62B21480-D5F5-323B-A534-A2628A18D2C5}
		{3A4C1719-BAFE-3757-AE95-447D69C7B188} = {3A4C1719-BAFE-3757-AE95-447D69C7B188}
		{172C87F2-FBF2-3951-A3EC-9714A1004A64} = {172C87F2-FBF2-3951-A3EC-9714A1004A64}
		{2DA8A484-3C8A-35A6-A15C-E8CC3C556E7F} = {2DA8A484-3C8A-35A6-A15C-E8CC3C556E7F}
		{3D66A8A6-48C0-31CF-A036-5F0E7E6F5950} = {3D66A8A6-48C0-31CF-A036-5F0E7E6F5950}
		{1F70CD44-199F-307F-8AC9-DF4E9E20E690} = {1F70CD44-199F-307F-8AC9-DF4E9E20E690}
		{A0817DA4-240B-379E-A55F-60A600463E42} = {A0817DA4-240B-379E-A55F-60A600463E42}
		{088AE126-C73F-327D-9499-646DFF74B668} = {088AE126-C73F-327D-9499-646DFF74B668}
		{1F7C2F36-74AC-3041-BC77-B6ED23E82D85} = {1F7C2F36-74AC-3041-BC77-B6ED23E82D85}
		{1D8FEE91-DDAB-331C-8E78-CC2A7AE6C9E7} = {1D8FEE91-DDAB-331C-8E78-CC2A7AE6C9E7}
		{9FEB1F98-8984-3C72-AAB6-19F1BE59F427} = {9FEB1F98-8984-3C72-AAB6-19F1BE59F427}
		{C3F2D8EC-1CBE-3DD1-9C9B-6466A626BE7F} = {C3F2D8EC-1CBE-3DD1-9C9B-6466A626BE7F}
		{0438A6DB-E258-328E-BDB1-01A9A076B225} = {0438A6DB-E258-328E-BDB1-01A9A076B225}
		{F32F9BDA-7C35-388C-9089-219308DFA712} = {F32F9BDA-7C35-388C-9089-219308DFA712}
		{815BECFF-2A17-3D91-963D-BDAA0474962F} = {815BECFF-2A17-3D91-963D-BDAA0474962F}
		{01ED3653-64F8-3B66-8252-1D19868702AF} = {01ED3653-64F8-3B66-8252-1D19868702AF}
		{65989686-8317-30B6-B56B-217086C2CD1A} = {65989686-8317-30B6-B56B-217086C2CD1A}
		{F9E2409F-C349-32D2-95A9-98820B7CAD3F} = {F9E2409F-C349-32D2-95A9-98820B7CAD3F}
	EndProjectSection
EndProject
Project("{8BC9CEB8-8B4A-11D0-8D11-00A0C91BC942}") = "FastXml", "sdk_source_bin\FastXml.vcxproj", "{5EB29DC9-B698-3715-8E28-8895666A586C}"
	ProjectSection(ProjectDependencies) = postProject
		{F9E2409F-C349-32D2-95A9-98820B7CAD3F} = {F9E2409F-C349-32D2-95A9-98820B7CAD3F}
	EndProjectSection
EndProject
Project("{8BC9CEB8-8B4A-11D0-8D11-00A0C91BC942}") = "INSTALL", "INSTALL.vcxproj", "{68201E88-F1FD-3199-BE8E-77A088643EA1}"
	ProjectSection(ProjectDependencies) = postProject
		{6395FA5E-BC24-3558-B08E-8D230B91C24F} = {6395FA5E-BC24-3558-B08E-8D230B91C24F}
		{F9E2409F-C349-32D2-95A9-98820B7CAD3F} = {F9E2409F-C349-32D2-95A9-98820B7CAD3F}
	EndProjectSection
EndProject
Project("{8BC9CEB8-8B4A-11D0-8D11-00A0C91BC942}") = "LowLevel", "sdk_source_bin\LowLevel.vcxproj", "{856AE173-888D-389E-A0AA-749C41332324}"
	ProjectSection(ProjectDependencies) = postProject
		{F9E2409F-C349-32D2-95A9-98820B7CAD3F} = {F9E2409F-C349-32D2-95A9-98820B7CAD3F}
	EndProjectSection
EndProject
Project("{8BC9CEB8-8B4A-11D0-8D11-00A0C91BC942}") = "LowLevelAABB", "sdk_source_bin\LowLevelAABB.vcxproj", "{7EE0A3F4-3EBA-3470-B747-FCF41CEA3A64}"
	ProjectSection(ProjectDependencies) = postProject
		{F9E2409F-C349-32D2-95A9-98820B7CAD3F} = {F9E2409F-C349-32D2-95A9-98820B7CAD3F}
	EndProjectSection
EndProject
Project("{8BC9CEB8-8B4A-11D0-8D11-00A0C91BC942}") = "LowLevelDynamics", "sdk_source_bin\LowLevelDynamics.vcxproj", "{9F48C299-C31E-3DA6-B5F5-F45F8DB800E7}"
	ProjectSection(ProjectDependencies) = postProject
		{F9E2409F-C349-32D2-95A9-98820B7CAD3F} = {F9E2409F-C349-32D2-95A9-98820B7CAD3F}
	EndProjectSection
EndProject
Project("{8BC9CEB8-8B4A-11D0-8D11-00A0C91BC942}") = "PhysX", "sdk_source_bin\PhysX.vcxproj", "{32A9C81D-7CA4-39EA-981C-B72D03C21078}"
	ProjectSection(ProjectDependencies) = postProject
		{856AE173-888D-389E-A0AA-749C41332324} = {856AE173-888D-389E-A0AA-749C41332324}
		{7EE0A3F4-3EBA-3470-B747-FCF41CEA3A64} = {7EE0A3F4-3EBA-3470-B747-FCF41CEA3A64}
		{9F48C299-C31E-3DA6-B5F5-F45F8DB800E7} = {9F48C299-C31E-3DA6-B5F5-F45F8DB800E7}
		{D36C5C17-BFA3-31B7-B8A1-D3071EA973DD} = {D36C5C17-BFA3-31B7-B8A1-D3071EA973DD}
		{49A8D320-784D-33BD-842D-ADF98C0A4046} = {49A8D320-784D-33BD-842D-ADF98C0A4046}
		{F379097F-1CA8-3486-AB81-0946E4393AA1} = {F379097F-1CA8-3486-AB81-0946E4393AA1}
		{6FEB5587-8199-3F5B-88AE-72D4A3D0CE63} = {6FEB5587-8199-3F5B-88AE-72D4A3D0CE63}
		{EB21D047-AEC7-3EAE-9BA7-B86153DBD4D6} = {EB21D047-AEC7-3EAE-9BA7-B86153DBD4D6}
		{32463CBD-4C1B-3154-BA75-A82345C76BC5} = {32463CBD-4C1B-3154-BA75-A82345C76BC5}
		{F9E2409F-C349-32D2-95A9-98820B7CAD3F} = {F9E2409F-C349-32D2-95A9-98820B7CAD3F}
	EndProjectSection
EndProject
Project("{8BC9CEB8-8B4A-11D0-8D11-00A0C91BC942}") = "PhysXCharacterKinematic", "sdk_source_bin\PhysXCharacterKinematic.vcxproj", "{27613C86-6E1D-32EA-A261-4456639CB5E2}"
	ProjectSection(ProjectDependencies) = postProject
		{49A8D320-784D-33BD-842D-ADF98C0A4046} = {49A8D320-784D-33BD-842D-ADF98C0A4046}
		{F9E2409F-C349-32D2-95A9-98820B7CAD3F} = {F9E2409F-C349-32D2-95A9-98820B7CAD3F}
	EndProjectSection
EndProject
Project("{8BC9CEB8-8B4A-11D0-8D11-00A0C91BC942}") = "PhysXCommon", "sdk_source_bin\PhysXCommon.vcxproj", "{D36C5C17-BFA3-31B7-B8A1-D3071EA973DD}"
	ProjectSection(ProjectDependencies) = postProject
		{49A8D320-784D-33BD-842D-ADF98C0A4046} = {49A8D320-784D-33BD-842D-ADF98C0A4046}
		{F9E2409F-C349-32D2-95A9-98820B7CAD3F} = {F9E2409F-C349-32D2-95A9-98820B7CAD3F}
	EndProjectSection
EndProject
Project("{8BC9CEB8-8B4A-11D0-8D11-00A0C91BC942}") = "PhysXCooking", "sdk_source_bin\PhysXCooking.vcxproj", "{E9CE27D1-BC67-3326-8AE0-DF9EE8F623DD}"
	ProjectSection(ProjectDependencies) = postProject
		{D36C5C17-BFA3-31B7-B8A1-D3071EA973DD} = {D36C5C17-BFA3-31B7-B8A1-D3071EA973DD}
		{49A8D320-784D-33BD-842D-ADF98C0A4046} = {49A8D320-784D-33BD-842D-ADF98C0A4046}
		{F9E2409F-C349-32D2-95A9-98820B7CAD3F} = {F9E2409F-C349-32D2-95A9-98820B7CAD3F}
	EndProjectSection
EndProject
Project("{8BC9CEB8-8B4A-11D0-8D11-00A0C91BC942}") = "PhysXExtensions", "sdk_source_bin\PhysXExtensions.vcxproj", "{1C69FD33-ABB5-3EA6-882D-15D6245C8749}"
	ProjectSection(ProjectDependencies) = postProject
		{5EB29DC9-B698-3715-8E28-8895666A586C} = {5EB29DC9-B698-3715-8E28-8895666A586C}
		{32A9C81D-7CA4-39EA-981C-B72D03C21078} = {32A9C81D-7CA4-39EA-981C-B72D03C21078}
		{49A8D320-784D-33BD-842D-ADF98C0A4046} = {49A8D320-784D-33BD-842D-ADF98C0A4046}
		{F379097F-1CA8-3486-AB81-0946E4393AA1} = {F379097F-1CA8-3486-AB81-0946E4393AA1}
		{F9E2409F-C349-32D2-95A9-98820B7CAD3F} = {F9E2409F-C349-32D2-95A9-98820B7CAD3F}
	EndProjectSection
EndProject
Project("{8BC9CEB8-8B4A-11D0-8D11-00A0C91BC942}") = "PhysXFoundation", "sdk_source_bin\PhysXFoundation.vcxproj", "{49A8D320-784D-33BD-842D-ADF98C0A4046}"
	ProjectSection(ProjectDependencies) = postProject
		{F9E2409F-C349-32D2-95A9-98820B7CAD3F} = {F9E2409F-C349-32D2-95A9-98820B7CAD3F}
	EndProjectSection
EndProject
Project("{8BC9CEB8-8B4A-11D0-8D11-00A0C91BC942}") = "PhysXPvdSDK", "sdk_source_bin\PhysXPvdSDK.vcxproj", "{F379097F-1CA8-3486-AB81-0946E4393AA1}"
	ProjectSection(ProjectDependencies) = postProject
		{49A8D320-784D-33BD-842D-ADF98C0A4046} = {49A8D320-784D-33BD-842D-ADF98C0A4046}
		{F9E2409F-C349-32D2-95A9-98820B7CAD3F} = {F9E2409F-C349-32D2-95A9-98820B7CAD3F}
	EndProjectSection
EndProject
Project("{8BC9CEB8-8B4A-11D0-8D11-00A0C91BC942}") = "PhysXTask", "sdk_source_bin\PhysXTask.vcxproj", "{6FEB5587-8199-3F5B-88AE-72D4A3D0CE63}"
	ProjectSection(ProjectDependencies) = postProject
		{F9E2409F-C349-32D2-95A9-98820B7CAD3F} = {F9E2409F-C349-32D2-95A9-98820B7CAD3F}
	EndProjectSection
EndProject
Project("{8BC9CEB8-8B4A-11D0-8D11-00A0C91BC942}") = "PhysXVehicle", "sdk_source_bin\PhysXVehicle.vcxproj", "{02083156-18BE-3C2E-8AE8-EF75E16EB546}"
	ProjectSection(ProjectDependencies) = postProject
		{49A8D320-784D-33BD-842D-ADF98C0A4046} = {49A8D320-784D-33BD-842D-ADF98C0A4046}
		{F379097F-1CA8-3486-AB81-0946E4393AA1} = {F379097F-1CA8-3486-AB81-0946E4393AA1}
		{F9E2409F-C349-32D2-95A9-98820B7CAD3F} = {F9E2409F-C349-32D2-95A9-98820B7CAD3F}
	EndProjectSection
EndProject
Project("{8BC9CEB8-8B4A-11D0-8D11-00A0C91BC942}") = "SampleBase", "sdk_samples_bin\SampleBase.vcxproj", "{51070F31-534D-356B-A82C-A9502D2A1548}"
	ProjectSection(ProjectDependencies) = postProject
		{32A9C81D-7CA4-39EA-981C-B72D03C21078} = {32A9C81D-7CA4-39EA-981C-B72D03C21078}
		{1C69FD33-ABB5-3EA6-882D-15D6245C8749} = {1C69FD33-ABB5-3EA6-882D-15D6245C8749}
		{49A8D320-784D-33BD-842D-ADF98C0A4046} = {49A8D320-784D-33BD-842D-ADF98C0A4046}
		{F379097F-1CA8-3486-AB81-0946E4393AA1} = {F379097F-1CA8-3486-AB81-0946E4393AA1}
		{275E2E35-A30A-3A83-ACDF-449B61BDF430} = {275E2E35-A30A-3A83-ACDF-449B61BDF430}
		{F9E2409F-C349-32D2-95A9-98820B7CAD3F} = {F9E2409F-C349-32D2-95A9-98820B7CAD3F}
	EndProjectSection
EndProject
Project("{8BC9CEB8-8B4A-11D0-8D11-00A0C91BC942}") = "SampleFramework", "sdk_samples_bin\SampleFramework.vcxproj", "{BBF903AE-28AC-3BB9-BCC8-29BDA7781A4D}"
	ProjectSection(ProjectDependencies) = postProject
		{32A9C81D-7CA4-39EA-981C-B72D03C21078} = {32A9C81D-7CA4-39EA-981C-B72D03C21078}
		{1C69FD33-ABB5-3EA6-882D-15D6245C8749} = {1C69FD33-ABB5-3EA6-882D-15D6245C8749}
		{49A8D320-784D-33BD-842D-ADF98C0A4046} = {49A8D320-784D-33BD-842D-ADF98C0A4046}
		{F379097F-1CA8-3486-AB81-0946E4393AA1} = {F379097F-1CA8-3486-AB81-0946E4393AA1}
		{275E2E35-A30A-3A83-ACDF-449B61BDF430} = {275E2E35-A30A-3A83-ACDF-449B61BDF430}
		{F9E2409F-C349-32D2-95A9-98820B7CAD3F} = {F9E2409F-C349-32D2-95A9-98820B7CAD3F}
	EndProjectSection
EndProject
Project("{8BC9CEB8-8B4A-11D0-8D11-00A0C91BC942}") = "SamplePlatform", "sdk_samples_bin\SamplePlatform.vcxproj", "{29B0BE29-7A64-3ADC-A847-BA6C62855D0C}"
	ProjectSection(ProjectDependencies) = postProject
		{32A9C81D-7CA4-39EA-981C-B72D03C21078} = {32A9C81D-7CA4-39EA-981C-B72D03C21078}
		{1C69FD33-ABB5-3EA6-882D-15D6245C8749} = {1C69FD33-ABB5-3EA6-882D-15D6245C8749}
		{49A8D320-784D-33BD-842D-ADF98C0A4046} = {49A8D320-784D-33BD-842D-ADF98C0A4046}
		{F379097F-1CA8-3486-AB81-0946E4393AA1} = {F379097F-1CA8-3486-AB81-0946E4393AA1}
		{275E2E35-A30A-3A83-ACDF-449B61BDF430} = {275E2E35-A30A-3A83-ACDF-449B61BDF430}
		{F9E2409F-C349-32D2-95A9-98820B7CAD3F} = {F9E2409F-C349-32D2-95A9-98820B7CAD3F}
	EndProjectSection
EndProject
Project("{8BC9CEB8-8B4A-11D0-8D11-00A0C91BC942}") = "SampleRenderer", "sdk_samples_bin\SampleRenderer.vcxproj", "{C320E637-D770-369D-B89B-75085487F897}"
	ProjectSection(ProjectDependencies) = postProject
		{32A9C81D-7CA4-39EA-981C-B72D03C21078} = {32A9C81D-7CA4-39EA-981C-B72D03C21078}
		{1C69FD33-ABB5-3EA6-882D-15D6245C8749} = {1C69FD33-ABB5-3EA6-882D-15D6245C8749}
		{49A8D320-784D-33BD-842D-ADF98C0A4046} = {49A8D320-784D-33BD-842D-ADF98C0A4046}
		{F379097F-1CA8-3486-AB81-0946E4393AA1} = {F379097F-1CA8-3486-AB81-0946E4393AA1}
		{275E2E35-A30A-3A83-ACDF-449B61BDF430} = {275E2E35-A30A-3A83-ACDF-449B61BDF430}
		{F9E2409F-C349-32D2-95A9-98820B7CAD3F} = {F9E2409F-C349-32D2-95A9-98820B7CAD3F}
	EndProjectSection
EndProject
Project("{8BC9CEB8-8B4A-11D0-8D11-00A0C91BC942}") = "SampleToolkit", "sdk_samples_bin\SampleToolkit.vcxproj", "{275E2E35-A30A-3A83-ACDF-449B61BDF430}"
	ProjectSection(ProjectDependencies) = postProject
		{32A9C81D-7CA4-39EA-981C-B72D03C21078} = {32A9C81D-7CA4-39EA-981C-B72D03C21078}
		{1C69FD33-ABB5-3EA6-882D-15D6245C8749} = {1C69FD33-ABB5-3EA6-882D-15D6245C8749}
		{49A8D320-784D-33BD-842D-ADF98C0A4046} = {49A8D320-784D-33BD-842D-ADF98C0A4046}
		{F379097F-1CA8-3486-AB81-0946E4393AA1} = {F379097F-1CA8-3486-AB81-0946E4393AA1}
		{F9E2409F-C349-32D2-95A9-98820B7CAD3F} = {F9E2409F-C349-32D2-95A9-98820B7CAD3F}
	EndProjectSection
EndProject
Project("{8BC9CEB8-8B4A-11D0-8D11-00A0C91BC942}") = "Samples", "sdk_samples_bin\Samples.vcxproj", "{1D1D31C5-5595-32DC-8E3D-FB4253EA55FE}"
	ProjectSection(ProjectDependencies) = postProject
		{32A9C81D-7CA4-39EA-981C-B72D03C21078} = {32A9C81D-7CA4-39EA-981C-B72D03C21078}
		{27613C86-6E1D-32EA-A261-4456639CB5E2} = {27613C86-6E1D-32EA-A261-4456639CB5E2}
		{D36C5C17-BFA3-31B7-B8A1-D3071EA973DD} = {D36C5C17-BFA3-31B7-B8A1-D3071EA973DD}
		{E9CE27D1-BC67-3326-8AE0-DF9EE8F623DD} = {E9CE27D1-BC67-3326-8AE0-DF9EE8F623DD}
		{1C69FD33-ABB5-3EA6-882D-15D6245C8749} = {1C69FD33-ABB5-3EA6-882D-15D6245C8749}
		{49A8D320-784D-33BD-842D-ADF98C0A4046} = {49A8D320-784D-33BD-842D-ADF98C0A4046}
		{F379097F-1CA8-3486-AB81-0946E4393AA1} = {F379097F-1CA8-3486-AB81-0946E4393AA1}
		{02083156-18BE-3C2E-8AE8-EF75E16EB546} = {02083156-18BE-3C2E-8AE8-EF75E16EB546}
		{51070F31-534D-356B-A82C-A9502D2A1548} = {51070F31-534D-356B-A82C-A9502D2A1548}
		{BBF903AE-28AC-3BB9-BCC8-29BDA7781A4D} = {BBF903AE-28AC-3BB9-BCC8-29BDA7781A4D}
		{29B0BE29-7A64-3ADC-A847-BA6C62855D0C} = {29B0BE29-7A64-3ADC-A847-BA6C62855D0C}
		{C320E637-D770-369D-B89B-75085487F897} = {C320E637-D770-369D-B89B-75085487F897}
		{275E2E35-A30A-3A83-ACDF-449B61BDF430} = {275E2E35-A30A-3A83-ACDF-449B61BDF430}
		{F9E2409F-C349-32D2-95A9-98820B7CAD3F} = {F9E2409F-C349-32D2-95A9-98820B7CAD3F}
	EndProjectSection
EndProject
Project("{8BC9CEB8-8B4A-11D0-8D11-00A0C91BC942}") = "SceneQuery", "sdk_source_bin\SceneQuery.vcxproj", "{EB21D047-AEC7-3EAE-9BA7-B86153DBD4D6}"
	ProjectSection(ProjectDependencies) = postProject
		{F9E2409F-C349-32D2-95A9-98820B7CAD3F} = {F9E2409F-C349-32D2-95A9-98820B7CAD3F}
	EndProjectSection
EndProject
Project("{8BC9CEB8-8B4A-11D0-8D11-00A0C91BC942}") = "SimulationController", "sdk_source_bin\SimulationController.vcxproj", "{32463CBD-4C1B-3154-BA75-A82345C76BC5}"
	ProjectSection(ProjectDependencies) = postProject
		{F9E2409F-C349-32D2-95A9-98820B7CAD3F} = {F9E2409F-C349-32D2-95A9-98820B7CAD3F}
	EndProjectSection
EndProject
Project("{8BC9CEB8-8B4A-11D0-8D11-00A0C91BC942}") = "SnippetArticulation", "sdk_snippets_bin\SnippetArticulation.vcxproj", "{B5C84BC2-30EB-3D7D-8D2C-18D6CE62A769}"
	ProjectSection(ProjectDependencies) = postProject
		{32A9C81D-7CA4-39EA-981C-B72D03C21078} = {32A9C81D-7CA4-39EA-981C-B72D03C21078}
		{27613C86-6E1D-32EA-A261-4456639CB5E2} = {27613C86-6E1D-32EA-A261-4456639CB5E2}
		{D36C5C17-BFA3-31B7-B8A1-D3071EA973DD} = {D36C5C17-BFA3-31B7-B8A1-D3071EA973DD}
		{E9CE27D1-BC67-3326-8AE0-DF9EE8F623DD} = {E9CE27D1-BC67-3326-8AE0-DF9EE8F623DD}
		{1C69FD33-ABB5-3EA6-882D-15D6245C8749} = {1C69FD33-ABB5-3EA6-882D-15D6245C8749}
		{49A8D320-784D-33BD-842D-ADF98C0A4046} = {49A8D320-784D-33BD-842D-ADF98C0A4046}
		{F379097F-1CA8-3486-AB81-0946E4393AA1} = {F379097F-1CA8-3486-AB81-0946E4393AA1}
		{02083156-18BE-3C2E-8AE8-EF75E16EB546} = {02083156-18BE-3C2E-8AE8-EF75E16EB546}
		{2DA8A484-3C8A-35A6-A15C-E8CC3C556E7F} = {2DA8A484-3C8A-35A6-A15C-E8CC3C556E7F}
		{9FEB1F98-8984-3C72-AAB6-19F1BE59F427} = {9FEB1F98-8984-3C72-AAB6-19F1BE59F427}
		{F9E2409F-C349-32D2-95A9-98820B7CAD3F} = {F9E2409F-C349-32D2-95A9-98820B7CAD3F}
	EndProjectSection
EndProject
Project("{8BC9CEB8-8B4A-11D0-8D11-00A0C91BC942}") = "SnippetBVHStructure", "sdk_snippets_bin\SnippetBVHStructure.vcxproj", "{ADFC0E8C-700B-39A5-8A19-105F95D9FCEE}"
	ProjectSection(ProjectDependencies) = postProject
		{32A9C81D-7CA4-39EA-981C-B72D03C21078} = {32A9C81D-7CA4-39EA-981C-B72D03C21078}
		{27613C86-6E1D-32EA-A261-4456639CB5E2} = {27613C86-6E1D-32EA-A261-4456639CB5E2}
		{D36C5C17-BFA3-31B7-B8A1-D3071EA973DD} = {D36C5C17-BFA3-31B7-B8A1-D3071EA973DD}
		{E9CE27D1-BC67-3326-8AE0-DF9EE8F623DD} = {E9CE27D1-BC67-3326-8AE0-DF9EE8F623DD}
		{1C69FD33-ABB5-3EA6-882D-15D6245C8749} = {1C69FD33-ABB5-3EA6-882D-15D6245C8749}
		{49A8D320-784D-33BD-842D-ADF98C0A4046} = {49A8D320-784D-33BD-842D-ADF98C0A4046}
		{F379097F-1CA8-3486-AB81-0946E4393AA1} = {F379097F-1CA8-3486-AB81-0946E4393AA1}
		{02083156-18BE-3C2E-8AE8-EF75E16EB546} = {02083156-18BE-3C2E-8AE8-EF75E16EB546}
		{2DA8A484-3C8A-35A6-A15C-E8CC3C556E7F} = {2DA8A484-3C8A-35A6-A15C-E8CC3C556E7F}
		{9FEB1F98-8984-3C72-AAB6-19F1BE59F427} = {9FEB1F98-8984-3C72-AAB6-19F1BE59F427}
		{F9E2409F-C349-32D2-95A9-98820B7CAD3F} = {F9E2409F-C349-32D2-95A9-98820B7CAD3F}
	EndProjectSection
EndProject
Project("{8BC9CEB8-8B4A-11D0-8D11-00A0C91BC942}") = "SnippetContactModification", "sdk_snippets_bin\SnippetContactModification.vcxproj", "{7F44B4DF-7C35-3573-A789-C1B8EE6DCED9}"
	ProjectSection(ProjectDependencies) = postProject
		{32A9C81D-7CA4-39EA-981C-B72D03C21078} = {32A9C81D-7CA4-39EA-981C-B72D03C21078}
		{27613C86-6E1D-32EA-A261-4456639CB5E2} = {27613C86-6E1D-32EA-A261-4456639CB5E2}
		{D36C5C17-BFA3-31B7-B8A1-D3071EA973DD} = {D36C5C17-BFA3-31B7-B8A1-D3071EA973DD}
		{E9CE27D1-BC67-3326-8AE0-DF9EE8F623DD} = {E9CE27D1-BC67-3326-8AE0-DF9EE8F623DD}
		{1C69FD33-ABB5-3EA6-882D-15D6245C8749} = {1C69FD33-ABB5-3EA6-882D-15D6245C8749}
		{49A8D320-784D-33BD-842D-ADF98C0A4046} = {49A8D320-784D-33BD-842D-ADF98C0A4046}
		{F379097F-1CA8-3486-AB81-0946E4393AA1} = {F379097F-1CA8-3486-AB81-0946E4393AA1}
		{02083156-18BE-3C2E-8AE8-EF75E16EB546} = {02083156-18BE-3C2E-8AE8-EF75E16EB546}
		{2DA8A484-3C8A-35A6-A15C-E8CC3C556E7F} = {2DA8A484-3C8A-35A6-A15C-E8CC3C556E7F}
		{9FEB1F98-8984-3C72-AAB6-19F1BE59F427} = {9FEB1F98-8984-3C72-AAB6-19F1BE59F427}
		{F9E2409F-C349-32D2-95A9-98820B7CAD3F} = {F9E2409F-C349-32D2-95A9-98820B7CAD3F}
	EndProjectSection
EndProject
Project("{8BC9CEB8-8B4A-11D0-8D11-00A0C91BC942}") = "SnippetContactReport", "sdk_snippets_bin\SnippetContactReport.vcxproj", "{624C4436-EB3C-3A09-BF8B-276BF038559B}"
	ProjectSection(ProjectDependencies) = postProject
		{32A9C81D-7CA4-39EA-981C-B72D03C21078} = {32A9C81D-7CA4-39EA-981C-B72D03C21078}
		{27613C86-6E1D-32EA-A261-4456639CB5E2} = {27613C86-6E1D-32EA-A261-4456639CB5E2}
		{D36C5C17-BFA3-31B7-B8A1-D3071EA973DD} = {D36C5C17-BFA3-31B7-B8A1-D3071EA973DD}
		{E9CE27D1-BC67-3326-8AE0-DF9EE8F623DD} = {E9CE27D1-BC67-3326-8AE0-DF9EE8F623DD}
		{1C69FD33-ABB5-3EA6-882D-15D6245C8749} = {1C69FD33-ABB5-3EA6-882D-15D6245C8749}
		{49A8D320-784D-33BD-842D-ADF98C0A4046} = {49A8D320-784D-33BD-842D-ADF98C0A4046}
		{F379097F-1CA8-3486-AB81-0946E4393AA1} = {F379097F-1CA8-3486-AB81-0946E4393AA1}
		{02083156-18BE-3C2E-8AE8-EF75E16EB546} = {02083156-18BE-3C2E-8AE8-EF75E16EB546}
		{2DA8A484-3C8A-35A6-A15C-E8CC3C556E7F} = {2DA8A484-3C8A-35A6-A15C-E8CC3C556E7F}
		{9FEB1F98-8984-3C72-AAB6-19F1BE59F427} = {9FEB1F98-8984-3C72-AAB6-19F1BE59F427}
		{F9E2409F-C349-32D2-95A9-98820B7CAD3F} = {F9E2409F-C349-32D2-95A9-98820B7CAD3F}
	EndProjectSection
EndProject
Project("{8BC9CEB8-8B4A-11D0-8D11-00A0C91BC942}") = "SnippetContactReportCCD", "sdk_snippets_bin\SnippetContactReportCCD.vcxproj", "{3882BF1C-6783-31ED-9AFB-38FD438626AE}"
	ProjectSection(ProjectDependencies) = postProject
		{32A9C81D-7CA4-39EA-981C-B72D03C21078} = {32A9C81D-7CA4-39EA-981C-B72D03C21078}
		{27613C86-6E1D-32EA-A261-4456639CB5E2} = {27613C86-6E1D-32EA-A261-4456639CB5E2}
		{D36C5C17-BFA3-31B7-B8A1-D3071EA973DD} = {D36C5C17-BFA3-31B7-B8A1-D3071EA973DD}
		{E9CE27D1-BC67-3326-8AE0-DF9EE8F623DD} = {E9CE27D1-BC67-3326-8AE0-DF9EE8F623DD}
		{1C69FD33-ABB5-3EA6-882D-15D6245C8749} = {1C69FD33-ABB5-3EA6-882D-15D6245C8749}
		{49A8D320-784D-33BD-842D-ADF98C0A4046} = {49A8D320-784D-33BD-842D-ADF98C0A4046}
		{F379097F-1CA8-3486-AB81-0946E4393AA1} = {F379097F-1CA8-3486-AB81-0946E4393AA1}
		{02083156-18BE-3C2E-8AE8-EF75E16EB546} = {02083156-18BE-3C2E-8AE8-EF75E16EB546}
		{2DA8A484-3C8A-35A6-A15C-E8CC3C556E7F} = {2DA8A484-3C8A-35A6-A15C-E8CC3C556E7F}
		{9FEB1F98-8984-3C72-AAB6-19F1BE59F427} = {9FEB1F98-8984-3C72-AAB6-19F1BE59F427}
		{F9E2409F-C349-32D2-95A9-98820B7CAD3F} = {F9E2409F-C349-32D2-95A9-98820B7CAD3F}
	EndProjectSection
EndProject
Project("{8BC9CEB8-8B4A-11D0-8D11-00A0C91BC942}") = "SnippetConvert", "sdk_snippets_bin\SnippetConvert.vcxproj", "{5E1218D6-F1C1-33C3-B9A1-087C33FF6E81}"
	ProjectSection(ProjectDependencies) = postProject
		{32A9C81D-7CA4-39EA-981C-B72D03C21078} = {32A9C81D-7CA4-39EA-981C-B72D03C21078}
		{27613C86-6E1D-32EA-A261-4456639CB5E2} = {27613C86-6E1D-32EA-A261-4456639CB5E2}
		{D36C5C17-BFA3-31B7-B8A1-D3071EA973DD} = {D36C5C17-BFA3-31B7-B8A1-D3071EA973DD}
		{E9CE27D1-BC67-3326-8AE0-DF9EE8F623DD} = {E9CE27D1-BC67-3326-8AE0-DF9EE8F623DD}
		{1C69FD33-ABB5-3EA6-882D-15D6245C8749} = {1C69FD33-ABB5-3EA6-882D-15D6245C8749}
		{49A8D320-784D-33BD-842D-ADF98C0A4046} = {49A8D320-784D-33BD-842D-ADF98C0A4046}
		{F379097F-1CA8-3486-AB81-0946E4393AA1} = {F379097F-1CA8-3486-AB81-0946E4393AA1}
		{02083156-18BE-3C2E-8AE8-EF75E16EB546} = {02083156-18BE-3C2E-8AE8-EF75E16EB546}
		{2DA8A484-3C8A-35A6-A15C-E8CC3C556E7F} = {2DA8A484-3C8A-35A6-A15C-E8CC3C556E7F}
		{9FEB1F98-8984-3C72-AAB6-19F1BE59F427} = {9FEB1F98-8984-3C72-AAB6-19F1BE59F427}
		{F9E2409F-C349-32D2-95A9-98820B7CAD3F} = {F9E2409F-C349-32D2-95A9-98820B7CAD3F}
	EndProjectSection
EndProject
Project("{8BC9CEB8-8B4A-11D0-8D11-00A0C91BC942}") = "SnippetConvexMeshCreate", "sdk_snippets_bin\SnippetConvexMeshCreate.vcxproj", "{ADDC563D-76A1-32FB-9A94-0465FE5CBB23}"
	ProjectSection(ProjectDependencies) = postProject
		{32A9C81D-7CA4-39EA-981C-B72D03C21078} = {32A9C81D-7CA4-39EA-981C-B72D03C21078}
		{27613C86-6E1D-32EA-A261-4456639CB5E2} = {27613C86-6E1D-32EA-A261-4456639CB5E2}
		{D36C5C17-BFA3-31B7-B8A1-D3071EA973DD} = {D36C5C17-BFA3-31B7-B8A1-D3071EA973DD}
		{E9CE27D1-BC67-3326-8AE0-DF9EE8F623DD} = {E9CE27D1-BC67-3326-8AE0-DF9EE8F623DD}
		{1C69FD33-ABB5-3EA6-882D-15D6245C8749} = {1C69FD33-ABB5-3EA6-882D-15D6245C8749}
		{49A8D320-784D-33BD-842D-ADF98C0A4046} = {49A8D320-784D-33BD-842D-ADF98C0A4046}
		{F379097F-1CA8-3486-AB81-0946E4393AA1} = {F379097F-1CA8-3486-AB81-0946E4393AA1}
		{02083156-18BE-3C2E-8AE8-EF75E16EB546} = {02083156-18BE-3C2E-8AE8-EF75E16EB546}
		{2DA8A484-3C8A-35A6-A15C-E8CC3C556E7F} = {2DA8A484-3C8A-35A6-A15C-E8CC3C556E7F}
		{9FEB1F98-8984-3C72-AAB6-19F1BE59F427} = {9FEB1F98-8984-3C72-AAB6-19F1BE59F427}
		{F9E2409F-C349-32D2-95A9-98820B7CAD3F} = {F9E2409F-C349-32D2-95A9-98820B7CAD3F}
	EndProjectSection
EndProject
Project("{8BC9CEB8-8B4A-11D0-8D11-00A0C91BC942}") = "SnippetCustomJoint", "sdk_snippets_bin\SnippetCustomJoint.vcxproj", "{BC3F31B8-4861-3D2B-BA94-408E975C8116}"
	ProjectSection(ProjectDependencies) = postProject
		{32A9C81D-7CA4-39EA-981C-B72D03C21078} = {32A9C81D-7CA4-39EA-981C-B72D03C21078}
		{27613C86-6E1D-32EA-A261-4456639CB5E2} = {27613C86-6E1D-32EA-A261-4456639CB5E2}
		{D36C5C17-BFA3-31B7-B8A1-D3071EA973DD} = {D36C5C17-BFA3-31B7-B8A1-D3071EA973DD}
		{E9CE27D1-BC67-3326-8AE0-DF9EE8F623DD} = {E9CE27D1-BC67-3326-8AE0-DF9EE8F623DD}
		{1C69FD33-ABB5-3EA6-882D-15D6245C8749} = {1C69FD33-ABB5-3EA6-882D-15D6245C8749}
		{49A8D320-784D-33BD-842D-ADF98C0A4046} = {49A8D320-784D-33BD-842D-ADF98C0A4046}
		{F379097F-1CA8-3486-AB81-0946E4393AA1} = {F379097F-1CA8-3486-AB81-0946E4393AA1}
		{02083156-18BE-3C2E-8AE8-EF75E16EB546} = {02083156-18BE-3C2E-8AE8-EF75E16EB546}
		{2DA8A484-3C8A-35A6-A15C-E8CC3C556E7F} = {2DA8A484-3C8A-35A6-A15C-E8CC3C556E7F}
		{9FEB1F98-8984-3C72-AAB6-19F1BE59F427} = {9FEB1F98-8984-3C72-AAB6-19F1BE59F427}
		{F9E2409F-C349-32D2-95A9-98820B7CAD3F} = {F9E2409F-C349-32D2-95A9-98820B7CAD3F}
	EndProjectSection
EndProject
Project("{8BC9CEB8-8B4A-11D0-8D11-00A0C91BC942}") = "SnippetCustomProfiler", "sdk_snippets_bin\SnippetCustomProfiler.vcxproj", "{5500062C-BD55-3828-AAE1-716C8D97EC9B}"
	ProjectSection(ProjectDependencies) = postProject
		{32A9C81D-7CA4-39EA-981C-B72D03C21078} = {32A9C81D-7CA4-39EA-981C-B72D03C21078}
		{27613C86-6E1D-32EA-A261-4456639CB5E2} = {27613C86-6E1D-32EA-A261-4456639CB5E2}
		{D36C5C17-BFA3-31B7-B8A1-D3071EA973DD} = {D36C5C17-BFA3-31B7-B8A1-D3071EA973DD}
		{E9CE27D1-BC67-3326-8AE0-DF9EE8F623DD} = {E9CE27D1-BC67-3326-8AE0-DF9EE8F623DD}
		{1C69FD33-ABB5-3EA6-882D-15D6245C8749} = {1C69FD33-ABB5-3EA6-882D-15D6245C8749}
		{49A8D320-784D-33BD-842D-ADF98C0A4046} = {49A8D320-784D-33BD-842D-ADF98C0A4046}
		{F379097F-1CA8-3486-AB81-0946E4393AA1} = {F379097F-1CA8-3486-AB81-0946E4393AA1}
		{02083156-18BE-3C2E-8AE8-EF75E16EB546} = {02083156-18BE-3C2E-8AE8-EF75E16EB546}
		{2DA8A484-3C8A-35A6-A15C-E8CC3C556E7F} = {2DA8A484-3C8A-35A6-A15C-E8CC3C556E7F}
		{9FEB1F98-8984-3C72-AAB6-19F1BE59F427} = {9FEB1F98-8984-3C72-AAB6-19F1BE59F427}
		{F9E2409F-C349-32D2-95A9-98820B7CAD3F} = {F9E2409F-C349-32D2-95A9-98820B7CAD3F}
	EndProjectSection
EndProject
Project("{8BC9CEB8-8B4A-11D0-8D11-00A0C91BC942}") = "SnippetDeformableMesh", "sdk_snippets_bin\SnippetDeformableMesh.vcxproj", "{9664B54C-B211-3972-81E7-C3BC05218758}"
	ProjectSection(ProjectDependencies) = postProject
		{32A9C81D-7CA4-39EA-981C-B72D03C21078} = {32A9C81D-7CA4-39EA-981C-B72D03C21078}
		{27613C86-6E1D-32EA-A261-4456639CB5E2} = {27613C86-6E1D-32EA-A261-4456639CB5E2}
		{D36C5C17-BFA3-31B7-B8A1-D3071EA973DD} = {D36C5C17-BFA3-31B7-B8A1-D3071EA973DD}
		{E9CE27D1-BC67-3326-8AE0-DF9EE8F623DD} = {E9CE27D1-BC67-3326-8AE0-DF9EE8F623DD}
		{1C69FD33-ABB5-3EA6-882D-15D6245C8749} = {1C69FD33-ABB5-3EA6-882D-15D6245C8749}
		{49A8D320-784D-33BD-842D-ADF98C0A4046} = {49A8D320-784D-33BD-842D-ADF98C0A4046}
		{F379097F-1CA8-3486-AB81-0946E4393AA1} = {F379097F-1CA8-3486-AB81-0946E4393AA1}
		{02083156-18BE-3C2E-8AE8-EF75E16EB546} = {02083156-18BE-3C2E-8AE8-EF75E16EB546}
		{2DA8A484-3C8A-35A6-A15C-E8CC3C556E7F} = {2DA8A484-3C8A-35A6-A15C-E8CC3C556E7F}
		{9FEB1F98-8984-3C72-AAB6-19F1BE59F427} = {9FEB1F98-8984-3C72-AAB6-19F1BE59F427}
		{F9E2409F-C349-32D2-95A9-98820B7CAD3F} = {F9E2409F-C349-32D2-95A9-98820B7CAD3F}
	EndProjectSection
EndProject
Project("{8BC9CEB8-8B4A-11D0-8D11-00A0C91BC942}") = "SnippetDelayLoadHook", "sdk_snippets_bin\SnippetDelayLoadHook.vcxproj", "{095B38BC-B295-326F-9AB3-40B4F6F83B3F}"
	ProjectSection(ProjectDependencies) = postProject
		{32A9C81D-7CA4-39EA-981C-B72D03C21078} = {32A9C81D-7CA4-39EA-981C-B72D03C21078}
		{27613C86-6E1D-32EA-A261-4456639CB5E2} = {27613C86-6E1D-32EA-A261-4456639CB5E2}
		{D36C5C17-BFA3-31B7-B8A1-D3071EA973DD} = {D36C5C17-BFA3-31B7-B8A1-D3071EA973DD}
		{E9CE27D1-BC67-3326-8AE0-DF9EE8F623DD} = {E9CE27D1-BC67-3326-8AE0-DF9EE8F623DD}
		{1C69FD33-ABB5-3EA6-882D-15D6245C8749} = {1C69FD33-ABB5-3EA6-882D-15D6245C8749}
		{49A8D320-784D-33BD-842D-ADF98C0A4046} = {49A8D320-784D-33BD-842D-ADF98C0A4046}
		{F379097F-1CA8-3486-AB81-0946E4393AA1} = {F379097F-1CA8-3486-AB81-0946E4393AA1}
		{02083156-18BE-3C2E-8AE8-EF75E16EB546} = {02083156-18BE-3C2E-8AE8-EF75E16EB546}
		{2DA8A484-3C8A-35A6-A15C-E8CC3C556E7F} = {2DA8A484-3C8A-35A6-A15C-E8CC3C556E7F}
		{9FEB1F98-8984-3C72-AAB6-19F1BE59F427} = {9FEB1F98-8984-3C72-AAB6-19F1BE59F427}
		{F9E2409F-C349-32D2-95A9-98820B7CAD3F} = {F9E2409F-C349-32D2-95A9-98820B7CAD3F}
	EndProjectSection
EndProject
Project("{8BC9CEB8-8B4A-11D0-8D11-00A0C91BC942}") = "SnippetHelloGRB", "sdk_snippets_bin\SnippetHelloGRB.vcxproj", "{B9A001C5-1045-3B80-BA41-9F9B39BD837E}"
	ProjectSection(ProjectDependencies) = postProject
		{32A9C81D-7CA4-39EA-981C-B72D03C21078} = {32A9C81D-7CA4-39EA-981C-B72D03C21078}
		{27613C86-6E1D-32EA-A261-4456639CB5E2} = {27613C86-6E1D-32EA-A261-4456639CB5E2}
		{D36C5C17-BFA3-31B7-B8A1-D3071EA973DD} = {D36C5C17-BFA3-31B7-B8A1-D3071EA973DD}
		{E9CE27D1-BC67-3326-8AE0-DF9EE8F623DD} = {E9CE27D1-BC67-3326-8AE0-DF9EE8F623DD}
		{1C69FD33-ABB5-3EA6-882D-15D6245C8749} = {1C69FD33-ABB5-3EA6-882D-15D6245C8749}
		{49A8D320-784D-33BD-842D-ADF98C0A4046} = {49A8D320-784D-33BD-842D-ADF98C0A4046}
		{F379097F-1CA8-3486-AB81-0946E4393AA1} = {F379097F-1CA8-3486-AB81-0946E4393AA1}
		{02083156-18BE-3C2E-8AE8-EF75E16EB546} = {02083156-18BE-3C2E-8AE8-EF75E16EB546}
		{2DA8A484-3C8A-35A6-A15C-E8CC3C556E7F} = {2DA8A484-3C8A-35A6-A15C-E8CC3C556E7F}
		{9FEB1F98-8984-3C72-AAB6-19F1BE59F427} = {9FEB1F98-8984-3C72-AAB6-19F1BE59F427}
		{F9E2409F-C349-32D2-95A9-98820B7CAD3F} = {F9E2409F-C349-32D2-95A9-98820B7CAD3F}
	EndProjectSection
EndProject
Project("{8BC9CEB8-8B4A-11D0-8D11-00A0C91BC942}") = "SnippetHelloWorld", "sdk_snippets_bin\SnippetHelloWorld.vcxproj", "{7956A48D-0CED-35C6-8658-6E995E22DFA6}"
	ProjectSection(ProjectDependencies) = postProject
		{32A9C81D-7CA4-39EA-981C-B72D03C21078} = {32A9C81D-7CA4-39EA-981C-B72D03C21078}
		{27613C86-6E1D-32EA-A261-4456639CB5E2} = {27613C86-6E1D-32EA-A261-4456639CB5E2}
		{D36C5C17-BFA3-31B7-B8A1-D3071EA973DD} = {D36C5C17-BFA3-31B7-B8A1-D3071EA973DD}
		{E9CE27D1-BC67-3326-8AE0-DF9EE8F623DD} = {E9CE27D1-BC67-3326-8AE0-DF9EE8F623DD}
		{1C69FD33-ABB5-3EA6-882D-15D6245C8749} = {1C69FD33-ABB5-3EA6-882D-15D6245C8749}
		{49A8D320-784D-33BD-842D-ADF98C0A4046} = {49A8D320-784D-33BD-842D-ADF98C0A4046}
		{F379097F-1CA8-3486-AB81-0946E4393AA1} = {F379097F-1CA8-3486-AB81-0946E4393AA1}
		{02083156-18BE-3C2E-8AE8-EF75E16EB546} = {02083156-18BE-3C2E-8AE8-EF75E16EB546}
		{2DA8A484-3C8A-35A6-A15C-E8CC3C556E7F} = {2DA8A484-3C8A-35A6-A15C-E8CC3C556E7F}
		{9FEB1F98-8984-3C72-AAB6-19F1BE59F427} = {9FEB1F98-8984-3C72-AAB6-19F1BE59F427}
		{F9E2409F-C349-32D2-95A9-98820B7CAD3F} = {F9E2409F-C349-32D2-95A9-98820B7CAD3F}
	EndProjectSection
EndProject
Project("{8BC9CEB8-8B4A-11D0-8D11-00A0C91BC942}") = "SnippetImmediateArticulation", "sdk_snippets_bin\SnippetImmediateArticulation.vcxproj", "{2608A5EC-BB87-3C37-A5B0-F8ABE5397C3B}"
	ProjectSection(ProjectDependencies) = postProject
		{32A9C81D-7CA4-39EA-981C-B72D03C21078} = {32A9C81D-7CA4-39EA-981C-B72D03C21078}
		{27613C86-6E1D-32EA-A261-4456639CB5E2} = {27613C86-6E1D-32EA-A261-4456639CB5E2}
		{D36C5C17-BFA3-31B7-B8A1-D3071EA973DD} = {D36C5C17-BFA3-31B7-B8A1-D3071EA973DD}
		{E9CE27D1-BC67-3326-8AE0-DF9EE8F623DD} = {E9CE27D1-BC67-3326-8AE0-DF9EE8F623DD}
		{1C69FD33-ABB5-3EA6-882D-15D6245C8749} = {1C69FD33-ABB5-3EA6-882D-15D6245C8749}
		{49A8D320-784D-33BD-842D-ADF98C0A4046} = {49A8D320-784D-33BD-842D-ADF98C0A4046}
		{F379097F-1CA8-3486-AB81-0946E4393AA1} = {F379097F-1CA8-3486-AB81-0946E4393AA1}
		{02083156-18BE-3C2E-8AE8-EF75E16EB546} = {02083156-18BE-3C2E-8AE8-EF75E16EB546}
		{2DA8A484-3C8A-35A6-A15C-E8CC3C556E7F} = {2DA8A484-3C8A-35A6-A15C-E8CC3C556E7F}
		{9FEB1F98-8984-3C72-AAB6-19F1BE59F427} = {9FEB1F98-8984-3C72-AAB6-19F1BE59F427}
		{F9E2409F-C349-32D2-95A9-98820B7CAD3F} = {F9E2409F-C349-32D2-95A9-98820B7CAD3F}
	EndProjectSection
EndProject
Project("{8BC9CEB8-8B4A-11D0-8D11-00A0C91BC942}") = "SnippetImmediateMode", "sdk_snippets_bin\SnippetImmediateMode.vcxproj", "{6488AE70-CDE0-3720-AC42-84201A2DBABC}"
	ProjectSection(ProjectDependencies) = postProject
		{32A9C81D-7CA4-39EA-981C-B72D03C21078} = {32A9C81D-7CA4-39EA-981C-B72D03C21078}
		{27613C86-6E1D-32EA-A261-4456639CB5E2} = {27613C86-6E1D-32EA-A261-4456639CB5E2}
		{D36C5C17-BFA3-31B7-B8A1-D3071EA973DD} = {D36C5C17-BFA3-31B7-B8A1-D3071EA973DD}
		{E9CE27D1-BC67-3326-8AE0-DF9EE8F623DD} = {E9CE27D1-BC67-3326-8AE0-DF9EE8F623DD}
		{1C69FD33-ABB5-3EA6-882D-15D6245C8749} = {1C69FD33-ABB5-3EA6-882D-15D6245C8749}
		{49A8D320-784D-33BD-842D-ADF98C0A4046} = {49A8D320-784D-33BD-842D-ADF98C0A4046}
		{F379097F-1CA8-3486-AB81-0946E4393AA1} = {F379097F-1CA8-3486-AB81-0946E4393AA1}
		{02083156-18BE-3C2E-8AE8-EF75E16EB546} = {02083156-18BE-3C2E-8AE8-EF75E16EB546}
		{2DA8A484-3C8A-35A6-A15C-E8CC3C556E7F} = {2DA8A484-3C8A-35A6-A15C-E8CC3C556E7F}
		{9FEB1F98-8984-3C72-AAB6-19F1BE59F427} = {9FEB1F98-8984-3C72-AAB6-19F1BE59F427}
		{F9E2409F-C349-32D2-95A9-98820B7CAD3F} = {F9E2409F-C349-32D2-95A9-98820B7CAD3F}
	EndProjectSection
EndProject
Project("{8BC9CEB8-8B4A-11D0-8D11-00A0C91BC942}") = "SnippetJoint", "sdk_snippets_bin\SnippetJoint.vcxproj", "{C89260CF-9AEE-39C4-87D1-44F2F3D796ED}"
	ProjectSection(ProjectDependencies) = postProject
		{32A9C81D-7CA4-39EA-981C-B72D03C21078} = {32A9C81D-7CA4-39EA-981C-B72D03C21078}
		{27613C86-6E1D-32EA-A261-4456639CB5E2} = {27613C86-6E1D-32EA-A261-4456639CB5E2}
		{D36C5C17-BFA3-31B7-B8A1-D3071EA973DD} = {D36C5C17-BFA3-31B7-B8A1-D3071EA973DD}
		{E9CE27D1-BC67-3326-8AE0-DF9EE8F623DD} = {E9CE27D1-BC67-3326-8AE0-DF9EE8F623DD}
		{1C69FD33-ABB5-3EA6-882D-15D6245C8749} = {1C69FD33-ABB5-3EA6-882D-15D6245C8749}
		{49A8D320-784D-33BD-842D-ADF98C0A4046} = {49A8D320-784D-33BD-842D-ADF98C0A4046}
		{F379097F-1CA8-3486-AB81-0946E4393AA1} = {F379097F-1CA8-3486-AB81-0946E4393AA1}
		{02083156-18BE-3C2E-8AE8-EF75E16EB546} = {02083156-18BE-3C2E-8AE8-EF75E16EB546}
		{2DA8A484-3C8A-35A6-A15C-E8CC3C556E7F} = {2DA8A484-3C8A-35A6-A15C-E8CC3C556E7F}
		{9FEB1F98-8984-3C72-AAB6-19F1BE59F427} = {9FEB1F98-8984-3C72-AAB6-19F1BE59F427}
		{F9E2409F-C349-32D2-95A9-98820B7CAD3F} = {F9E2409F-C349-32D2-95A9-98820B7CAD3F}
	EndProjectSection
EndProject
Project("{8BC9CEB8-8B4A-11D0-8D11-00A0C91BC942}") = "SnippetLoadCollection", "sdk_snippets_bin\SnippetLoadCollection.vcxproj", "{007F089E-3E8B-389A-9FF3-164A6496339F}"
	ProjectSection(ProjectDependencies) = postProject
		{32A9C81D-7CA4-39EA-981C-B72D03C21078} = {32A9C81D-7CA4-39EA-981C-B72D03C21078}
		{27613C86-6E1D-32EA-A261-4456639CB5E2} = {27613C86-6E1D-32EA-A261-4456639CB5E2}
		{D36C5C17-BFA3-31B7-B8A1-D3071EA973DD} = {D36C5C17-BFA3-31B7-B8A1-D3071EA973DD}
		{E9CE27D1-BC67-3326-8AE0-DF9EE8F623DD} = {E9CE27D1-BC67-3326-8AE0-DF9EE8F623DD}
		{1C69FD33-ABB5-3EA6-882D-15D6245C8749} = {1C69FD33-ABB5-3EA6-882D-15D6245C8749}
		{49A8D320-784D-33BD-842D-ADF98C0A4046} = {49A8D320-784D-33BD-842D-ADF98C0A4046}
		{F379097F-1CA8-3486-AB81-0946E4393AA1} = {F379097F-1CA8-3486-AB81-0946E4393AA1}
		{02083156-18BE-3C2E-8AE8-EF75E16EB546} = {02083156-18BE-3C2E-8AE8-EF75E16EB546}
		{2DA8A484-3C8A-35A6-A15C-E8CC3C556E7F} = {2DA8A484-3C8A-35A6-A15C-E8CC3C556E7F}
		{9FEB1F98-8984-3C72-AAB6-19F1BE59F427} = {9FEB1F98-8984-3C72-AAB6-19F1BE59F427}
		{F9E2409F-C349-32D2-95A9-98820B7CAD3F} = {F9E2409F-C349-32D2-95A9-98820B7CAD3F}
	EndProjectSection
EndProject
Project("{8BC9CEB8-8B4A-11D0-8D11-00A0C91BC942}") = "SnippetMBP", "sdk_snippets_bin\SnippetMBP.vcxproj", "{03005B3B-3D2D-31DC-9167-40EAC1C048B1}"
	ProjectSection(ProjectDependencies) = postProject
		{32A9C81D-7CA4-39EA-981C-B72D03C21078} = {32A9C81D-7CA4-39EA-981C-B72D03C21078}
		{27613C86-6E1D-32EA-A261-4456639CB5E2} = {27613C86-6E1D-32EA-A261-4456639CB5E2}
		{D36C5C17-BFA3-31B7-B8A1-D3071EA973DD} = {D36C5C17-BFA3-31B7-B8A1-D3071EA973DD}
		{E9CE27D1-BC67-3326-8AE0-DF9EE8F623DD} = {E9CE27D1-BC67-3326-8AE0-DF9EE8F623DD}
		{1C69FD33-ABB5-3EA6-882D-15D6245C8749} = {1C69FD33-ABB5-3EA6-882D-15D6245C8749}
		{49A8D320-784D-33BD-842D-ADF98C0A4046} = {49A8D320-784D-33BD-842D-ADF98C0A4046}
		{F379097F-1CA8-3486-AB81-0946E4393AA1} = {F379097F-1CA8-3486-AB81-0946E4393AA1}
		{02083156-18BE-3C2E-8AE8-EF75E16EB546} = {02083156-18BE-3C2E-8AE8-EF75E16EB546}
		{2DA8A484-3C8A-35A6-A15C-E8CC3C556E7F} = {2DA8A484-3C8A-35A6-A15C-E8CC3C556E7F}
		{9FEB1F98-8984-3C72-AAB6-19F1BE59F427} = {9FEB1F98-8984-3C72-AAB6-19F1BE59F427}
		{F9E2409F-C349-32D2-95A9-98820B7CAD3F} = {F9E2409F-C349-32D2-95A9-98820B7CAD3F}
	EndProjectSection
EndProject
Project("{8BC9CEB8-8B4A-11D0-8D11-00A0C91BC942}") = "SnippetMultiThreading", "sdk_snippets_bin\SnippetMultiThreading.vcxproj", "{CCFA4E86-B9DA-3EBE-A39D-EC9FF12819E5}"
	ProjectSection(ProjectDependencies) = postProject
		{32A9C81D-7CA4-39EA-981C-B72D03C21078} = {32A9C81D-7CA4-39EA-981C-B72D03C21078}
		{27613C86-6E1D-32EA-A261-4456639CB5E2} = {27613C86-6E1D-32EA-A261-4456639CB5E2}
		{D36C5C17-BFA3-31B7-B8A1-D3071EA973DD} = {D36C5C17-BFA3-31B7-B8A1-D3071EA973DD}
		{E9CE27D1-BC67-3326-8AE0-DF9EE8F623DD} = {E9CE27D1-BC67-3326-8AE0-DF9EE8F623DD}
		{1C69FD33-ABB5-3EA6-882D-15D6245C8749} = {1C69FD33-ABB5-3EA6-882D-15D6245C8749}
		{49A8D320-784D-33BD-842D-ADF98C0A4046} = {49A8D320-784D-33BD-842D-ADF98C0A4046}
		{F379097F-1CA8-3486-AB81-0946E4393AA1} = {F379097F-1CA8-3486-AB81-0946E4393AA1}
		{02083156-18BE-3C2E-8AE8-EF75E16EB546} = {02083156-18BE-3C2E-8AE8-EF75E16EB546}
		{2DA8A484-3C8A-35A6-A15C-E8CC3C556E7F} = {2DA8A484-3C8A-35A6-A15C-E8CC3C556E7F}
		{9FEB1F98-8984-3C72-AAB6-19F1BE59F427} = {9FEB1F98-8984-3C72-AAB6-19F1BE59F427}
		{F9E2409F-C349-32D2-95A9-98820B7CAD3F} = {F9E2409F-C349-32D2-95A9-98820B7CAD3F}
	EndProjectSection
EndProject
Project("{8BC9CEB8-8B4A-11D0-8D11-00A0C91BC942}") = "SnippetNestedScene", "sdk_snippets_bin\SnippetNestedScene.vcxproj", "{62B21480-D5F5-323B-A534-A2628A18D2C5}"
	ProjectSection(ProjectDependencies) = postProject
		{32A9C81D-7CA4-39EA-981C-B72D03C21078} = {32A9C81D-7CA4-39EA-981C-B72D03C21078}
		{27613C86-6E1D-32EA-A261-4456639CB5E2} = {27613C86-6E1D-32EA-A261-4456639CB5E2}
		{D36C5C17-BFA3-31B7-B8A1-D3071EA973DD} = {D36C5C17-BFA3-31B7-B8A1-D3071EA973DD}
		{E9CE27D1-BC67-3326-8AE0-DF9EE8F623DD} = {E9CE27D1-BC67-3326-8AE0-DF9EE8F623DD}
		{1C69FD33-ABB5-3EA6-882D-15D6245C8749} = {1C69FD33-ABB5-3EA6-882D-15D6245C8749}
		{49A8D320-784D-33BD-842D-ADF98C0A4046} = {49A8D320-784D-33BD-842D-ADF98C0A4046}
		{F379097F-1CA8-3486-AB81-0946E4393AA1} = {F379097F-1CA8-3486-AB81-0946E4393AA1}
		{6FEB5587-8199-3F5B-88AE-72D4A3D0CE63} = {6FEB5587-8199-3F5B-88AE-72D4A3D0CE63}
		{02083156-18BE-3C2E-8AE8-EF75E16EB546} = {02083156-18BE-3C2E-8AE8-EF75E16EB546}
		{2DA8A484-3C8A-35A6-A15C-E8CC3C556E7F} = {2DA8A484-3C8A-35A6-A15C-E8CC3C556E7F}
		{9FEB1F98-8984-3C72-AAB6-19F1BE59F427} = {9FEB1F98-8984-3C72-AAB6-19F1BE59F427}
		{F9E2409F-C349-32D2-95A9-98820B7CAD3F} = {F9E2409F-C349-32D2-95A9-98820B7CAD3F}
	EndProjectSection
EndProject
Project("{8BC9CEB8-8B4A-11D0-8D11-00A0C91BC942}") = "SnippetPrunerSerialization", "sdk_snippets_bin\SnippetPrunerSerialization.vcxproj", "{3A4C1719-BAFE-3757-AE95-447D69C7B188}"
	ProjectSection(ProjectDependencies) = postProject
		{32A9C81D-7CA4-39EA-981C-B72D03C21078} = {32A9C81D-7CA4-39EA-981C-B72D03C21078}
		{27613C86-6E1D-32EA-A261-4456639CB5E2} = {27613C86-6E1D-32EA-A261-4456639CB5E2}
		{D36C5C17-BFA3-31B7-B8A1-D3071EA973DD} = {D36C5C17-BFA3-31B7-B8A1-D3071EA973DD}
		{E9CE27D1-BC67-3326-8AE0-DF9EE8F623DD} = {E9CE27D1-BC67-3326-8AE0-DF9EE8F623DD}
		{1C69FD33-ABB5-3EA6-882D-15D6245C8749} = {1C69FD33-ABB5-3EA6-882D-15D6245C8749}
		{49A8D320-784D-33BD-842D-ADF98C0A4046} = {49A8D320-784D-33BD-842D-ADF98C0A4046}
		{F379097F-1CA8-3486-AB81-0946E4393AA1} = {F379097F-1CA8-3486-AB81-0946E4393AA1}
		{02083156-18BE-3C2E-8AE8-EF75E16EB546} = {02083156-18BE-3C2E-8AE8-EF75E16EB546}
		{2DA8A484-3C8A-35A6-A15C-E8CC3C556E7F} = {2DA8A484-3C8A-35A6-A15C-E8CC3C556E7F}
		{9FEB1F98-8984-3C72-AAB6-19F1BE59F427} = {9FEB1F98-8984-3C72-AAB6-19F1BE59F427}
		{F9E2409F-C349-32D2-95A9-98820B7CAD3F} = {F9E2409F-C349-32D2-95A9-98820B7CAD3F}
	EndProjectSection
EndProject
Project("{8BC9CEB8-8B4A-11D0-8D11-00A0C91BC942}") = "SnippetRaycastCCD", "sdk_snippets_bin\SnippetRaycastCCD.vcxproj", "{172C87F2-FBF2-3951-A3EC-9714A1004A64}"
	ProjectSection(ProjectDependencies) = postProject
		{32A9C81D-7CA4-39EA-981C-B72D03C21078} = {32A9C81D-7CA4-39EA-981C-B72D03C21078}
		{27613C86-6E1D-32EA-A261-4456639CB5E2} = {27613C86-6E1D-32EA-A261-4456639CB5E2}
		{D36C5C17-BFA3-31B7-B8A1-D3071EA973DD} = {D36C5C17-BFA3-31B7-B8A1-D3071EA973DD}
		{E9CE27D1-BC67-3326-8AE0-DF9EE8F623DD} = {E9CE27D1-BC67-3326-8AE0-DF9EE8F623DD}
		{1C69FD33-ABB5-3EA6-882D-15D6245C8749} = {1C69FD33-ABB5-3EA6-882D-15D6245C8749}
		{49A8D320-784D-33BD-842D-ADF98C0A4046} = {49A8D320-784D-33BD-842D-ADF98C0A4046}
		{F379097F-1CA8-3486-AB81-0946E4393AA1} = {F379097F-1CA8-3486-AB81-0946E4393AA1}
		{02083156-18BE-3C2E-8AE8-EF75E16EB546} = {02083156-18BE-3C2E-8AE8-EF75E16EB546}
		{2DA8A484-3C8A-35A6-A15C-E8CC3C556E7F} = {2DA8A484-3C8A-35A6-A15C-E8CC3C556E7F}
		{9FEB1F98-8984-3C72-AAB6-19F1BE59F427} = {9FEB1F98-8984-3C72-AAB6-19F1BE59F427}
		{F9E2409F-C349-32D2-95A9-98820B7CAD3F} = {F9E2409F-C349-32D2-95A9-98820B7CAD3F}
	EndProjectSection
EndProject
Project("{8BC9CEB8-8B4A-11D0-8D11-00A0C91BC942}") = "SnippetRender", "sdk_snippets_bin\SnippetRender.vcxproj", "{2DA8A484-3C8A-35A6-A15C-E8CC3C556E7F}"
	ProjectSection(ProjectDependencies) = postProject
		{49A8D320-784D-33BD-842D-ADF98C0A4046} = {49A8D320-784D-33BD-842D-ADF98C0A4046}
		{F9E2409F-C349-32D2-95A9-98820B7CAD3F} = {F9E2409F-C349-32D2-95A9-98820B7CAD3F}
	EndProjectSection
EndProject
Project("{8BC9CEB8-8B4A-11D0-8D11-00A0C91BC942}") = "SnippetSerialization", "sdk_snippets_bin\SnippetSerialization.vcxproj", "{3D66A8A6-48C0-31CF-A036-5F0E7E6F5950}"
	ProjectSection(ProjectDependencies) = postProject
		{32A9C81D-7CA4-39EA-981C-B72D03C21078} = {32A9C81D-7CA4-39EA-981C-B72D03C21078}
		{27613C86-6E1D-32EA-A261-4456639CB5E2} = {27613C86-6E1D-32EA-A261-4456639CB5E2}
		{D36C5C17-BFA3-31B7-B8A1-D3071EA973DD} = {D36C5C17-BFA3-31B7-B8A1-D3071EA973DD}
		{E9CE27D1-BC67-3326-8AE0-DF9EE8F623DD} = {E9CE27D1-BC67-3326-8AE0-DF9EE8F623DD}
		{1C69FD33-ABB5-3EA6-882D-15D6245C8749} = {1C69FD33-ABB5-3EA6-882D-15D6245C8749}
		{49A8D320-784D-33BD-842D-ADF98C0A4046} = {49A8D320-784D-33BD-842D-ADF98C0A4046}
		{F379097F-1CA8-3486-AB81-0946E4393AA1} = {F379097F-1CA8-3486-AB81-0946E4393AA1}
		{02083156-18BE-3C2E-8AE8-EF75E16EB546} = {02083156-18BE-3C2E-8AE8-EF75E16EB546}
		{2DA8A484-3C8A-35A6-A15C-E8CC3C556E7F} = {2DA8A484-3C8A-35A6-A15C-E8CC3C556E7F}
		{9FEB1F98-8984-3C72-AAB6-19F1BE59F427} = {9FEB1F98-8984-3C72-AAB6-19F1BE59F427}
		{F9E2409F-C349-32D2-95A9-98820B7CAD3F} = {F9E2409F-C349-32D2-95A9-98820B7CAD3F}
	EndProjectSection
EndProject
Project("{8BC9CEB8-8B4A-11D0-8D11-00A0C91BC942}") = "SnippetSplitFetchResults", "sdk_snippets_bin\SnippetSplitFetchResults.vcxproj", "{1F70CD44-199F-307F-8AC9-DF4E9E20E690}"
	ProjectSection(ProjectDependencies) = postProject
		{32A9C81D-7CA4-39EA-981C-B72D03C21078} = {32A9C81D-7CA4-39EA-981C-B72D03C21078}
		{27613C86-6E1D-32EA-A261-4456639CB5E2} = {27613C86-6E1D-32EA-A261-4456639CB5E2}
		{D36C5C17-BFA3-31B7-B8A1-D3071EA973DD} = {D36C5C17-BFA3-31B7-B8A1-D3071EA973DD}
		{E9CE27D1-BC67-3326-8AE0-DF9EE8F623DD} = {E9CE27D1-BC67-3326-8AE0-DF9EE8F623DD}
		{1C69FD33-ABB5-3EA6-882D-15D6245C8749} = {1C69FD33-ABB5-3EA6-882D-15D6245C8749}
		{49A8D320-784D-33BD-842D-ADF98C0A4046} = {49A8D320-784D-33BD-842D-ADF98C0A4046}
		{F379097F-1CA8-3486-AB81-0946E4393AA1} = {F379097F-1CA8-3486-AB81-0946E4393AA1}
		{02083156-18BE-3C2E-8AE8-EF75E16EB546} = {02083156-18BE-3C2E-8AE8-EF75E16EB546}
		{2DA8A484-3C8A-35A6-A15C-E8CC3C556E7F} = {2DA8A484-3C8A-35A6-A15C-E8CC3C556E7F}
		{9FEB1F98-8984-3C72-AAB6-19F1BE59F427} = {9FEB1F98-8984-3C72-AAB6-19F1BE59F427}
		{F9E2409F-C349-32D2-95A9-98820B7CAD3F} = {F9E2409F-C349-32D2-95A9-98820B7CAD3F}
	EndProjectSection
EndProject
Project("{8BC9CEB8-8B4A-11D0-8D11-00A0C91BC942}") = "SnippetSplitSim", "sdk_snippets_bin\SnippetSplitSim.vcxproj", "{A0817DA4-240B-379E-A55F-60A600463E42}"
	ProjectSection(ProjectDependencies) = postProject
		{32A9C81D-7CA4-39EA-981C-B72D03C21078} = {32A9C81D-7CA4-39EA-981C-B72D03C21078}
		{27613C86-6E1D-32EA-A261-4456639CB5E2} = {27613C86-6E1D-32EA-A261-4456639CB5E2}
		{D36C5C17-BFA3-31B7-B8A1-D3071EA973DD} = {D36C5C17-BFA3-31B7-B8A1-D3071EA973DD}
		{E9CE27D1-BC67-3326-8AE0-DF9EE8F623DD} = {E9CE27D1-BC67-3326-8AE0-DF9EE8F623DD}
		{1C69FD33-ABB5-3EA6-882D-15D6245C8749} = {1C69FD33-ABB5-3EA6-882D-15D6245C8749}
		{49A8D320-784D-33BD-842D-ADF98C0A4046} = {49A8D320-784D-33BD-842D-ADF98C0A4046}
		{F379097F-1CA8-3486-AB81-0946E4393AA1} = {F379097F-1CA8-3486-AB81-0946E4393AA1}
		{02083156-18BE-3C2E-8AE8-EF75E16EB546} = {02083156-18BE-3C2E-8AE8-EF75E16EB546}
		{2DA8A484-3C8A-35A6-A15C-E8CC3C556E7F} = {2DA8A484-3C8A-35A6-A15C-E8CC3C556E7F}
		{9FEB1F98-8984-3C72-AAB6-19F1BE59F427} = {9FEB1F98-8984-3C72-AAB6-19F1BE59F427}
		{F9E2409F-C349-32D2-95A9-98820B7CAD3F} = {F9E2409F-C349-32D2-95A9-98820B7CAD3F}
	EndProjectSection
EndProject
Project("{8BC9CEB8-8B4A-11D0-8D11-00A0C91BC942}") = "SnippetStepper", "sdk_snippets_bin\SnippetStepper.vcxproj", "{088AE126-C73F-327D-9499-646DFF74B668}"
	ProjectSection(ProjectDependencies) = postProject
		{32A9C81D-7CA4-39EA-981C-B72D03C21078} = {32A9C81D-7CA4-39EA-981C-B72D03C21078}
		{27613C86-6E1D-32EA-A261-4456639CB5E2} = {27613C86-6E1D-32EA-A261-4456639CB5E2}
		{D36C5C17-BFA3-31B7-B8A1-D3071EA973DD} = {D36C5C17-BFA3-31B7-B8A1-D3071EA973DD}
		{E9CE27D1-BC67-3326-8AE0-DF9EE8F623DD} = {E9CE27D1-BC67-3326-8AE0-DF9EE8F623DD}
		{1C69FD33-ABB5-3EA6-882D-15D6245C8749} = {1C69FD33-ABB5-3EA6-882D-15D6245C8749}
		{49A8D320-784D-33BD-842D-ADF98C0A4046} = {49A8D320-784D-33BD-842D-ADF98C0A4046}
		{F379097F-1CA8-3486-AB81-0946E4393AA1} = {F379097F-1CA8-3486-AB81-0946E4393AA1}
		{02083156-18BE-3C2E-8AE8-EF75E16EB546} = {02083156-18BE-3C2E-8AE8-EF75E16EB546}
		{2DA8A484-3C8A-35A6-A15C-E8CC3C556E7F} = {2DA8A484-3C8A-35A6-A15C-E8CC3C556E7F}
		{9FEB1F98-8984-3C72-AAB6-19F1BE59F427} = {9FEB1F98-8984-3C72-AAB6-19F1BE59F427}
		{F9E2409F-C349-32D2-95A9-98820B7CAD3F} = {F9E2409F-C349-32D2-95A9-98820B7CAD3F}
	EndProjectSection
EndProject
Project("{8BC9CEB8-8B4A-11D0-8D11-00A0C91BC942}") = "SnippetToleranceScale", "sdk_snippets_bin\SnippetToleranceScale.vcxproj", "{1F7C2F36-74AC-3041-BC77-B6ED23E82D85}"
	ProjectSection(ProjectDependencies) = postProject
		{32A9C81D-7CA4-39EA-981C-B72D03C21078} = {32A9C81D-7CA4-39EA-981C-B72D03C21078}
		{27613C86-6E1D-32EA-A261-4456639CB5E2} = {27613C86-6E1D-32EA-A261-4456639CB5E2}
		{D36C5C17-BFA3-31B7-B8A1-D3071EA973DD} = {D36C5C17-BFA3-31B7-B8A1-D3071EA973DD}
		{E9CE27D1-BC67-3326-8AE0-DF9EE8F623DD} = {E9CE27D1-BC67-3326-8AE0-DF9EE8F623DD}
		{1C69FD33-ABB5-3EA6-882D-15D6245C8749} = {1C69FD33-ABB5-3EA6-882D-15D6245C8749}
		{49A8D320-784D-33BD-842D-ADF98C0A4046} = {49A8D320-784D-33BD-842D-ADF98C0A4046}
		{F379097F-1CA8-3486-AB81-0946E4393AA1} = {F379097F-1CA8-3486-AB81-0946E4393AA1}
		{02083156-18BE-3C2E-8AE8-EF75E16EB546} = {02083156-18BE-3C2E-8AE8-EF75E16EB546}
		{2DA8A484-3C8A-35A6-A15C-E8CC3C556E7F} = {2DA8A484-3C8A-35A6-A15C-E8CC3C556E7F}
		{9FEB1F98-8984-3C72-AAB6-19F1BE59F427} = {9FEB1F98-8984-3C72-AAB6-19F1BE59F427}
		{F9E2409F-C349-32D2-95A9-98820B7CAD3F} = {F9E2409F-C349-32D2-95A9-98820B7CAD3F}
	EndProjectSection
EndProject
Project("{8BC9CEB8-8B4A-11D0-8D11-00A0C91BC942}") = "SnippetTriangleMeshCreate", "sdk_snippets_bin\SnippetTriangleMeshCreate.vcxproj", "{1D8FEE91-DDAB-331C-8E78-CC2A7AE6C9E7}"
	ProjectSection(ProjectDependencies) = postProject
		{32A9C81D-7CA4-39EA-981C-B72D03C21078} = {32A9C81D-7CA4-39EA-981C-B72D03C21078}
		{27613C86-6E1D-32EA-A261-4456639CB5E2} = {27613C86-6E1D-32EA-A261-4456639CB5E2}
		{D36C5C17-BFA3-31B7-B8A1-D3071EA973DD} = {D36C5C17-BFA3-31B7-B8A1-D3071EA973DD}
		{E9CE27D1-BC67-3326-8AE0-DF9EE8F623DD} = {E9CE27D1-BC67-3326-8AE0-DF9EE8F623DD}
		{1C69FD33-ABB5-3EA6-882D-15D6245C8749} = {1C69FD33-ABB5-3EA6-882D-15D6245C8749}
		{49A8D320-784D-33BD-842D-ADF98C0A4046} = {49A8D320-784D-33BD-842D-ADF98C0A4046}
		{F379097F-1CA8-3486-AB81-0946E4393AA1} = {F379097F-1CA8-3486-AB81-0946E4393AA1}
		{02083156-18BE-3C2E-8AE8-EF75E16EB546} = {02083156-18BE-3C2E-8AE8-EF75E16EB546}
		{2DA8A484-3C8A-35A6-A15C-E8CC3C556E7F} = {2DA8A484-3C8A-35A6-A15C-E8CC3C556E7F}
		{9FEB1F98-8984-3C72-AAB6-19F1BE59F427} = {9FEB1F98-8984-3C72-AAB6-19F1BE59F427}
		{F9E2409F-C349-32D2-95A9-98820B7CAD3F} = {F9E2409F-C349-32D2-95A9-98820B7CAD3F}
	EndProjectSection
EndProject
Project("{8BC9CEB8-8B4A-11D0-8D11-00A0C91BC942}") = "SnippetUtils", "sdk_snippets_bin\SnippetUtils.vcxproj", "{9FEB1F98-8984-3C72-AAB6-19F1BE59F427}"
	ProjectSection(ProjectDependencies) = postProject
		{49A8D320-784D-33BD-842D-ADF98C0A4046} = {49A8D320-784D-33BD-842D-ADF98C0A4046}
		{F9E2409F-C349-32D2-95A9-98820B7CAD3F} = {F9E2409F-C349-32D2-95A9-98820B7CAD3F}
	EndProjectSection
EndProject
Project("{8BC9CEB8-8B4A-11D0-8D11-00A0C91BC942}") = "SnippetVehicle4W", "sdk_snippets_bin\SnippetVehicle4W.vcxproj", "{C3F2D8EC-1CBE-3DD1-9C9B-6466A626BE7F}"
	ProjectSection(ProjectDependencies) = postProject
		{32A9C81D-7CA4-39EA-981C-B72D03C21078} = {32A9C81D-7CA4-39EA-981C-B72D03C21078}
		{27613C86-6E1D-32EA-A261-4456639CB5E2} = {27613C86-6E1D-32EA-A261-4456639CB5E2}
		{D36C5C17-BFA3-31B7-B8A1-D3071EA973DD} = {D36C5C17-BFA3-31B7-B8A1-D3071EA973DD}
		{E9CE27D1-BC67-3326-8AE0-DF9EE8F623DD} = {E9CE27D1-BC67-3326-8AE0-DF9EE8F623DD}
		{1C69FD33-ABB5-3EA6-882D-15D6245C8749} = {1C69FD33-ABB5-3EA6-882D-15D6245C8749}
		{49A8D320-784D-33BD-842D-ADF98C0A4046} = {49A8D320-784D-33BD-842D-ADF98C0A4046}
		{F379097F-1CA8-3486-AB81-0946E4393AA1} = {F379097F-1CA8-3486-AB81-0946E4393AA1}
		{6FEB5587-8199-3F5B-88AE-72D4A3D0CE63} = {6FEB5587-8199-3F5B-88AE-72D4A3D0CE63}
		{02083156-18BE-3C2E-8AE8-EF75E16EB546} = {02083156-18BE-3C2E-8AE8-EF75E16EB546}
		{2DA8A484-3C8A-35A6-A15C-E8CC3C556E7F} = {2DA8A484-3C8A-35A6-A15C-E8CC3C556E7F}
		{9FEB1F98-8984-3C72-AAB6-19F1BE59F427} = {9FEB1F98-8984-3C72-AAB6-19F1BE59F427}
		{F9E2409F-C349-32D2-95A9-98820B7CAD3F} = {F9E2409F-C349-32D2-95A9-98820B7CAD3F}
	EndProjectSection
EndProject
Project("{8BC9CEB8-8B4A-11D0-8D11-00A0C91BC942}") = "SnippetVehicleContactMod", "sdk_snippets_bin\SnippetVehicleContactMod.vcxproj", "{0438A6DB-E258-328E-BDB1-01A9A076B225}"
	ProjectSection(ProjectDependencies) = postProject
		{32A9C81D-7CA4-39EA-981C-B72D03C21078} = {32A9C81D-7CA4-39EA-981C-B72D03C21078}
		{27613C86-6E1D-32EA-A261-4456639CB5E2} = {27613C86-6E1D-32EA-A261-4456639CB5E2}
		{D36C5C17-BFA3-31B7-B8A1-D3071EA973DD} = {D36C5C17-BFA3-31B7-B8A1-D3071EA973DD}
		{E9CE27D1-BC67-3326-8AE0-DF9EE8F623DD} = {E9CE27D1-BC67-3326-8AE0-DF9EE8F623DD}
		{1C69FD33-ABB5-3EA6-882D-15D6245C8749} = {1C69FD33-ABB5-3EA6-882D-15D6245C8749}
		{49A8D320-784D-33BD-842D-ADF98C0A4046} = {49A8D320-784D-33BD-842D-ADF98C0A4046}
		{F379097F-1CA8-3486-AB81-0946E4393AA1} = {F379097F-1CA8-3486-AB81-0946E4393AA1}
		{6FEB5587-8199-3F5B-88AE-72D4A3D0CE63} = {6FEB5587-8199-3F5B-88AE-72D4A3D0CE63}
		{02083156-18BE-3C2E-8AE8-EF75E16EB546} = {02083156-18BE-3C2E-8AE8-EF75E16EB546}
		{2DA8A484-3C8A-35A6-A15C-E8CC3C556E7F} = {2DA8A484-3C8A-35A6-A15C-E8CC3C556E7F}
		{9FEB1F98-8984-3C72-AAB6-19F1BE59F427} = {9FEB1F98-8984-3C72-AAB6-19F1BE59F427}
		{F9E2409F-C349-32D2-95A9-98820B7CAD3F} = {F9E2409F-C349-32D2-95A9-98820B7CAD3F}
	EndProjectSection
EndProject
Project("{8BC9CEB8-8B4A-11D0-8D11-00A0C91BC942}") = "SnippetVehicleMultiThreading", "sdk_snippets_bin\SnippetVehicleMultiThreading.vcxproj", "{F32F9BDA-7C35-388C-9089-219308DFA712}"
	ProjectSection(ProjectDependencies) = postProject
		{32A9C81D-7CA4-39EA-981C-B72D03C21078} = {32A9C81D-7CA4-39EA-981C-B72D03C21078}
		{27613C86-6E1D-32EA-A261-4456639CB5E2} = {27613C86-6E1D-32EA-A261-4456639CB5E2}
		{D36C5C17-BFA3-31B7-B8A1-D3071EA973DD} = {D36C5C17-BFA3-31B7-B8A1-D3071EA973DD}
		{E9CE27D1-BC67-3326-8AE0-DF9EE8F623DD} = {E9CE27D1-BC67-3326-8AE0-DF9EE8F623DD}
		{1C69FD33-ABB5-3EA6-882D-15D6245C8749} = {1C69FD33-ABB5-3EA6-882D-15D6245C8749}
		{49A8D320-784D-33BD-842D-ADF98C0A4046} = {49A8D320-784D-33BD-842D-ADF98C0A4046}
		{F379097F-1CA8-3486-AB81-0946E4393AA1} = {F379097F-1CA8-3486-AB81-0946E4393AA1}
		{6FEB5587-8199-3F5B-88AE-72D4A3D0CE63} = {6FEB5587-8199-3F5B-88AE-72D4A3D0CE63}
		{02083156-18BE-3C2E-8AE8-EF75E16EB546} = {02083156-18BE-3C2E-8AE8-EF75E16EB546}
		{2DA8A484-3C8A-35A6-A15C-E8CC3C556E7F} = {2DA8A484-3C8A-35A6-A15C-E8CC3C556E7F}
		{9FEB1F98-8984-3C72-AAB6-19F1BE59F427} = {9FEB1F98-8984-3C72-AAB6-19F1BE59F427}
		{F9E2409F-C349-32D2-95A9-98820B7CAD3F} = {F9E2409F-C349-32D2-95A9-98820B7CAD3F}
	EndProjectSection
EndProject
Project("{8BC9CEB8-8B4A-11D0-8D11-00A0C91BC942}") = "SnippetVehicleNoDrive", "sdk_snippets_bin\SnippetVehicleNoDrive.vcxproj", "{815BECFF-2A17-3D91-963D-BDAA0474962F}"
	ProjectSection(ProjectDependencies) = postProject
		{32A9C81D-7CA4-39EA-981C-B72D03C21078} = {32A9C81D-7CA4-39EA-981C-B72D03C21078}
		{27613C86-6E1D-32EA-A261-4456639CB5E2} = {27613C86-6E1D-32EA-A261-4456639CB5E2}
		{D36C5C17-BFA3-31B7-B8A1-D3071EA973DD} = {D36C5C17-BFA3-31B7-B8A1-D3071EA973DD}
		{E9CE27D1-BC67-3326-8AE0-DF9EE8F623DD} = {E9CE27D1-BC67-3326-8AE0-DF9EE8F623DD}
		{1C69FD33-ABB5-3EA6-882D-15D6245C8749} = {1C69FD33-ABB5-3EA6-882D-15D6245C8749}
		{49A8D320-784D-33BD-842D-ADF98C0A4046} = {49A8D320-784D-33BD-842D-ADF98C0A4046}
		{F379097F-1CA8-3486-AB81-0946E4393AA1} = {F379097F-1CA8-3486-AB81-0946E4393AA1}
		{6FEB5587-8199-3F5B-88AE-72D4A3D0CE63} = {6FEB5587-8199-3F5B-88AE-72D4A3D0CE63}
		{02083156-18BE-3C2E-8AE8-EF75E16EB546} = {02083156-18BE-3C2E-8AE8-EF75E16EB546}
		{2DA8A484-3C8A-35A6-A15C-E8CC3C556E7F} = {2DA8A484-3C8A-35A6-A15C-E8CC3C556E7F}
		{9FEB1F98-8984-3C72-AAB6-19F1BE59F427} = {9FEB1F98-8984-3C72-AAB6-19F1BE59F427}
		{F9E2409F-C349-32D2-95A9-98820B7CAD3F} = {F9E2409F-C349-32D2-95A9-98820B7CAD3F}
	EndProjectSection
EndProject
Project("{8BC9CEB8-8B4A-11D0-8D11-00A0C91BC942}") = "SnippetVehicleScale", "sdk_snippets_bin\SnippetVehicleScale.vcxproj", "{01ED3653-64F8-3B66-8252-1D19868702AF}"
	ProjectSection(ProjectDependencies) = postProject
		{32A9C81D-7CA4-39EA-981C-B72D03C21078} = {32A9C81D-7CA4-39EA-981C-B72D03C21078}
		{27613C86-6E1D-32EA-A261-4456639CB5E2} = {27613C86-6E1D-32EA-A261-4456639CB5E2}
		{D36C5C17-BFA3-31B7-B8A1-D3071EA973DD} = {D36C5C17-BFA3-31B7-B8A1-D3071EA973DD}
		{E9CE27D1-BC67-3326-8AE0-DF9EE8F623DD} = {E9CE27D1-BC67-3326-8AE0-DF9EE8F623DD}
		{1C69FD33-ABB5-3EA6-882D-15D6245C8749} = {1C69FD33-ABB5-3EA6-882D-15D6245C8749}
		{49A8D320-784D-33BD-842D-ADF98C0A4046} = {49A8D320-784D-33BD-842D-ADF98C0A4046}
		{F379097F-1CA8-3486-AB81-0946E4393AA1} = {F379097F-1CA8-3486-AB81-0946E4393AA1}
		{6FEB5587-8199-3F5B-88AE-72D4A3D0CE63} = {6FEB5587-8199-3F5B-88AE-72D4A3D0CE63}
		{02083156-18BE-3C2E-8AE8-EF75E16EB546} = {02083156-18BE-3C2E-8AE8-EF75E16EB546}
		{2DA8A484-3C8A-35A6-A15C-E8CC3C556E7F} = {2DA8A484-3C8A-35A6-A15C-E8CC3C556E7F}
		{9FEB1F98-8984-3C72-AAB6-19F1BE59F427} = {9FEB1F98-8984-3C72-AAB6-19F1BE59F427}
		{F9E2409F-C349-32D2-95A9-98820B7CAD3F} = {F9E2409F-C349-32D2-95A9-98820B7CAD3F}
	EndProjectSection
EndProject
Project("{8BC9CEB8-8B4A-11D0-8D11-00A0C91BC942}") = "SnippetVehicleTank", "sdk_snippets_bin\SnippetVehicleTank.vcxproj", "{65989686-8317-30B6-B56B-217086C2CD1A}"
	ProjectSection(ProjectDependencies) = postProject
		{32A9C81D-7CA4-39EA-981C-B72D03C21078} = {32A9C81D-7CA4-39EA-981C-B72D03C21078}
		{27613C86-6E1D-32EA-A261-4456639CB5E2} = {27613C86-6E1D-32EA-A261-4456639CB5E2}
		{D36C5C17-BFA3-31B7-B8A1-D3071EA973DD} = {D36C5C17-BFA3-31B7-B8A1-D3071EA973DD}
		{E9CE27D1-BC67-3326-8AE0-DF9EE8F623DD} = {E9CE27D1-BC67-3326-8AE0-DF9EE8F623DD}
		{1C69FD33-ABB5-3EA6-882D-15D6245C8749} = {1C69FD33-ABB5-3EA6-882D-15D6245C8749}
		{49A8D320-784D-33BD-842D-ADF98C0A4046} = {49A8D320-784D-33BD-842D-ADF98C0A4046}
		{F379097F-1CA8-3486-AB81-0946E4393AA1} = {F379097F-1CA8-3486-AB81-0946E4393AA1}
		{6FEB5587-8199-3F5B-88AE-72D4A3D0CE63} = {6FEB5587-8199-3F5B-88AE-72D4A3D0CE63}
		{02083156-18BE-3C2E-8AE8-EF75E16EB546} = {02083156-18BE-3C2E-8AE8-EF75E16EB546}
		{2DA8A484-3C8A-35A6-A15C-E8CC3C556E7F} = {2DA8A484-3C8A-35A6-A15C-E8CC3C556E7F}
		{9FEB1F98-8984-3C72-AAB6-19F1BE59F427} = {9FEB1F98-8984-3C72-AAB6-19F1BE59F427}
		{F9E2409F-C349-32D2-95A9-98820B7CAD3F} = {F9E2409F-C349-32D2-95A9-98820B7CAD3F}
	EndProjectSection
EndProject
Project("{8BC9CEB8-8B4A-11D0-8D11-00A0C91BC942}") = "ZERO_CHECK", "ZERO_CHECK.vcxproj", "{F9E2409F-C349-32D2-95A9-98820B7CAD3F}"
	ProjectSection(ProjectDependencies) = postProject
	EndProjectSection
EndProject
Global
	GlobalSection(SolutionConfigurationPlatforms) = preSolution
		debug|x64 = debug|x64
		checked|x64 = checked|x64
		profile|x64 = profile|x64
		release|x64 = release|x64
	EndGlobalSection
	GlobalSection(ProjectConfigurationPlatforms) = postSolution
		{6395FA5E-BC24-3558-B08E-8D230B91C24F}.debug|x64.ActiveCfg = debug|x64
		{6395FA5E-BC24-3558-B08E-8D230B91C24F}.debug|x64.Build.0 = debug|x64
		{6395FA5E-BC24-3558-B08E-8D230B91C24F}.checked|x64.ActiveCfg = checked|x64
		{6395FA5E-BC24-3558-B08E-8D230B91C24F}.checked|x64.Build.0 = checked|x64
		{6395FA5E-BC24-3558-B08E-8D230B91C24F}.profile|x64.ActiveCfg = profile|x64
		{6395FA5E-BC24-3558-B08E-8D230B91C24F}.profile|x64.Build.0 = profile|x64
		{6395FA5E-BC24-3558-B08E-8D230B91C24F}.release|x64.ActiveCfg = release|x64
		{6395FA5E-BC24-3558-B08E-8D230B91C24F}.release|x64.Build.0 = release|x64
		{5EB29DC9-B698-3715-8E28-8895666A586C}.debug|x64.ActiveCfg = debug|x64
		{5EB29DC9-B698-3715-8E28-8895666A586C}.debug|x64.Build.0 = debug|x64
		{5EB29DC9-B698-3715-8E28-8895666A586C}.checked|x64.ActiveCfg = checked|x64
		{5EB29DC9-B698-3715-8E28-8895666A586C}.checked|x64.Build.0 = checked|x64
		{5EB29DC9-B698-3715-8E28-8895666A586C}.profile|x64.ActiveCfg = profile|x64
		{5EB29DC9-B698-3715-8E28-8895666A586C}.profile|x64.Build.0 = profile|x64
		{5EB29DC9-B698-3715-8E28-8895666A586C}.release|x64.ActiveCfg = release|x64
		{5EB29DC9-B698-3715-8E28-8895666A586C}.release|x64.Build.0 = release|x64
		{68201E88-F1FD-3199-BE8E-77A088643EA1}.debug|x64.ActiveCfg = debug|x64
		{68201E88-F1FD-3199-BE8E-77A088643EA1}.checked|x64.ActiveCfg = checked|x64
		{68201E88-F1FD-3199-BE8E-77A088643EA1}.profile|x64.ActiveCfg = profile|x64
		{68201E88-F1FD-3199-BE8E-77A088643EA1}.release|x64.ActiveCfg = release|x64
		{856AE173-888D-389E-A0AA-749C41332324}.debug|x64.ActiveCfg = debug|x64
		{856AE173-888D-389E-A0AA-749C41332324}.debug|x64.Build.0 = debug|x64
		{856AE173-888D-389E-A0AA-749C41332324}.checked|x64.ActiveCfg = checked|x64
		{856AE173-888D-389E-A0AA-749C41332324}.checked|x64.Build.0 = checked|x64
		{856AE173-888D-389E-A0AA-749C41332324}.profile|x64.ActiveCfg = profile|x64
		{856AE173-888D-389E-A0AA-749C41332324}.profile|x64.Build.0 = profile|x64
		{856AE173-888D-389E-A0AA-749C41332324}.release|x64.ActiveCfg = release|x64
		{856AE173-888D-389E-A0AA-749C41332324}.release|x64.Build.0 = release|x64
		{7EE0A3F4-3EBA-3470-B747-FCF41CEA3A64}.debug|x64.ActiveCfg = debug|x64
		{7EE0A3F4-3EBA-3470-B747-FCF41CEA3A64}.debug|x64.Build.0 = debug|x64
		{7EE0A3F4-3EBA-3470-B747-FCF41CEA3A64}.checked|x64.ActiveCfg = checked|x64
		{7EE0A3F4-3EBA-3470-B747-FCF41CEA3A64}.checked|x64.Build.0 = checked|x64
		{7EE0A3F4-3EBA-3470-B747-FCF41CEA3A64}.profile|x64.ActiveCfg = profile|x64
		{7EE0A3F4-3EBA-3470-B747-FCF41CEA3A64}.profile|x64.Build.0 = profile|x64
		{7EE0A3F4-3EBA-3470-B747-FCF41CEA3A64}.release|x64.ActiveCfg = release|x64
		{7EE0A3F4-3EBA-3470-B747-FCF41CEA3A64}.release|x64.Build.0 = release|x64
		{9F48C299-C31E-3DA6-B5F5-F45F8DB800E7}.debug|x64.ActiveCfg = debug|x64
		{9F48C299-C31E-3DA6-B5F5-F45F8DB800E7}.debug|x64.Build.0 = debug|x64
		{9F48C299-C31E-3DA6-B5F5-F45F8DB800E7}.checked|x64.ActiveCfg = checked|x64
		{9F48C299-C31E-3DA6-B5F5-F45F8DB800E7}.checked|x64.Build.0 = checked|x64
		{9F48C299-C31E-3DA6-B5F5-F45F8DB800E7}.profile|x64.ActiveCfg = profile|x64
		{9F48C299-C31E-3DA6-B5F5-F45F8DB800E7}.profile|x64.Build.0 = profile|x64
		{9F48C299-C31E-3DA6-B5F5-F45F8DB800E7}.release|x64.ActiveCfg = release|x64
		{9F48C299-C31E-3DA6-B5F5-F45F8DB800E7}.release|x64.Build.0 = release|x64
		{32A9C81D-7CA4-39EA-981C-B72D03C21078}.debug|x64.ActiveCfg = debug|x64
		{32A9C81D-7CA4-39EA-981C-B72D03C21078}.debug|x64.Build.0 = debug|x64
		{32A9C81D-7CA4-39EA-981C-B72D03C21078}.checked|x64.ActiveCfg = checked|x64
		{32A9C81D-7CA4-39EA-981C-B72D03C21078}.checked|x64.Build.0 = checked|x64
		{32A9C81D-7CA4-39EA-981C-B72D03C21078}.profile|x64.ActiveCfg = profile|x64
		{32A9C81D-7CA4-39EA-981C-B72D03C21078}.profile|x64.Build.0 = profile|x64
		{32A9C81D-7CA4-39EA-981C-B72D03C21078}.release|x64.ActiveCfg = release|x64
		{32A9C81D-7CA4-39EA-981C-B72D03C21078}.release|x64.Build.0 = release|x64
		{27613C86-6E1D-32EA-A261-4456639CB5E2}.debug|x64.ActiveCfg = debug|x64
		{27613C86-6E1D-32EA-A261-4456639CB5E2}.debug|x64.Build.0 = debug|x64
		{27613C86-6E1D-32EA-A261-4456639CB5E2}.checked|x64.ActiveCfg = checked|x64
		{27613C86-6E1D-32EA-A261-4456639CB5E2}.checked|x64.Build.0 = checked|x64
		{27613C86-6E1D-32EA-A261-4456639CB5E2}.profile|x64.ActiveCfg = profile|x64
		{27613C86-6E1D-32EA-A261-4456639CB5E2}.profile|x64.Build.0 = profile|x64
		{27613C86-6E1D-32EA-A261-4456639CB5E2}.release|x64.ActiveCfg = release|x64
		{27613C86-6E1D-32EA-A261-4456639CB5E2}.release|x64.Build.0 = release|x64
		{D36C5C17-BFA3-31B7-B8A1-D3071EA973DD}.debug|x64.ActiveCfg = debug|x64
		{D36C5C17-BFA3-31B7-B8A1-D3071EA973DD}.debug|x64.Build.0 = debug|x64
		{D36C5C17-BFA3-31B7-B8A1-D3071EA973DD}.checked|x64.ActiveCfg = checked|x64
		{D36C5C17-BFA3-31B7-B8A1-D3071EA973DD}.checked|x64.Build.0 = checked|x64
		{D36C5C17-BFA3-31B7-B8A1-D3071EA973DD}.profile|x64.ActiveCfg = profile|x64
		{D36C5C17-BFA3-31B7-B8A1-D3071EA973DD}.profile|x64.Build.0 = profile|x64
		{D36C5C17-BFA3-31B7-B8A1-D3071EA973DD}.release|x64.ActiveCfg = release|x64
		{D36C5C17-BFA3-31B7-B8A1-D3071EA973DD}.release|x64.Build.0 = release|x64
		{E9CE27D1-BC67-3326-8AE0-DF9EE8F623DD}.debug|x64.ActiveCfg = debug|x64
		{E9CE27D1-BC67-3326-8AE0-DF9EE8F623DD}.debug|x64.Build.0 = debug|x64
		{E9CE27D1-BC67-3326-8AE0-DF9EE8F623DD}.checked|x64.ActiveCfg = checked|x64
		{E9CE27D1-BC67-3326-8AE0-DF9EE8F623DD}.checked|x64.Build.0 = checked|x64
		{E9CE27D1-BC67-3326-8AE0-DF9EE8F623DD}.profile|x64.ActiveCfg = profile|x64
		{E9CE27D1-BC67-3326-8AE0-DF9EE8F623DD}.profile|x64.Build.0 = profile|x64
		{E9CE27D1-BC67-3326-8AE0-DF9EE8F623DD}.release|x64.ActiveCfg = release|x64
		{E9CE27D1-BC67-3326-8AE0-DF9EE8F623DD}.release|x64.Build.0 = release|x64
		{1C69FD33-ABB5-3EA6-882D-15D6245C8749}.debug|x64.ActiveCfg = debug|x64
		{1C69FD33-ABB5-3EA6-882D-15D6245C8749}.debug|x64.Build.0 = debug|x64
		{1C69FD33-ABB5-3EA6-882D-15D6245C8749}.checked|x64.ActiveCfg = checked|x64
		{1C69FD33-ABB5-3EA6-882D-15D6245C8749}.checked|x64.Build.0 = checked|x64
		{1C69FD33-ABB5-3EA6-882D-15D6245C8749}.profile|x64.ActiveCfg = profile|x64
		{1C69FD33-ABB5-3EA6-882D-15D6245C8749}.profile|x64.Build.0 = profile|x64
		{1C69FD33-ABB5-3EA6-882D-15D6245C8749}.release|x64.ActiveCfg = release|x64
		{1C69FD33-ABB5-3EA6-882D-15D6245C8749}.release|x64.Build.0 = release|x64
		{49A8D320-784D-33BD-842D-ADF98C0A4046}.debug|x64.ActiveCfg = debug|x64
		{49A8D320-784D-33BD-842D-ADF98C0A4046}.debug|x64.Build.0 = debug|x64
		{49A8D320-784D-33BD-842D-ADF98C0A4046}.checked|x64.ActiveCfg = checked|x64
		{49A8D320-784D-33BD-842D-ADF98C0A4046}.checked|x64.Build.0 = checked|x64
		{49A8D320-784D-33BD-842D-ADF98C0A4046}.profile|x64.ActiveCfg = profile|x64
		{49A8D320-784D-33BD-842D-ADF98C0A4046}.profile|x64.Build.0 = profile|x64
		{49A8D320-784D-33BD-842D-ADF98C0A4046}.release|x64.ActiveCfg = release|x64
		{49A8D320-784D-33BD-842D-ADF98C0A4046}.release|x64.Build.0 = release|x64
		{F379097F-1CA8-3486-AB81-0946E4393AA1}.debug|x64.ActiveCfg = debug|x64
		{F379097F-1CA8-3486-AB81-0946E4393AA1}.debug|x64.Build.0 = debug|x64
		{F379097F-1CA8-3486-AB81-0946E4393AA1}.checked|x64.ActiveCfg = checked|x64
		{F379097F-1CA8-3486-AB81-0946E4393AA1}.checked|x64.Build.0 = checked|x64
		{F379097F-1CA8-3486-AB81-0946E4393AA1}.profile|x64.ActiveCfg = profile|x64
		{F379097F-1CA8-3486-AB81-0946E4393AA1}.profile|x64.Build.0 = profile|x64
		{F379097F-1CA8-3486-AB81-0946E4393AA1}.release|x64.ActiveCfg = release|x64
		{F379097F-1CA8-3486-AB81-0946E4393AA1}.release|x64.Build.0 = release|x64
		{6FEB5587-8199-3F5B-88AE-72D4A3D0CE63}.debug|x64.ActiveCfg = debug|x64
		{6FEB5587-8199-3F5B-88AE-72D4A3D0CE63}.debug|x64.Build.0 = debug|x64
		{6FEB5587-8199-3F5B-88AE-72D4A3D0CE63}.checked|x64.ActiveCfg = checked|x64
		{6FEB5587-8199-3F5B-88AE-72D4A3D0CE63}.checked|x64.Build.0 = checked|x64
		{6FEB5587-8199-3F5B-88AE-72D4A3D0CE63}.profile|x64.ActiveCfg = profile|x64
		{6FEB5587-8199-3F5B-88AE-72D4A3D0CE63}.profile|x64.Build.0 = profile|x64
		{6FEB5587-8199-3F5B-88AE-72D4A3D0CE63}.release|x64.ActiveCfg = release|x64
		{6FEB5587-8199-3F5B-88AE-72D4A3D0CE63}.release|x64.Build.0 = release|x64
		{02083156-18BE-3C2E-8AE8-EF75E16EB546}.debug|x64.ActiveCfg = debug|x64
		{02083156-18BE-3C2E-8AE8-EF75E16EB546}.debug|x64.Build.0 = debug|x64
		{02083156-18BE-3C2E-8AE8-EF75E16EB546}.checked|x64.ActiveCfg = checked|x64
		{02083156-18BE-3C2E-8AE8-EF75E16EB546}.checked|x64.Build.0 = checked|x64
		{02083156-18BE-3C2E-8AE8-EF75E16EB546}.profile|x64.ActiveCfg = profile|x64
		{02083156-18BE-3C2E-8AE8-EF75E16EB546}.profile|x64.Build.0 = profile|x64
		{02083156-18BE-3C2E-8AE8-EF75E16EB546}.release|x64.ActiveCfg = release|x64
		{02083156-18BE-3C2E-8AE8-EF75E16EB546}.release|x64.Build.0 = release|x64
		{51070F31-534D-356B-A82C-A9502D2A1548}.debug|x64.ActiveCfg = debug|x64
		{51070F31-534D-356B-A82C-A9502D2A1548}.debug|x64.Build.0 = debug|x64
		{51070F31-534D-356B-A82C-A9502D2A1548}.checked|x64.ActiveCfg = checked|x64
		{51070F31-534D-356B-A82C-A9502D2A1548}.checked|x64.Build.0 = checked|x64
		{51070F31-534D-356B-A82C-A9502D2A1548}.profile|x64.ActiveCfg = profile|x64
		{51070F31-534D-356B-A82C-A9502D2A1548}.profile|x64.Build.0 = profile|x64
		{51070F31-534D-356B-A82C-A9502D2A1548}.release|x64.ActiveCfg = release|x64
		{51070F31-534D-356B-A82C-A9502D2A1548}.release|x64.Build.0 = release|x64
		{BBF903AE-28AC-3BB9-BCC8-29BDA7781A4D}.debug|x64.ActiveCfg = debug|x64
		{BBF903AE-28AC-3BB9-BCC8-29BDA7781A4D}.debug|x64.Build.0 = debug|x64
		{BBF903AE-28AC-3BB9-BCC8-29BDA7781A4D}.checked|x64.ActiveCfg = checked|x64
		{BBF903AE-28AC-3BB9-BCC8-29BDA7781A4D}.checked|x64.Build.0 = checked|x64
		{BBF903AE-28AC-3BB9-BCC8-29BDA7781A4D}.profile|x64.ActiveCfg = profile|x64
		{BBF903AE-28AC-3BB9-BCC8-29BDA7781A4D}.profile|x64.Build.0 = profile|x64
		{BBF903AE-28AC-3BB9-BCC8-29BDA7781A4D}.release|x64.ActiveCfg = release|x64
		{BBF903AE-28AC-3BB9-BCC8-29BDA7781A4D}.release|x64.Build.0 = release|x64
		{29B0BE29-7A64-3ADC-A847-BA6C62855D0C}.debug|x64.ActiveCfg = debug|x64
		{29B0BE29-7A64-3ADC-A847-BA6C62855D0C}.debug|x64.Build.0 = debug|x64
		{29B0BE29-7A64-3ADC-A847-BA6C62855D0C}.checked|x64.ActiveCfg = checked|x64
		{29B0BE29-7A64-3ADC-A847-BA6C62855D0C}.checked|x64.Build.0 = checked|x64
		{29B0BE29-7A64-3ADC-A847-BA6C62855D0C}.profile|x64.ActiveCfg = profile|x64
		{29B0BE29-7A64-3ADC-A847-BA6C62855D0C}.profile|x64.Build.0 = profile|x64
		{29B0BE29-7A64-3ADC-A847-BA6C62855D0C}.release|x64.ActiveCfg = release|x64
		{29B0BE29-7A64-3ADC-A847-BA6C62855D0C}.release|x64.Build.0 = release|x64
		{C320E637-D770-369D-B89B-75085487F897}.debug|x64.ActiveCfg = debug|x64
		{C320E637-D770-369D-B89B-75085487F897}.debug|x64.Build.0 = debug|x64
		{C320E637-D770-369D-B89B-75085487F897}.checked|x64.ActiveCfg = checked|x64
		{C320E637-D770-369D-B89B-75085487F897}.checked|x64.Build.0 = checked|x64
		{C320E637-D770-369D-B89B-75085487F897}.profile|x64.ActiveCfg = profile|x64
		{C320E637-D770-369D-B89B-75085487F897}.profile|x64.Build.0 = profile|x64
		{C320E637-D770-369D-B89B-75085487F897}.release|x64.ActiveCfg = release|x64
		{C320E637-D770-369D-B89B-75085487F897}.release|x64.Build.0 = release|x64
		{275E2E35-A30A-3A83-ACDF-449B61BDF430}.debug|x64.ActiveCfg = debug|x64
		{275E2E35-A30A-3A83-ACDF-449B61BDF430}.debug|x64.Build.0 = debug|x64
		{275E2E35-A30A-3A83-ACDF-449B61BDF430}.checked|x64.ActiveCfg = checked|x64
		{275E2E35-A30A-3A83-ACDF-449B61BDF430}.checked|x64.Build.0 = checked|x64
		{275E2E35-A30A-3A83-ACDF-449B61BDF430}.profile|x64.ActiveCfg = profile|x64
		{275E2E35-A30A-3A83-ACDF-449B61BDF430}.profile|x64.Build.0 = profile|x64
		{275E2E35-A30A-3A83-ACDF-449B61BDF430}.release|x64.ActiveCfg = release|x64
		{275E2E35-A30A-3A83-ACDF-449B61BDF430}.release|x64.Build.0 = release|x64
		{1D1D31C5-5595-32DC-8E3D-FB4253EA55FE}.debug|x64.ActiveCfg = debug|x64
		{1D1D31C5-5595-32DC-8E3D-FB4253EA55FE}.debug|x64.Build.0 = debug|x64
		{1D1D31C5-5595-32DC-8E3D-FB4253EA55FE}.checked|x64.ActiveCfg = checked|x64
		{1D1D31C5-5595-32DC-8E3D-FB4253EA55FE}.checked|x64.Build.0 = checked|x64
		{1D1D31C5-5595-32DC-8E3D-FB4253EA55FE}.profile|x64.ActiveCfg = profile|x64
		{1D1D31C5-5595-32DC-8E3D-FB4253EA55FE}.profile|x64.Build.0 = profile|x64
		{1D1D31C5-5595-32DC-8E3D-FB4253EA55FE}.release|x64.ActiveCfg = release|x64
		{1D1D31C5-5595-32DC-8E3D-FB4253EA55FE}.release|x64.Build.0 = release|x64
		{EB21D047-AEC7-3EAE-9BA7-B86153DBD4D6}.debug|x64.ActiveCfg = debug|x64
		{EB21D047-AEC7-3EAE-9BA7-B86153DBD4D6}.debug|x64.Build.0 = debug|x64
		{EB21D047-AEC7-3EAE-9BA7-B86153DBD4D6}.checked|x64.ActiveCfg = checked|x64
		{EB21D047-AEC7-3EAE-9BA7-B86153DBD4D6}.checked|x64.Build.0 = checked|x64
		{EB21D047-AEC7-3EAE-9BA7-B86153DBD4D6}.profile|x64.ActiveCfg = profile|x64
		{EB21D047-AEC7-3EAE-9BA7-B86153DBD4D6}.profile|x64.Build.0 = profile|x64
		{EB21D047-AEC7-3EAE-9BA7-B86153DBD4D6}.release|x64.ActiveCfg = release|x64
		{EB21D047-AEC7-3EAE-9BA7-B86153DBD4D6}.release|x64.Build.0 = release|x64
		{32463CBD-4C1B-3154-BA75-A82345C76BC5}.debug|x64.ActiveCfg = debug|x64
		{32463CBD-4C1B-3154-BA75-A82345C76BC5}.debug|x64.Build.0 = debug|x64
		{32463CBD-4C1B-3154-BA75-A82345C76BC5}.checked|x64.ActiveCfg = checked|x64
		{32463CBD-4C1B-3154-BA75-A82345C76BC5}.checked|x64.Build.0 = checked|x64
		{32463CBD-4C1B-3154-BA75-A82345C76BC5}.profile|x64.ActiveCfg = profile|x64
		{32463CBD-4C1B-3154-BA75-A82345C76BC5}.profile|x64.Build.0 = profile|x64
		{32463CBD-4C1B-3154-BA75-A82345C76BC5}.release|x64.ActiveCfg = release|x64
		{32463CBD-4C1B-3154-BA75-A82345C76BC5}.release|x64.Build.0 = release|x64
		{B5C84BC2-30EB-3D7D-8D2C-18D6CE62A769}.debug|x64.ActiveCfg = debug|x64
		{B5C84BC2-30EB-3D7D-8D2C-18D6CE62A769}.debug|x64.Build.0 = debug|x64
		{B5C84BC2-30EB-3D7D-8D2C-18D6CE62A769}.checked|x64.ActiveCfg = checked|x64
		{B5C84BC2-30EB-3D7D-8D2C-18D6CE62A769}.checked|x64.Build.0 = checked|x64
		{B5C84BC2-30EB-3D7D-8D2C-18D6CE62A769}.profile|x64.ActiveCfg = profile|x64
		{B5C84BC2-30EB-3D7D-8D2C-18D6CE62A769}.profile|x64.Build.0 = profile|x64
		{B5C84BC2-30EB-3D7D-8D2C-18D6CE62A769}.release|x64.ActiveCfg = release|x64
		{B5C84BC2-30EB-3D7D-8D2C-18D6CE62A769}.release|x64.Build.0 = release|x64
		{ADFC0E8C-700B-39A5-8A19-105F95D9FCEE}.debug|x64.ActiveCfg = debug|x64
		{ADFC0E8C-700B-39A5-8A19-105F95D9FCEE}.debug|x64.Build.0 = debug|x64
		{ADFC0E8C-700B-39A5-8A19-105F95D9FCEE}.checked|x64.ActiveCfg = checked|x64
		{ADFC0E8C-700B-39A5-8A19-105F95D9FCEE}.checked|x64.Build.0 = checked|x64
		{ADFC0E8C-700B-39A5-8A19-105F95D9FCEE}.profile|x64.ActiveCfg = profile|x64
		{ADFC0E8C-700B-39A5-8A19-105F95D9FCEE}.profile|x64.Build.0 = profile|x64
		{ADFC0E8C-700B-39A5-8A19-105F95D9FCEE}.release|x64.ActiveCfg = release|x64
		{ADFC0E8C-700B-39A5-8A19-105F95D9FCEE}.release|x64.Build.0 = release|x64
		{7F44B4DF-7C35-3573-A789-C1B8EE6DCED9}.debug|x64.ActiveCfg = debug|x64
		{7F44B4DF-7C35-3573-A789-C1B8EE6DCED9}.debug|x64.Build.0 = debug|x64
		{7F44B4DF-7C35-3573-A789-C1B8EE6DCED9}.checked|x64.ActiveCfg = checked|x64
		{7F44B4DF-7C35-3573-A789-C1B8EE6DCED9}.checked|x64.Build.0 = checked|x64
		{7F44B4DF-7C35-3573-A789-C1B8EE6DCED9}.profile|x64.ActiveCfg = profile|x64
		{7F44B4DF-7C35-3573-A789-C1B8EE6DCED9}.profile|x64.Build.0 = profile|x64
		{7F44B4DF-7C35-3573-A789-C1B8EE6DCED9}.release|x64.ActiveCfg = release|x64
		{7F44B4DF-7C35-3573-A789-C1B8EE6DCED9}.release|x64.Build.0 = release|x64
		{624C4436-EB3C-3A09-BF8B-276BF038559B}.debug|x64.ActiveCfg = debug|x64
		{624C4436-EB3C-3A09-BF8B-276BF038559B}.debug|x64.Build.0 = debug|x64
		{624C4436-EB3C-3A09-BF8B-276BF038559B}.checked|x64.ActiveCfg = checked|x64
		{624C4436-EB3C-3A09-BF8B-276BF038559B}.checked|x64.Build.0 = checked|x64
		{624C4436-EB3C-3A09-BF8B-276BF038559B}.profile|x64.ActiveCfg = profile|x64
		{624C4436-EB3C-3A09-BF8B-276BF038559B}.profile|x64.Build.0 = profile|x64
		{624C4436-EB3C-3A09-BF8B-276BF038559B}.release|x64.ActiveCfg = release|x64
		{624C4436-EB3C-3A09-BF8B-276BF038559B}.release|x64.Build.0 = release|x64
		{3882BF1C-6783-31ED-9AFB-38FD438626AE}.debug|x64.ActiveCfg = debug|x64
		{3882BF1C-6783-31ED-9AFB-38FD438626AE}.debug|x64.Build.0 = debug|x64
		{3882BF1C-6783-31ED-9AFB-38FD438626AE}.checked|x64.ActiveCfg = checked|x64
		{3882BF1C-6783-31ED-9AFB-38FD438626AE}.checked|x64.Build.0 = checked|x64
		{3882BF1C-6783-31ED-9AFB-38FD438626AE}.profile|x64.ActiveCfg = profile|x64
		{3882BF1C-6783-31ED-9AFB-38FD438626AE}.profile|x64.Build.0 = profile|x64
		{3882BF1C-6783-31ED-9AFB-38FD438626AE}.release|x64.ActiveCfg = release|x64
		{3882BF1C-6783-31ED-9AFB-38FD438626AE}.release|x64.Build.0 = release|x64
		{5E1218D6-F1C1-33C3-B9A1-087C33FF6E81}.debug|x64.ActiveCfg = debug|x64
		{5E1218D6-F1C1-33C3-B9A1-087C33FF6E81}.debug|x64.Build.0 = debug|x64
		{5E1218D6-F1C1-33C3-B9A1-087C33FF6E81}.checked|x64.ActiveCfg = checked|x64
		{5E1218D6-F1C1-33C3-B9A1-087C33FF6E81}.checked|x64.Build.0 = checked|x64
		{5E1218D6-F1C1-33C3-B9A1-087C33FF6E81}.profile|x64.ActiveCfg = profile|x64
		{5E1218D6-F1C1-33C3-B9A1-087C33FF6E81}.profile|x64.Build.0 = profile|x64
		{5E1218D6-F1C1-33C3-B9A1-087C33FF6E81}.release|x64.ActiveCfg = release|x64
		{5E1218D6-F1C1-33C3-B9A1-087C33FF6E81}.release|x64.Build.0 = release|x64
		{ADDC563D-76A1-32FB-9A94-0465FE5CBB23}.debug|x64.ActiveCfg = debug|x64
		{ADDC563D-76A1-32FB-9A94-0465FE5CBB23}.debug|x64.Build.0 = debug|x64
		{ADDC563D-76A1-32FB-9A94-0465FE5CBB23}.checked|x64.ActiveCfg = checked|x64
		{ADDC563D-76A1-32FB-9A94-0465FE5CBB23}.checked|x64.Build.0 = checked|x64
		{ADDC563D-76A1-32FB-9A94-0465FE5CBB23}.profile|x64.ActiveCfg = profile|x64
		{ADDC563D-76A1-32FB-9A94-0465FE5CBB23}.profile|x64.Build.0 = profile|x64
		{ADDC563D-76A1-32FB-9A94-0465FE5CBB23}.release|x64.ActiveCfg = release|x64
		{ADDC563D-76A1-32FB-9A94-0465FE5CBB23}.release|x64.Build.0 = release|x64
		{BC3F31B8-4861-3D2B-BA94-408E975C8116}.debug|x64.ActiveCfg = debug|x64
		{BC3F31B8-4861-3D2B-BA94-408E975C8116}.debug|x64.Build.0 = debug|x64
		{BC3F31B8-4861-3D2B-BA94-408E975C8116}.checked|x64.ActiveCfg = checked|x64
		{BC3F31B8-4861-3D2B-BA94-408E975C8116}.checked|x64.Build.0 = checked|x64
		{BC3F31B8-4861-3D2B-BA94-408E975C8116}.profile|x64.ActiveCfg = profile|x64
		{BC3F31B8-4861-3D2B-BA94-408E975C8116}.profile|x64.Build.0 = profile|x64
		{BC3F31B8-4861-3D2B-BA94-408E975C8116}.release|x64.ActiveCfg = release|x64
		{BC3F31B8-4861-3D2B-BA94-408E975C8116}.release|x64.Build.0 = release|x64
		{5500062C-BD55-3828-AAE1-716C8D97EC9B}.debug|x64.ActiveCfg = debug|x64
		{5500062C-BD55-3828-AAE1-716C8D97EC9B}.debug|x64.Build.0 = debug|x64
		{5500062C-BD55-3828-AAE1-716C8D97EC9B}.checked|x64.ActiveCfg = checked|x64
		{5500062C-BD55-3828-AAE1-716C8D97EC9B}.checked|x64.Build.0 = checked|x64
		{5500062C-BD55-3828-AAE1-716C8D97EC9B}.profile|x64.ActiveCfg = profile|x64
		{5500062C-BD55-3828-AAE1-716C8D97EC9B}.profile|x64.Build.0 = profile|x64
		{5500062C-BD55-3828-AAE1-716C8D97EC9B}.release|x64.ActiveCfg = release|x64
		{5500062C-BD55-3828-AAE1-716C8D97EC9B}.release|x64.Build.0 = release|x64
		{9664B54C-B211-3972-81E7-C3BC05218758}.debug|x64.ActiveCfg = debug|x64
		{9664B54C-B211-3972-81E7-C3BC05218758}.debug|x64.Build.0 = debug|x64
		{9664B54C-B211-3972-81E7-C3BC05218758}.checked|x64.ActiveCfg = checked|x64
		{9664B54C-B211-3972-81E7-C3BC05218758}.checked|x64.Build.0 = checked|x64
		{9664B54C-B211-3972-81E7-C3BC05218758}.profile|x64.ActiveCfg = profile|x64
		{9664B54C-B211-3972-81E7-C3BC05218758}.profile|x64.Build.0 = profile|x64
		{9664B54C-B211-3972-81E7-C3BC05218758}.release|x64.ActiveCfg = release|x64
		{9664B54C-B211-3972-81E7-C3BC05218758}.release|x64.Build.0 = release|x64
		{095B38BC-B295-326F-9AB3-40B4F6F83B3F}.debug|x64.ActiveCfg = debug|x64
		{095B38BC-B295-326F-9AB3-40B4F6F83B3F}.debug|x64.Build.0 = debug|x64
		{095B38BC-B295-326F-9AB3-40B4F6F83B3F}.checked|x64.ActiveCfg = checked|x64
		{095B38BC-B295-326F-9AB3-40B4F6F83B3F}.checked|x64.Build.0 = checked|x64
		{095B38BC-B295-326F-9AB3-40B4F6F83B3F}.profile|x64.ActiveCfg = profile|x64
		{095B38BC-B295-326F-9AB3-40B4F6F83B3F}.profile|x64.Build.0 = profile|x64
		{095B38BC-B295-326F-9AB3-40B4F6F83B3F}.release|x64.ActiveCfg = release|x64
		{095B38BC-B295-326F-9AB3-40B4F6F83B3F}.release|x64.Build.0 = release|x64
		{B9A001C5-1045-3B80-BA41-9F9B39BD837E}.debug|x64.ActiveCfg = debug|x64
		{B9A001C5-1045-3B80-BA41-9F9B39BD837E}.debug|x64.Build.0 = debug|x64
		{B9A001C5-1045-3B80-BA41-9F9B39BD837E}.checked|x64.ActiveCfg = checked|x64
		{B9A001C5-1045-3B80-BA41-9F9B39BD837E}.checked|x64.Build.0 = checked|x64
		{B9A001C5-1045-3B80-BA41-9F9B39BD837E}.profile|x64.ActiveCfg = profile|x64
		{B9A001C5-1045-3B80-BA41-9F9B39BD837E}.profile|x64.Build.0 = profile|x64
		{B9A001C5-1045-3B80-BA41-9F9B39BD837E}.release|x64.ActiveCfg = release|x64
		{B9A001C5-1045-3B80-BA41-9F9B39BD837E}.release|x64.Build.0 = release|x64
		{7956A48D-0CED-35C6-8658-6E995E22DFA6}.debug|x64.ActiveCfg = debug|x64
		{7956A48D-0CED-35C6-8658-6E995E22DFA6}.debug|x64.Build.0 = debug|x64
		{7956A48D-0CED-35C6-8658-6E995E22DFA6}.checked|x64.ActiveCfg = checked|x64
		{7956A48D-0CED-35C6-8658-6E995E22DFA6}.checked|x64.Build.0 = checked|x64
		{7956A48D-0CED-35C6-8658-6E995E22DFA6}.profile|x64.ActiveCfg = profile|x64
		{7956A48D-0CED-35C6-8658-6E995E22DFA6}.profile|x64.Build.0 = profile|x64
		{7956A48D-0CED-35C6-8658-6E995E22DFA6}.release|x64.ActiveCfg = release|x64
		{7956A48D-0CED-35C6-8658-6E995E22DFA6}.release|x64.Build.0 = release|x64
		{2608A5EC-BB87-3C37-A5B0-F8ABE5397C3B}.debug|x64.ActiveCfg = debug|x64
		{2608A5EC-BB87-3C37-A5B0-F8ABE5397C3B}.debug|x64.Build.0 = debug|x64
		{2608A5EC-BB87-3C37-A5B0-F8ABE5397C3B}.checked|x64.ActiveCfg = checked|x64
		{2608A5EC-BB87-3C37-A5B0-F8ABE5397C3B}.checked|x64.Build.0 = checked|x64
		{2608A5EC-BB87-3C37-A5B0-F8ABE5397C3B}.profile|x64.ActiveCfg = profile|x64
		{2608A5EC-BB87-3C37-A5B0-F8ABE5397C3B}.profile|x64.Build.0 = profile|x64
		{2608A5EC-BB87-3C37-A5B0-F8ABE5397C3B}.release|x64.ActiveCfg = release|x64
		{2608A5EC-BB87-3C37-A5B0-F8ABE5397C3B}.release|x64.Build.0 = release|x64
		{6488AE70-CDE0-3720-AC42-84201A2DBABC}.debug|x64.ActiveCfg = debug|x64
		{6488AE70-CDE0-3720-AC42-84201A2DBABC}.debug|x64.Build.0 = debug|x64
		{6488AE70-CDE0-3720-AC42-84201A2DBABC}.checked|x64.ActiveCfg = checked|x64
		{6488AE70-CDE0-3720-AC42-84201A2DBABC}.checked|x64.Build.0 = checked|x64
		{6488AE70-CDE0-3720-AC42-84201A2DBABC}.profile|x64.ActiveCfg = profile|x64
		{6488AE70-CDE0-3720-AC42-84201A2DBABC}.profile|x64.Build.0 = profile|x64
		{6488AE70-CDE0-3720-AC42-84201A2DBABC}.release|x64.ActiveCfg = release|x64
		{6488AE70-CDE0-3720-AC42-84201A2DBABC}.release|x64.Build.0 = release|x64
		{C89260CF-9AEE-39C4-87D1-44F2F3D796ED}.debug|x64.ActiveCfg = debug|x64
		{C89260CF-9AEE-39C4-87D1-44F2F3D796ED}.debug|x64.Build.0 = debug|x64
		{C89260CF-9AEE-39C4-87D1-44F2F3D796ED}.checked|x64.ActiveCfg = checked|x64
		{C89260CF-9AEE-39C4-87D1-44F2F3D796ED}.checked|x64.Build.0 = checked|x64
		{C89260CF-9AEE-39C4-87D1-44F2F3D796ED}.profile|x64.ActiveCfg = profile|x64
		{C89260CF-9AEE-39C4-87D1-44F2F3D796ED}.profile|x64.Build.0 = profile|x64
		{C89260CF-9AEE-39C4-87D1-44F2F3D796ED}.release|x64.ActiveCfg = release|x64
		{C89260CF-9AEE-39C4-87D1-44F2F3D796ED}.release|x64.Build.0 = release|x64
		{007F089E-3E8B-389A-9FF3-164A6496339F}.debug|x64.ActiveCfg = debug|x64
		{007F089E-3E8B-389A-9FF3-164A6496339F}.debug|x64.Build.0 = debug|x64
		{007F089E-3E8B-389A-9FF3-164A6496339F}.checked|x64.ActiveCfg = checked|x64
		{007F089E-3E8B-389A-9FF3-164A6496339F}.checked|x64.Build.0 = checked|x64
		{007F089E-3E8B-389A-9FF3-164A6496339F}.profile|x64.ActiveCfg = profile|x64
		{007F089E-3E8B-389A-9FF3-164A6496339F}.profile|x64.Build.0 = profile|x64
		{007F089E-3E8B-389A-9FF3-164A6496339F}.release|x64.ActiveCfg = release|x64
		{007F089E-3E8B-389A-9FF3-164A6496339F}.release|x64.Build.0 = release|x64
		{03005B3B-3D2D-31DC-9167-40EAC1C048B1}.debug|x64.ActiveCfg = debug|x64
		{03005B3B-3D2D-31DC-9167-40EAC1C048B1}.debug|x64.Build.0 = debug|x64
		{03005B3B-3D2D-31DC-9167-40EAC1C048B1}.checked|x64.ActiveCfg = checked|x64
		{03005B3B-3D2D-31DC-9167-40EAC1C048B1}.checked|x64.Build.0 = checked|x64
		{03005B3B-3D2D-31DC-9167-40EAC1C048B1}.profile|x64.ActiveCfg = profile|x64
		{03005B3B-3D2D-31DC-9167-40EAC1C048B1}.profile|x64.Build.0 = profile|x64
		{03005B3B-3D2D-31DC-9167-40EAC1C048B1}.release|x64.ActiveCfg = release|x64
		{03005B3B-3D2D-31DC-9167-40EAC1C048B1}.release|x64.Build.0 = release|x64
		{CCFA4E86-B9DA-3EBE-A39D-EC9FF12819E5}.debug|x64.ActiveCfg = debug|x64
		{CCFA4E86-B9DA-3EBE-A39D-EC9FF12819E5}.debug|x64.Build.0 = debug|x64
		{CCFA4E86-B9DA-3EBE-A39D-EC9FF12819E5}.checked|x64.ActiveCfg = checked|x64
		{CCFA4E86-B9DA-3EBE-A39D-EC9FF12819E5}.checked|x64.Build.0 = checked|x64
		{CCFA4E86-B9DA-3EBE-A39D-EC9FF12819E5}.profile|x64.ActiveCfg = profile|x64
		{CCFA4E86-B9DA-3EBE-A39D-EC9FF12819E5}.profile|x64.Build.0 = profile|x64
		{CCFA4E86-B9DA-3EBE-A39D-EC9FF12819E5}.release|x64.ActiveCfg = release|x64
		{CCFA4E86-B9DA-3EBE-A39D-EC9FF12819E5}.release|x64.Build.0 = release|x64
		{62B21480-D5F5-323B-A534-A2628A18D2C5}.debug|x64.ActiveCfg = debug|x64
		{62B21480-D5F5-323B-A534-A2628A18D2C5}.debug|x64.Build.0 = debug|x64
		{62B21480-D5F5-323B-A534-A2628A18D2C5}.checked|x64.ActiveCfg = checked|x64
		{62B21480-D5F5-323B-A534-A2628A18D2C5}.checked|x64.Build.0 = checked|x64
		{62B21480-D5F5-323B-A534-A2628A18D2C5}.profile|x64.ActiveCfg = profile|x64
		{62B21480-D5F5-323B-A534-A2628A18D2C5}.profile|x64.Build.0 = profile|x64
		{62B21480-D5F5-323B-A534-A2628A18D2C5}.release|x64.ActiveCfg = release|x64
		{62B21480-D5F5-323B-A534-A2628A18D2C5}.release|x64.Build.0 = release|x64
		{3A4C1719-BAFE-3757-AE95-447D69C7B188}.debug|x64.ActiveCfg = debug|x64
		{3A4C1719-BAFE-3757-AE95-447D69C7B188}.debug|x64.Build.0 = debug|x64
		{3A4C1719-BAFE-3757-AE95-447D69C7B188}.checked|x64.ActiveCfg = checked|x64
		{3A4C1719-BAFE-3757-AE95-447D69C7B188}.checked|x64.Build.0 = checked|x64
		{3A4C1719-BAFE-3757-AE95-447D69C7B188}.profile|x64.ActiveCfg = profile|x64
		{3A4C1719-BAFE-3757-AE95-447D69C7B188}.profile|x64.Build.0 = profile|x64
		{3A4C1719-BAFE-3757-AE95-447D69C7B188}.release|x64.ActiveCfg = release|x64
		{3A4C1719-BAFE-3757-AE95-447D69C7B188}.release|x64.Build.0 = release|x64
		{172C87F2-FBF2-3951-A3EC-9714A1004A64}.debug|x64.ActiveCfg = debug|x64
		{172C87F2-FBF2-3951-A3EC-9714A1004A64}.debug|x64.Build.0 = debug|x64
		{172C87F2-FBF2-3951-A3EC-9714A1004A64}.checked|x64.ActiveCfg = checked|x64
		{172C87F2-FBF2-3951-A3EC-9714A1004A64}.checked|x64.Build.0 = checked|x64
		{172C87F2-FBF2-3951-A3EC-9714A1004A64}.profile|x64.ActiveCfg = profile|x64
		{172C87F2-FBF2-3951-A3EC-9714A1004A64}.profile|x64.Build.0 = profile|x64
		{172C87F2-FBF2-3951-A3EC-9714A1004A64}.release|x64.ActiveCfg = release|x64
		{172C87F2-FBF2-3951-A3EC-9714A1004A64}.release|x64.Build.0 = release|x64
		{2DA8A484-3C8A-35A6-A15C-E8CC3C556E7F}.debug|x64.ActiveCfg = debug|x64
		{2DA8A484-3C8A-35A6-A15C-E8CC3C556E7F}.debug|x64.Build.0 = debug|x64
		{2DA8A484-3C8A-35A6-A15C-E8CC3C556E7F}.checked|x64.ActiveCfg = checked|x64
		{2DA8A484-3C8A-35A6-A15C-E8CC3C556E7F}.checked|x64.Build.0 = checked|x64
		{2DA8A484-3C8A-35A6-A15C-E8CC3C556E7F}.profile|x64.ActiveCfg = profile|x64
		{2DA8A484-3C8A-35A6-A15C-E8CC3C556E7F}.profile|x64.Build.0 = profile|x64
		{2DA8A484-3C8A-35A6-A15C-E8CC3C556E7F}.release|x64.ActiveCfg = release|x64
		{2DA8A484-3C8A-35A6-A15C-E8CC3C556E7F}.release|x64.Build.0 = release|x64
		{3D66A8A6-48C0-31CF-A036-5F0E7E6F5950}.debug|x64.ActiveCfg = debug|x64
		{3D66A8A6-48C0-31CF-A036-5F0E7E6F5950}.debug|x64.Build.0 = debug|x64
		{3D66A8A6-48C0-31CF-A036-5F0E7E6F5950}.checked|x64.ActiveCfg = checked|x64
		{3D66A8A6-48C0-31CF-A036-5F0E7E6F5950}.checked|x64.Build.0 = checked|x64
		{3D66A8A6-48C0-31CF-A036-5F0E7E6F5950}.profile|x64.ActiveCfg = profile|x64
		{3D66A8A6-48C0-31CF-A036-5F0E7E6F5950}.profile|x64.Build.0 = profile|x64
		{3D66A8A6-48C0-31CF-A036-5F0E7E6F5950}.release|x64.ActiveCfg = release|x64
		{3D66A8A6-48C0-31CF-A036-5F0E7E6F5950}.release|x64.Build.0 = release|x64
		{1F70CD44-199F-307F-8AC9-DF4E9E20E690}.debug|x64.ActiveCfg = debug|x64
		{1F70CD44-199F-307F-8AC9-DF4E9E20E690}.debug|x64.Build.0 = debug|x64
		{1F70CD44-199F-307F-8AC9-DF4E9E20E690}.checked|x64.ActiveCfg = checked|x64
		{1F70CD44-199F-307F-8AC9-DF4E9E20E690}.checked|x64.Build.0 = checked|x64
		{1F70CD44-199F-307F-8AC9-DF4E9E20E690}.profile|x64.ActiveCfg = profile|x64
		{1F70CD44-199F-307F-8AC9-DF4E9E20E690}.profile|x64.Build.0 = profile|x64
		{1F70CD44-199F-307F-8AC9-DF4E9E20E690}.release|x64.ActiveCfg = release|x64
		{1F70CD44-199F-307F-8AC9-DF4E9E20E690}.release|x64.Build.0 = release|x64
		{A0817DA4-240B-379E-A55F-60A600463E42}.debug|x64.ActiveCfg = debug|x64
		{A0817DA4-240B-379E-A55F-60A600463E42}.debug|x64.Build.0 = debug|x64
		{A0817DA4-240B-379E-A55F-60A600463E42}.checked|x64.ActiveCfg = checked|x64
		{A0817DA4-240B-379E-A55F-60A600463E42}.checked|x64.Build.0 = checked|x64
		{A0817DA4-240B-379E-A55F-60A600463E42}.profile|x64.ActiveCfg = profile|x64
		{A0817DA4-240B-379E-A55F-60A600463E42}.profile|x64.Build.0 = profile|x64
		{A0817DA4-240B-379E-A55F-60A600463E42}.release|x64.ActiveCfg = release|x64
		{A0817DA4-240B-379E-A55F-60A600463E42}.release|x64.Build.0 = release|x64
		{088AE126-C73F-327D-9499-646DFF74B668}.debug|x64.ActiveCfg = debug|x64
		{088AE126-C73F-327D-9499-646DFF74B668}.debug|x64.Build.0 = debug|x64
		{088AE126-C73F-327D-9499-646DFF74B668}.checked|x64.ActiveCfg = checked|x64
		{088AE126-C73F-327D-9499-646DFF74B668}.checked|x64.Build.0 = checked|x64
		{088AE126-C73F-327D-9499-646DFF74B668}.profile|x64.ActiveCfg = profile|x64
		{088AE126-C73F-327D-9499-646DFF74B668}.profile|x64.Build.0 = profile|x64
		{088AE126-C73F-327D-9499-646DFF74B668}.release|x64.ActiveCfg = release|x64
		{088AE126-C73F-327D-9499-646DFF74B668}.release|x64.Build.0 = release|x64
		{1F7C2F36-74AC-3041-BC77-B6ED23E82D85}.debug|x64.ActiveCfg = debug|x64
		{1F7C2F36-74AC-3041-BC77-B6ED23E82D85}.debug|x64.Build.0 = debug|x64
		{1F7C2F36-74AC-3041-BC77-B6ED23E82D85}.checked|x64.ActiveCfg = checked|x64
		{1F7C2F36-74AC-3041-BC77-B6ED23E82D85}.checked|x64.Build.0 = checked|x64
		{1F7C2F36-74AC-3041-BC77-B6ED23E82D85}.profile|x64.ActiveCfg = profile|x64
		{1F7C2F36-74AC-3041-BC77-B6ED23E82D85}.profile|x64.Build.0 = profile|x64
		{1F7C2F36-74AC-3041-BC77-B6ED23E82D85}.release|x64.ActiveCfg = release|x64
		{1F7C2F36-74AC-3041-BC77-B6ED23E82D85}.release|x64.Build.0 = release|x64
		{1D8FEE91-DDAB-331C-8E78-CC2A7AE6C9E7}.debug|x64.ActiveCfg = debug|x64
		{1D8FEE91-DDAB-331C-8E78-CC2A7AE6C9E7}.debug|x64.Build.0 = debug|x64
		{1D8FEE91-DDAB-331C-8E78-CC2A7AE6C9E7}.checked|x64.ActiveCfg = checked|x64
		{1D8FEE91-DDAB-331C-8E78-CC2A7AE6C9E7}.checked|x64.Build.0 = checked|x64
		{1D8FEE91-DDAB-331C-8E78-CC2A7AE6C9E7}.profile|x64.ActiveCfg = profile|x64
		{1D8FEE91-DDAB-331C-8E78-CC2A7AE6C9E7}.profile|x64.Build.0 = profile|x64
		{1D8FEE91-DDAB-331C-8E78-CC2A7AE6C9E7}.release|x64.ActiveCfg = release|x64
		{1D8FEE91-DDAB-331C-8E78-CC2A7AE6C9E7}.release|x64.Build.0 = release|x64
		{9FEB1F98-8984-3C72-AAB6-19F1BE59F427}.debug|x64.ActiveCfg = debug|x64
		{9FEB1F98-8984-3C72-AAB6-19F1BE59F427}.debug|x64.Build.0 = debug|x64
		{9FEB1F98-8984-3C72-AAB6-19F1BE59F427}.checked|x64.ActiveCfg = checked|x64
		{9FEB1F98-8984-3C72-AAB6-19F1BE59F427}.checked|x64.Build.0 = checked|x64
		{9FEB1F98-8984-3C72-AAB6-19F1BE59F427}.profile|x64.ActiveCfg = profile|x64
		{9FEB1F98-8984-3C72-AAB6-19F1BE59F427}.profile|x64.Build.0 = profile|x64
		{9FEB1F98-8984-3C72-AAB6-19F1BE59F427}.release|x64.ActiveCfg = release|x64
		{9FEB1F98-8984-3C72-AAB6-19F1BE59F427}.release|x64.Build.0 = release|x64
		{C3F2D8EC-1CBE-3DD1-9C9B-6466A626BE7F}.debug|x64.ActiveCfg = debug|x64
		{C3F2D8EC-1CBE-3DD1-9C9B-6466A626BE7F}.debug|x64.Build.0 = debug|x64
		{C3F2D8EC-1CBE-3DD1-9C9B-6466A626BE7F}.checked|x64.ActiveCfg = checked|x64
		{C3F2D8EC-1CBE-3DD1-9C9B-6466A626BE7F}.checked|x64.Build.0 = checked|x64
		{C3F2D8EC-1CBE-3DD1-9C9B-6466A626BE7F}.profile|x64.ActiveCfg = profile|x64
		{C3F2D8EC-1CBE-3DD1-9C9B-6466A626BE7F}.profile|x64.Build.0 = profile|x64
		{C3F2D8EC-1CBE-3DD1-9C9B-6466A626BE7F}.release|x64.ActiveCfg = release|x64
		{C3F2D8EC-1CBE-3DD1-9C9B-6466A626BE7F}.release|x64.Build.0 = release|x64
		{0438A6DB-E258-328E-BDB1-01A9A076B225}.debug|x64.ActiveCfg = debug|x64
		{0438A6DB-E258-328E-BDB1-01A9A076B225}.debug|x64.Build.0 = debug|x64
		{0438A6DB-E258-328E-BDB1-01A9A076B225}.checked|x64.ActiveCfg = checked|x64
		{0438A6DB-E258-328E-BDB1-01A9A076B225}.checked|x64.Build.0 = checked|x64
		{0438A6DB-E258-328E-BDB1-01A9A076B225}.profile|x64.ActiveCfg = profile|x64
		{0438A6DB-E258-328E-BDB1-01A9A076B225}.profile|x64.Build.0 = profile|x64
		{0438A6DB-E258-328E-BDB1-01A9A076B225}.release|x64.ActiveCfg = release|x64
		{0438A6DB-E258-328E-BDB1-01A9A076B225}.release|x64.Build.0 = release|x64
		{F32F9BDA-7C35-388C-9089-219308DFA712}.debug|x64.ActiveCfg = debug|x64
		{F32F9BDA-7C35-388C-9089-219308DFA712}.debug|x64.Build.0 = debug|x64
		{F32F9BDA-7C35-388C-9089-219308DFA712}.checked|x64.ActiveCfg = checked|x64
		{F32F9BDA-7C35-388C-9089-219308DFA712}.checked|x64.Build.0 = checked|x64
		{F32F9BDA-7C35-388C-9089-219308DFA712}.profile|x64.ActiveCfg = profile|x64
		{F32F9BDA-7C35-388C-9089-219308DFA712}.profile|x64.Build.0 = profile|x64
		{F32F9BDA-7C35-388C-9089-219308DFA712}.release|x64.ActiveCfg = release|x64
		{F32F9BDA-7C35-388C-9089-219308DFA712}.release|x64.Build.0 = release|x64
		{815BECFF-2A17-3D91-963D-BDAA0474962F}.debug|x64.ActiveCfg = debug|x64
		{815BECFF-2A17-3D91-963D-BDAA0474962F}.debug|x64.Build.0 = debug|x64
		{815BECFF-2A17-3D91-963D-BDAA0474962F}.checked|x64.ActiveCfg = checked|x64
		{815BECFF-2A17-3D91-963D-BDAA0474962F}.checked|x64.Build.0 = checked|x64
		{815BECFF-2A17-3D91-963D-BDAA0474962F}.profile|x64.ActiveCfg = profile|x64
		{815BECFF-2A17-3D91-963D-BDAA0474962F}.profile|x64.Build.0 = profile|x64
		{815BECFF-2A17-3D91-963D-BDAA0474962F}.release|x64.ActiveCfg = release|x64
		{815BECFF-2A17-3D91-963D-BDAA0474962F}.release|x64.Build.0 = release|x64
		{01ED3653-64F8-3B66-8252-1D19868702AF}.debug|x64.ActiveCfg = debug|x64
		{01ED3653-64F8-3B66-8252-1D19868702AF}.debug|x64.Build.0 = debug|x64
		{01ED3653-64F8-3B66-8252-1D19868702AF}.checked|x64.ActiveCfg = checked|x64
		{01ED3653-64F8-3B66-8252-1D19868702AF}.checked|x64.Build.0 = checked|x64
		{01ED3653-64F8-3B66-8252-1D19868702AF}.profile|x64.ActiveCfg = profile|x64
		{01ED3653-64F8-3B66-8252-1D19868702AF}.profile|x64.Build.0 = profile|x64
		{01ED3653-64F8-3B66-8252-1D19868702AF}.release|x64.ActiveCfg = release|x64
		{01ED3653-64F8-3B66-8252-1D19868702AF}.release|x64.Build.0 = release|x64
		{65989686-8317-30B6-B56B-217086C2CD1A}.debug|x64.ActiveCfg = debug|x64
		{65989686-8317-30B6-B56B-217086C2CD1A}.debug|x64.Build.0 = debug|x64
		{65989686-8317-30B6-B56B-217086C2CD1A}.checked|x64.ActiveCfg = checked|x64
		{65989686-8317-30B6-B56B-217086C2CD1A}.checked|x64.Build.0 = checked|x64
		{65989686-8317-30B6-B56B-217086C2CD1A}.profile|x64.ActiveCfg = profile|x64
		{65989686-8317-30B6-B56B-217086C2CD1A}.profile|x64.Build.0 = profile|x64
		{65989686-8317-30B6-B56B-217086C2CD1A}.release|x64.ActiveCfg = release|x64
		{65989686-8317-30B6-B56B-217086C2CD1A}.release|x64.Build.0 = release|x64
		{F9E2409F-C349-32D2-95A9-98820B7CAD3F}.debug|x64.ActiveCfg = debug|x64
		{F9E2409F-C349-32D2-95A9-98820B7CAD3F}.debug|x64.Build.0 = debug|x64
		{F9E2409F-C349-32D2-95A9-98820B7CAD3F}.checked|x64.ActiveCfg = checked|x64
		{F9E2409F-C349-32D2-95A9-98820B7CAD3F}.checked|x64.Build.0 = checked|x64
		{F9E2409F-C349-32D2-95A9-98820B7CAD3F}.profile|x64.ActiveCfg = profile|x64
		{F9E2409F-C349-32D2-95A9-98820B7CAD3F}.profile|x64.Build.0 = profile|x64
		{F9E2409F-C349-32D2-95A9-98820B7CAD3F}.release|x64.ActiveCfg = release|x64
		{F9E2409F-C349-32D2-95A9-98820B7CAD3F}.release|x64.Build.0 = release|x64
	EndGlobalSection
	GlobalSection(NestedProjects) = preSolution
		{6395FA5E-BC24-3558-B08E-8D230B91C24F} = {271266C4-88CA-361D-82FA-6EFC6B4971C8}
		{68201E88-F1FD-3199-BE8E-77A088643EA1} = {271266C4-88CA-361D-82FA-6EFC6B4971C8}
		{F9E2409F-C349-32D2-95A9-98820B7CAD3F} = {271266C4-88CA-361D-82FA-6EFC6B4971C8}
		{5EB29DC9-B698-3715-8E28-8895666A586C} = {FFCCA6EE-C588-3744-9EA6-D7D4CF5DA97A}
		{856AE173-888D-389E-A0AA-749C41332324} = {FFCCA6EE-C588-3744-9EA6-D7D4CF5DA97A}
		{7EE0A3F4-3EBA-3470-B747-FCF41CEA3A64} = {FFCCA6EE-C588-3744-9EA6-D7D4CF5DA97A}
		{9F48C299-C31E-3DA6-B5F5-F45F8DB800E7} = {FFCCA6EE-C588-3744-9EA6-D7D4CF5DA97A}
		{32A9C81D-7CA4-39EA-981C-B72D03C21078} = {FFCCA6EE-C588-3744-9EA6-D7D4CF5DA97A}
		{27613C86-6E1D-32EA-A261-4456639CB5E2} = {FFCCA6EE-C588-3744-9EA6-D7D4CF5DA97A}
		{D36C5C17-BFA3-31B7-B8A1-D3071EA973DD} = {FFCCA6EE-C588-3744-9EA6-D7D4CF5DA97A}
		{E9CE27D1-BC67-3326-8AE0-DF9EE8F623DD} = {FFCCA6EE-C588-3744-9EA6-D7D4CF5DA97A}
		{1C69FD33-ABB5-3EA6-882D-15D6245C8749} = {FFCCA6EE-C588-3744-9EA6-D7D4CF5DA97A}
		{49A8D320-784D-33BD-842D-ADF98C0A4046} = {FFCCA6EE-C588-3744-9EA6-D7D4CF5DA97A}
		{F379097F-1CA8-3486-AB81-0946E4393AA1} = {FFCCA6EE-C588-3744-9EA6-D7D4CF5DA97A}
		{6FEB5587-8199-3F5B-88AE-72D4A3D0CE63} = {FFCCA6EE-C588-3744-9EA6-D7D4CF5DA97A}
		{02083156-18BE-3C2E-8AE8-EF75E16EB546} = {FFCCA6EE-C588-3744-9EA6-D7D4CF5DA97A}
		{EB21D047-AEC7-3EAE-9BA7-B86153DBD4D6} = {FFCCA6EE-C588-3744-9EA6-D7D4CF5DA97A}
		{32463CBD-4C1B-3154-BA75-A82345C76BC5} = {FFCCA6EE-C588-3744-9EA6-D7D4CF5DA97A}
		{51070F31-534D-356B-A82C-A9502D2A1548} = {AEFB3695-8431-3FDF-B48C-C3853EAE47E0}
		{BBF903AE-28AC-3BB9-BCC8-29BDA7781A4D} = {AEFB3695-8431-3FDF-B48C-C3853EAE47E0}
		{29B0BE29-7A64-3ADC-A847-BA6C62855D0C} = {AEFB3695-8431-3FDF-B48C-C3853EAE47E0}
		{C320E637-D770-369D-B89B-75085487F897} = {AEFB3695-8431-3FDF-B48C-C3853EAE47E0}
		{275E2E35-A30A-3A83-ACDF-449B61BDF430} = {AEFB3695-8431-3FDF-B48C-C3853EAE47E0}
		{1D1D31C5-5595-32DC-8E3D-FB4253EA55FE} = {AEFB3695-8431-3FDF-B48C-C3853EAE47E0}
		{B5C84BC2-30EB-3D7D-8D2C-18D6CE62A769} = {1E1C7F3B-6B4E-3C07-A5C6-5C2391B242B7}
		{ADFC0E8C-700B-39A5-8A19-105F95D9FCEE} = {1E1C7F3B-6B4E-3C07-A5C6-5C2391B242B7}
		{7F44B4DF-7C35-3573-A789-C1B8EE6DCED9} = {1E1C7F3B-6B4E-3C07-A5C6-5C2391B242B7}
		{624C4436-EB3C-3A09-BF8B-276BF038559B} = {1E1C7F3B-6B4E-3C07-A5C6-5C2391B242B7}
		{3882BF1C-6783-31ED-9AFB-38FD438626AE} = {1E1C7F3B-6B4E-3C07-A5C6-5C2391B242B7}
		{5E1218D6-F1C1-33C3-B9A1-087C33FF6E81} = {1E1C7F3B-6B4E-3C07-A5C6-5C2391B242B7}
		{ADDC563D-76A1-32FB-9A94-0465FE5CBB23} = {1E1C7F3B-6B4E-3C07-A5C6-5C2391B242B7}
		{BC3F31B8-4861-3D2B-BA94-408E975C8116} = {1E1C7F3B-6B4E-3C07-A5C6-5C2391B242B7}
		{5500062C-BD55-3828-AAE1-716C8D97EC9B} = {1E1C7F3B-6B4E-3C07-A5C6-5C2391B242B7}
		{9664B54C-B211-3972-81E7-C3BC05218758} = {1E1C7F3B-6B4E-3C07-A5C6-5C2391B242B7}
		{095B38BC-B295-326F-9AB3-40B4F6F83B3F} = {1E1C7F3B-6B4E-3C07-A5C6-5C2391B242B7}
		{B9A001C5-1045-3B80-BA41-9F9B39BD837E} = {1E1C7F3B-6B4E-3C07-A5C6-5C2391B242B7}
		{7956A48D-0CED-35C6-8658-6E995E22DFA6} = {1E1C7F3B-6B4E-3C07-A5C6-5C2391B242B7}
		{2608A5EC-BB87-3C37-A5B0-F8ABE5397C3B} = {1E1C7F3B-6B4E-3C07-A5C6-5C2391B242B7}
		{6488AE70-CDE0-3720-AC42-84201A2DBABC} = {1E1C7F3B-6B4E-3C07-A5C6-5C2391B242B7}
		{C89260CF-9AEE-39C4-87D1-44F2F3D796ED} = {1E1C7F3B-6B4E-3C07-A5C6-5C2391B242B7}
		{007F089E-3E8B-389A-9FF3-164A6496339F} = {1E1C7F3B-6B4E-3C07-A5C6-5C2391B242B7}
		{03005B3B-3D2D-31DC-9167-40EAC1C048B1} = {1E1C7F3B-6B4E-3C07-A5C6-5C2391B242B7}
		{CCFA4E86-B9DA-3EBE-A39D-EC9FF12819E5} = {1E1C7F3B-6B4E-3C07-A5C6-5C2391B242B7}
		{62B21480-D5F5-323B-A534-A2628A18D2C5} = {1E1C7F3B-6B4E-3C07-A5C6-5C2391B242B7}
		{3A4C1719-BAFE-3757-AE95-447D69C7B188} = {1E1C7F3B-6B4E-3C07-A5C6-5C2391B242B7}
		{172C87F2-FBF2-3951-A3EC-9714A1004A64} = {1E1C7F3B-6B4E-3C07-A5C6-5C2391B242B7}
		{2DA8A484-3C8A-35A6-A15C-E8CC3C556E7F} = {1E1C7F3B-6B4E-3C07-A5C6-5C2391B242B7}
		{3D66A8A6-48C0-31CF-A036-5F0E7E6F5950} = {1E1C7F3B-6B4E-3C07-A5C6-5C2391B242B7}
		{1F70CD44-199F-307F-8AC9-DF4E9E20E690} = {1E1C7F3B-6B4E-3C07-A5C6-5C2391B242B7}
		{A0817DA4-240B-379E-A55F-60A600463E42} = {1E1C7F3B-6B4E-3C07-A5C6-5C2391B242B7}
		{088AE126-C73F-327D-9499-646DFF74B668} = {1E1C7F3B-6B4E-3C07-A5C6-5C2391B242B7}
		{1F7C2F36-74AC-3041-BC77-B6ED23E82D85} = {1E1C7F3B-6B4E-3C07-A5C6-5C2391B242B7}
		{1D8FEE91-DDAB-331C-8E78-CC2A7AE6C9E7} = {1E1C7F3B-6B4E-3C07-A5C6-5C2391B242B7}
		{9FEB1F98-8984-3C72-AAB6-19F1BE59F427} = {1E1C7F3B-6B4E-3C07-A5C6-5C2391B242B7}
		{C3F2D8EC-1CBE-3DD1-9C9B-6466A626BE7F} = {1E1C7F3B-6B4E-3C07-A5C6-5C2391B242B7}
		{0438A6DB-E258-328E-BDB1-01A9A076B225} = {1E1C7F3B-6B4E-3C07-A5C6-5C2391B242B7}
		{F32F9BDA-7C35-388C-9089-219308DFA712} = {1E1C7F3B-6B4E-3C07-A5C6-5C2391B242B7}
		{815BECFF-2A17-3D91-963D-BDAA0474962F} = {1E1C7F3B-6B4E-3C07-A5C6-5C2391B242B7}
		{01ED3653-64F8-3B66-8252-1D19868702AF} = {1E1C7F3B-6B4E-3C07-A5C6-5C2391B242B7}
		{65989686-8317-30B6-B56B-217086C2CD1A} = {1E1C7F3B-6B4E-3C07-A5C6-5C2391B242B7}
	EndGlobalSection
	GlobalSection(ExtensibilityGlobals) = postSolution
		SolutionGuid = {6A7DACB7-90E9-3E6F-8065-4E5186006628}
	EndGlobalSection
	GlobalSection(ExtensibilityAddIns) = postSolution
	EndGlobalSection
EndGlobal
